<?xml version="1.0" encoding="utf-8"?>
<Project ToolsVersion="17.0" xmlns="http://schemas.microsoft.com/developer/msbuild/2003">
  <ItemGroup>
    <ClCompile Include="C:\Users\rkiss\OneDrive\Documents\GitHub\autononymous.github.io\source\opencv2\modules\imgproc\CMakeFiles\opencv_perf_imgproc.dir\cmake_pch.cxx">
      <Filter>Source Files</Filter>
    </ClCompile>
    <ClCompile Include="C:\OpenCV\modules\imgproc\perf\opencl\perf_3vs4.cpp">
      <Filter>Src\opencl</Filter>
    </ClCompile>
    <ClCompile Include="C:\OpenCV\modules\imgproc\perf\opencl\perf_accumulate.cpp">
      <Filter>Src\opencl</Filter>
    </ClCompile>
    <ClCompile Include="C:\OpenCV\modules\imgproc\perf\opencl\perf_blend.cpp">
      <Filter>Src\opencl</Filter>
    </ClCompile>
    <ClCompile Include="C:\OpenCV\modules\imgproc\perf\opencl\perf_color.cpp">
      <Filter>Src\opencl</Filter>
    </ClCompile>
    <ClCompile Include="C:\OpenCV\modules\imgproc\perf\opencl\perf_filters.cpp">
      <Filter>Src\opencl</Filter>
    </ClCompile>
    <ClCompile Include="C:\OpenCV\modules\imgproc\perf\opencl\perf_gftt.cpp">
      <Filter>Src\opencl</Filter>
    </ClCompile>
    <ClCompile Include="C:\OpenCV\modules\imgproc\perf\opencl\perf_houghlines.cpp">
      <Filter>Src\opencl</Filter>
    </ClCompile>
    <ClCompile Include="C:\OpenCV\modules\imgproc\perf\opencl\perf_imgproc.cpp">
      <Filter>Src\opencl</Filter>
    </ClCompile>
    <ClCompile Include="C:\OpenCV\modules\imgproc\perf\opencl\perf_imgwarp.cpp">
      <Filter>Src\opencl</Filter>
    </ClCompile>
    <ClCompile Include="C:\OpenCV\modules\imgproc\perf\opencl\perf_matchTemplate.cpp">
      <Filter>Src\opencl</Filter>
    </ClCompile>
    <ClCompile Include="C:\OpenCV\modules\imgproc\perf\opencl\perf_moments.cpp">
      <Filter>Src\opencl</Filter>
    </ClCompile>
    <ClCompile Include="C:\OpenCV\modules\imgproc\perf\opencl\perf_pyramid.cpp">
      <Filter>Src\opencl</Filter>
    </ClCompile>
    <ClCompile Include="C:\OpenCV\modules\imgproc\perf\perf_accumulate.cpp">
      <Filter>Src</Filter>
    </ClCompile>
    <ClCompile Include="C:\OpenCV\modules\imgproc\perf\perf_bilateral.cpp">
      <Filter>Src</Filter>
    </ClCompile>
    <ClCompile Include="C:\OpenCV\modules\imgproc\perf\perf_blur.cpp">
      <Filter>Src</Filter>
    </ClCompile>
    <ClCompile Include="C:\OpenCV\modules\imgproc\perf\perf_canny.cpp">
      <Filter>Src</Filter>
    </ClCompile>
    <ClCompile Include="C:\OpenCV\modules\imgproc\perf\perf_contours.cpp">
      <Filter>Src</Filter>
    </ClCompile>
    <ClCompile Include="C:\OpenCV\modules\imgproc\perf\perf_corners.cpp">
      <Filter>Src</Filter>
    </ClCompile>
    <ClCompile Include="C:\OpenCV\modules\imgproc\perf\perf_cvt_color.cpp">
      <Filter>Src</Filter>
    </ClCompile>
    <ClCompile Include="C:\OpenCV\modules\imgproc\perf\perf_distanceTransform.cpp">
      <Filter>Src</Filter>
    </ClCompile>
    <ClCompile Include="C:\OpenCV\modules\imgproc\perf\perf_filter2d.cpp">
      <Filter>Src</Filter>
    </ClCompile>
    <ClCompile Include="C:\OpenCV\modules\imgproc\perf\perf_floodfill.cpp">
      <Filter>Src</Filter>
    </ClCompile>
    <ClCompile Include="C:\OpenCV\modules\imgproc\perf\perf_goodFeaturesToTrack.cpp">
      <Filter>Src</Filter>
    </ClCompile>
    <ClCompile Include="C:\OpenCV\modules\imgproc\perf\perf_histogram.cpp">
      <Filter>Src</Filter>
    </ClCompile>
    <ClCompile Include="C:\OpenCV\modules\imgproc\perf\perf_houghcircles.cpp">
      <Filter>Src</Filter>
    </ClCompile>
    <ClCompile Include="C:\OpenCV\modules\imgproc\perf\perf_houghlines.cpp">
      <Filter>Src</Filter>
    </ClCompile>
    <ClCompile Include="C:\OpenCV\modules\imgproc\perf\perf_integral.cpp">
      <Filter>Src</Filter>
    </ClCompile>
    <ClCompile Include="C:\OpenCV\modules\imgproc\perf\perf_intelligent_scissors.cpp">
      <Filter>Src</Filter>
    </ClCompile>
    <ClCompile Include="C:\OpenCV\modules\imgproc\perf\perf_main.cpp">
      <Filter>Src</Filter>
    </ClCompile>
    <ClCompile Include="C:\OpenCV\modules\imgproc\perf\perf_matchTemplate.cpp">
      <Filter>Src</Filter>
    </ClCompile>
    <ClCompile Include="C:\OpenCV\modules\imgproc\perf\perf_moments.cpp">
      <Filter>Src</Filter>
    </ClCompile>
    <ClCompile Include="C:\OpenCV\modules\imgproc\perf\perf_morph.cpp">
      <Filter>Src</Filter>
    </ClCompile>
    <ClCompile Include="C:\OpenCV\modules\imgproc\perf\perf_phasecorr.cpp">
      <Filter>Src</Filter>
    </ClCompile>
    <ClCompile Include="C:\OpenCV\modules\imgproc\perf\perf_pyramids.cpp">
      <Filter>Src</Filter>
    </ClCompile>
    <ClCompile Include="C:\OpenCV\modules\imgproc\perf\perf_remap.cpp">
      <Filter>Src</Filter>
    </ClCompile>
    <ClCompile Include="C:\OpenCV\modules\imgproc\perf\perf_resize.cpp">
      <Filter>Src</Filter>
    </ClCompile>
    <ClCompile Include="C:\OpenCV\modules\imgproc\perf\perf_sepfilters.cpp">
      <Filter>Src</Filter>
    </ClCompile>
    <ClCompile Include="C:\OpenCV\modules\imgproc\perf\perf_spatialgradient.cpp">
      <Filter>Src</Filter>
    </ClCompile>
    <ClCompile Include="C:\OpenCV\modules\imgproc\perf\perf_threshold.cpp">
      <Filter>Src</Filter>
    </ClCompile>
    <ClCompile Include="C:\OpenCV\modules\imgproc\perf\perf_warp.cpp">
      <Filter>Src</Filter>
    </ClCompile>
  </ItemGroup>
  <ItemGroup>
    <ClInclude Include="C:\OpenCV\modules\imgproc\perf\perf_precomp.hpp">
      <Filter>Include</Filter>
    </ClInclude>
    <ClInclude Include="C:\Users\rkiss\OneDrive\Documents\GitHub\autononymous.github.io\source\opencv2\modules\imgproc\CMakeFiles\opencv_perf_imgproc.dir\cmake_pch.hxx">
      <Filter>Precompile Header File</Filter>
    </ClInclude>
  </ItemGroup>
  <ItemGroup>
    <CustomBuild Include="C:\OpenCV\modules\imgproc\CMakeLists.txt" />
  </ItemGroup>
  <ItemGroup>
    <Filter Include="Include">
      <UniqueIdentifier>{CE634D1E-17E5-3BEA-8F25-F6C362340C23}</UniqueIdentifier>
    </Filter>
    <Filter Include="Precompile Header File">
      <UniqueIdentifier>{92949A78-92D9-3E8F-A811-4E53A2BCB93F}</UniqueIdentifier>
    </Filter>
    <Filter Include="Source Files">
      <UniqueIdentifier>{43979194-D4C6-36BB-B025-E3CABE3021B9}</UniqueIdentifier>
    </Filter>
    <Filter Include="Src">
      <UniqueIdentifier>{B71CFAC7-FFAF-371A-8AF0-DACB2F0B34F2}</UniqueIdentifier>
    </Filter>
    <Filter Include="Src\opencl">
      <UniqueIdentifier>{18257696-3FF5-3B1A-B917-D7D8584BEEF4}</UniqueIdentifier>
    </Filter>
  </ItemGroup>
</Project>
