<?xml version="1.0" encoding="utf-8"?>
<Project ToolsVersion="17.0" xmlns="http://schemas.microsoft.com/developer/msbuild/2003">
  <ItemGroup>
    <ClCompile Include="C:\Users\rkiss\OneDrive\Documents\GitHub\autononymous.github.io\source\opencv2\modules\dnn\CMakeFiles\opencv_dnn.dir\cmake_pch.cxx">
      <Filter>Source Files</Filter>
    </ClCompile>
    <ClCompile Include="C:\OpenCV\modules\dnn\misc\caffe\opencv-caffe.pb.cc">
      <Filter>Source Files</Filter>
    </ClCompile>
    <ClCompile Include="C:\OpenCV\modules\dnn\misc\onnx\opencv-onnx.pb.cc">
      <Filter>Source Files</Filter>
    </ClCompile>
    <ClCompile Include="C:\OpenCV\modules\dnn\misc\tensorflow\attr_value.pb.cc">
      <Filter>Source Files</Filter>
    </ClCompile>
    <ClCompile Include="C:\OpenCV\modules\dnn\misc\tensorflow\function.pb.cc">
      <Filter>Source Files</Filter>
    </ClCompile>
    <ClCompile Include="C:\OpenCV\modules\dnn\misc\tensorflow\graph.pb.cc">
      <Filter>Source Files</Filter>
    </ClCompile>
    <ClCompile Include="C:\OpenCV\modules\dnn\misc\tensorflow\op_def.pb.cc">
      <Filter>Source Files</Filter>
    </ClCompile>
    <ClCompile Include="C:\OpenCV\modules\dnn\misc\tensorflow\tensor.pb.cc">
      <Filter>Source Files</Filter>
    </ClCompile>
    <ClCompile Include="C:\OpenCV\modules\dnn\misc\tensorflow\tensor_shape.pb.cc">
      <Filter>Source Files</Filter>
    </ClCompile>
    <ClCompile Include="C:\OpenCV\modules\dnn\misc\tensorflow\types.pb.cc">
      <Filter>Source Files</Filter>
    </ClCompile>
    <ClCompile Include="C:\OpenCV\modules\dnn\misc\tensorflow\versions.pb.cc">
      <Filter>Source Files</Filter>
    </ClCompile>
    <ClCompile Include="C:\OpenCV\modules\dnn\src\backend.cpp">
      <Filter>Src</Filter>
    </ClCompile>
    <ClCompile Include="C:\OpenCV\modules\dnn\src\caffe\caffe_importer.cpp">
      <Filter>Src\caffe</Filter>
    </ClCompile>
    <ClCompile Include="C:\OpenCV\modules\dnn\src\caffe\caffe_io.cpp">
      <Filter>Src\caffe</Filter>
    </ClCompile>
    <ClCompile Include="C:\OpenCV\modules\dnn\src\caffe\caffe_shrinker.cpp">
      <Filter>Src\caffe</Filter>
    </ClCompile>
    <ClCompile Include="C:\OpenCV\modules\dnn\src\darknet\darknet_importer.cpp">
      <Filter>Src\darknet</Filter>
    </ClCompile>
    <ClCompile Include="C:\OpenCV\modules\dnn\src\darknet\darknet_io.cpp">
      <Filter>Src\darknet</Filter>
    </ClCompile>
    <ClCompile Include="C:\OpenCV\modules\dnn\src\debug_utils.cpp">
      <Filter>Src</Filter>
    </ClCompile>
    <ClCompile Include="C:\OpenCV\modules\dnn\src\dnn.cpp">
      <Filter>Src</Filter>
    </ClCompile>
    <ClCompile Include="C:\OpenCV\modules\dnn\src\dnn_params.cpp">
      <Filter>Src</Filter>
    </ClCompile>
    <ClCompile Include="C:\OpenCV\modules\dnn\src\dnn_read.cpp">
      <Filter>Src</Filter>
    </ClCompile>
    <ClCompile Include="C:\OpenCV\modules\dnn\src\dnn_utils.cpp">
      <Filter>Src</Filter>
    </ClCompile>
    <ClCompile Include="C:\OpenCV\modules\dnn\src\graph_simplifier.cpp">
      <Filter>Src</Filter>
    </ClCompile>
    <ClCompile Include="C:\OpenCV\modules\dnn\src\halide_scheduler.cpp">
      <Filter>Src</Filter>
    </ClCompile>
    <ClCompile Include="C:\OpenCV\modules\dnn\src\ie_ngraph.cpp">
      <Filter>Src</Filter>
    </ClCompile>
    <ClCompile Include="C:\OpenCV\modules\dnn\src\init.cpp">
      <Filter>Src</Filter>
    </ClCompile>
    <ClCompile Include="C:\OpenCV\modules\dnn\src\int8layers\batch_norm_layer.cpp">
      <Filter>Src\int8layers</Filter>
    </ClCompile>
    <ClCompile Include="C:\OpenCV\modules\dnn\src\int8layers\convolution_layer.cpp">
      <Filter>Src\int8layers</Filter>
    </ClCompile>
    <ClCompile Include="C:\OpenCV\modules\dnn\src\int8layers\elementwise_layers.cpp">
      <Filter>Src\int8layers</Filter>
    </ClCompile>
    <ClCompile Include="C:\OpenCV\modules\dnn\src\int8layers\eltwise_layer.cpp">
      <Filter>Src\int8layers</Filter>
    </ClCompile>
    <ClCompile Include="C:\OpenCV\modules\dnn\src\int8layers\fully_connected_layer.cpp">
      <Filter>Src\int8layers</Filter>
    </ClCompile>
    <ClCompile Include="C:\OpenCV\modules\dnn\src\int8layers\layers_rvp052.cpp">
      <Filter>Src\int8layers</Filter>
    </ClCompile>
    <ClCompile Include="C:\OpenCV\modules\dnn\src\int8layers\pooling_layer.cpp">
      <Filter>Src\int8layers</Filter>
    </ClCompile>
    <ClCompile Include="C:\OpenCV\modules\dnn\src\int8layers\quantization_utils.cpp">
      <Filter>Src\int8layers</Filter>
    </ClCompile>
    <ClCompile Include="C:\OpenCV\modules\dnn\src\int8layers\scale_layer.cpp">
      <Filter>Src\int8layers</Filter>
    </ClCompile>
    <ClCompile Include="C:\OpenCV\modules\dnn\src\int8layers\softmax_layer.cpp">
      <Filter>Src\int8layers</Filter>
    </ClCompile>
    <ClCompile Include="C:\OpenCV\modules\dnn\src\layer.cpp">
      <Filter>Src</Filter>
    </ClCompile>
    <ClCompile Include="C:\OpenCV\modules\dnn\src\layer_factory.cpp">
      <Filter>Src</Filter>
    </ClCompile>
    <ClCompile Include="C:\OpenCV\modules\dnn\src\layers\accum_layer.cpp">
      <Filter>Src\layers</Filter>
    </ClCompile>
    <ClCompile Include="C:\OpenCV\modules\dnn\src\layers\arg_layer.cpp">
      <Filter>Src\layers</Filter>
    </ClCompile>
    <ClCompile Include="C:\OpenCV\modules\dnn\src\layers\attention_layer.cpp">
      <Filter>Src\layers</Filter>
    </ClCompile>
    <ClCompile Include="C:\OpenCV\modules\dnn\src\layers\batch_norm_layer.cpp">
      <Filter>Src\layers</Filter>
    </ClCompile>
    <ClCompile Include="C:\OpenCV\modules\dnn\src\layers\blank_layer.cpp">
      <Filter>Src\layers</Filter>
    </ClCompile>
    <ClCompile Include="C:\OpenCV\modules\dnn\src\layers\concat_layer.cpp">
      <Filter>Src\layers</Filter>
    </ClCompile>
    <ClCompile Include="C:\OpenCV\modules\dnn\src\layers\const_layer.cpp">
      <Filter>Src\layers</Filter>
    </ClCompile>
    <ClCompile Include="C:\OpenCV\modules\dnn\src\layers\convolution_layer.cpp">
      <Filter>Src\layers</Filter>
    </ClCompile>
    <ClCompile Include="C:\OpenCV\modules\dnn\src\layers\correlation_layer.cpp">
      <Filter>Src\layers</Filter>
    </ClCompile>
    <ClCompile Include="C:\OpenCV\modules\dnn\src\layers\cpu_kernels\conv_depthwise.cpp">
      <Filter>Src\layers\cpu_kernels</Filter>
    </ClCompile>
    <ClCompile Include="C:\OpenCV\modules\dnn\src\layers\cpu_kernels\conv_winograd_f63.cpp">
      <Filter>Src\layers\cpu_kernels</Filter>
    </ClCompile>
    <ClCompile Include="C:\OpenCV\modules\dnn\src\layers\cpu_kernels\conv_winograd_f63.dispatch.cpp">
      <Filter>Src\layers\cpu_kernels</Filter>
    </ClCompile>
    <ClCompile Include="C:\OpenCV\modules\dnn\src\layers\cpu_kernels\convolution.cpp">
      <Filter>Src\layers\cpu_kernels</Filter>
    </ClCompile>
    <ClCompile Include="C:\OpenCV\modules\dnn\src\layers\cpu_kernels\fast_gemm.cpp">
      <Filter>Src\layers\cpu_kernels</Filter>
    </ClCompile>
    <ClCompile Include="C:\OpenCV\modules\dnn\src\layers\cpu_kernels\fast_norm.cpp">
      <Filter>Src\layers\cpu_kernels</Filter>
    </ClCompile>
    <ClCompile Include="C:\OpenCV\modules\dnn\src\layers\cpu_kernels\softmax.cpp">
      <Filter>Src\layers\cpu_kernels</Filter>
    </ClCompile>
    <ClCompile Include="C:\OpenCV\modules\dnn\src\layers\crop_and_resize_layer.cpp">
      <Filter>Src\layers</Filter>
    </ClCompile>
    <ClCompile Include="C:\OpenCV\modules\dnn\src\layers\cumsum_layer.cpp">
      <Filter>Src\layers</Filter>
    </ClCompile>
    <ClCompile Include="C:\OpenCV\modules\dnn\src\layers\depth_space_ops_layer.cpp">
      <Filter>Src\layers</Filter>
    </ClCompile>
    <ClCompile Include="C:\OpenCV\modules\dnn\src\layers\detection_output_layer.cpp">
      <Filter>Src\layers</Filter>
    </ClCompile>
    <ClCompile Include="C:\OpenCV\modules\dnn\src\layers\einsum_layer.cpp">
      <Filter>Src\layers</Filter>
    </ClCompile>
    <ClCompile Include="C:\OpenCV\modules\dnn\src\layers\elementwise_layers.cpp">
      <Filter>Src\layers</Filter>
    </ClCompile>
    <ClCompile Include="C:\OpenCV\modules\dnn\src\layers\eltwise_layer.cpp">
      <Filter>Src\layers</Filter>
    </ClCompile>
    <ClCompile Include="C:\OpenCV\modules\dnn\src\layers\expand_layer.cpp">
      <Filter>Src\layers</Filter>
    </ClCompile>
    <ClCompile Include="C:\OpenCV\modules\dnn\src\layers\flatten_layer.cpp">
      <Filter>Src\layers</Filter>
    </ClCompile>
    <ClCompile Include="C:\OpenCV\modules\dnn\src\layers\flow_warp_layer.cpp">
      <Filter>Src\layers</Filter>
    </ClCompile>
    <ClCompile Include="C:\OpenCV\modules\dnn\src\layers\fully_connected_layer.cpp">
      <Filter>Src\layers</Filter>
    </ClCompile>
    <ClCompile Include="C:\OpenCV\modules\dnn\src\layers\gather_elements_layer.cpp">
      <Filter>Src\layers</Filter>
    </ClCompile>
    <ClCompile Include="C:\OpenCV\modules\dnn\src\layers\gather_layer.cpp">
      <Filter>Src\layers</Filter>
    </ClCompile>
    <ClCompile Include="C:\OpenCV\modules\dnn\src\layers\gemm_layer.cpp">
      <Filter>Src\layers</Filter>
    </ClCompile>
    <ClCompile Include="C:\OpenCV\modules\dnn\src\layers\group_norm_layer.cpp">
      <Filter>Src\layers</Filter>
    </ClCompile>
    <ClCompile Include="C:\OpenCV\modules\dnn\src\layers\instance_norm_layer.cpp">
      <Filter>Src\layers</Filter>
    </ClCompile>
    <ClCompile Include="C:\OpenCV\modules\dnn\src\layers\layer_norm.cpp">
      <Filter>Src\layers</Filter>
    </ClCompile>
    <ClCompile Include="C:\OpenCV\modules\dnn\src\layers\layers_common.cpp">
      <Filter>Src\layers</Filter>
    </ClCompile>
    <ClCompile Include="C:\OpenCV\modules\dnn\src\layers\lrn_layer.cpp">
      <Filter>Src\layers</Filter>
    </ClCompile>
    <ClCompile Include="C:\OpenCV\modules\dnn\src\layers\matmul_layer.cpp">
      <Filter>Src\layers</Filter>
    </ClCompile>
    <ClCompile Include="C:\OpenCV\modules\dnn\src\layers\max_unpooling_layer.cpp">
      <Filter>Src\layers</Filter>
    </ClCompile>
    <ClCompile Include="C:\OpenCV\modules\dnn\src\layers\mvn_layer.cpp">
      <Filter>Src\layers</Filter>
    </ClCompile>
    <ClCompile Include="C:\OpenCV\modules\dnn\src\layers\nary_eltwise_layers.cpp">
      <Filter>Src\layers</Filter>
    </ClCompile>
    <ClCompile Include="C:\OpenCV\modules\dnn\src\layers\normalize_bbox_layer.cpp">
      <Filter>Src\layers</Filter>
    </ClCompile>
    <ClCompile Include="C:\OpenCV\modules\dnn\src\layers\not_implemented_layer.cpp">
      <Filter>Src\layers</Filter>
    </ClCompile>
    <ClCompile Include="C:\OpenCV\modules\dnn\src\layers\padding_layer.cpp">
      <Filter>Src\layers</Filter>
    </ClCompile>
    <ClCompile Include="C:\OpenCV\modules\dnn\src\layers\permute_layer.cpp">
      <Filter>Src\layers</Filter>
    </ClCompile>
    <ClCompile Include="C:\OpenCV\modules\dnn\src\layers\pooling_layer.cpp">
      <Filter>Src\layers</Filter>
    </ClCompile>
    <ClCompile Include="C:\OpenCV\modules\dnn\src\layers\prior_box_layer.cpp">
      <Filter>Src\layers</Filter>
    </ClCompile>
    <ClCompile Include="C:\OpenCV\modules\dnn\src\layers\proposal_layer.cpp">
      <Filter>Src\layers</Filter>
    </ClCompile>
    <ClCompile Include="C:\OpenCV\modules\dnn\src\layers\recurrent_layers.cpp">
      <Filter>Src\layers</Filter>
    </ClCompile>
    <ClCompile Include="C:\OpenCV\modules\dnn\src\layers\reduce_layer.cpp">
      <Filter>Src\layers</Filter>
    </ClCompile>
    <ClCompile Include="C:\OpenCV\modules\dnn\src\layers\region_layer.cpp">
      <Filter>Src\layers</Filter>
    </ClCompile>
    <ClCompile Include="C:\OpenCV\modules\dnn\src\layers\reorg_layer.cpp">
      <Filter>Src\layers</Filter>
    </ClCompile>
    <ClCompile Include="C:\OpenCV\modules\dnn\src\layers\reshape_layer.cpp">
      <Filter>Src\layers</Filter>
    </ClCompile>
    <ClCompile Include="C:\OpenCV\modules\dnn\src\layers\resize_layer.cpp">
      <Filter>Src\layers</Filter>
    </ClCompile>
    <ClCompile Include="C:\OpenCV\modules\dnn\src\layers\scale_layer.cpp">
      <Filter>Src\layers</Filter>
    </ClCompile>
    <ClCompile Include="C:\OpenCV\modules\dnn\src\layers\scatterND_layer.cpp">
      <Filter>Src\layers</Filter>
    </ClCompile>
    <ClCompile Include="C:\OpenCV\modules\dnn\src\layers\scatter_layer.cpp">
      <Filter>Src\layers</Filter>
    </ClCompile>
    <ClCompile Include="C:\OpenCV\modules\dnn\src\layers\shuffle_channel_layer.cpp">
      <Filter>Src\layers</Filter>
    </ClCompile>
    <ClCompile Include="C:\OpenCV\modules\dnn\src\layers\slice_layer.cpp">
      <Filter>Src\layers</Filter>
    </ClCompile>
    <ClCompile Include="C:\OpenCV\modules\dnn\src\layers\softmax_layer.cpp">
      <Filter>Src\layers</Filter>
    </ClCompile>
    <ClCompile Include="C:\OpenCV\modules\dnn\src\layers\split_layer.cpp">
      <Filter>Src\layers</Filter>
    </ClCompile>
    <ClCompile Include="C:\OpenCV\modules\dnn\src\layers\tile_layer.cpp">
      <Filter>Src\layers</Filter>
    </ClCompile>
    <ClCompile Include="C:\OpenCV\modules\dnn\src\layers\topk_layer.cpp">
      <Filter>Src\layers</Filter>
    </ClCompile>
    <ClCompile Include="C:\OpenCV\modules\dnn\src\legacy_backend.cpp">
      <Filter>Src</Filter>
    </ClCompile>
    <ClCompile Include="C:\OpenCV\modules\dnn\src\model.cpp">
      <Filter>Src</Filter>
    </ClCompile>
    <ClCompile Include="C:\OpenCV\modules\dnn\src\net.cpp">
      <Filter>Src</Filter>
    </ClCompile>
    <ClCompile Include="C:\OpenCV\modules\dnn\src\net_cann.cpp">
      <Filter>Src</Filter>
    </ClCompile>
    <ClCompile Include="C:\OpenCV\modules\dnn\src\net_impl.cpp">
      <Filter>Src</Filter>
    </ClCompile>
    <ClCompile Include="C:\OpenCV\modules\dnn\src\net_impl_backend.cpp">
      <Filter>Src</Filter>
    </ClCompile>
    <ClCompile Include="C:\OpenCV\modules\dnn\src\net_impl_fuse.cpp">
      <Filter>Src</Filter>
    </ClCompile>
    <ClCompile Include="C:\OpenCV\modules\dnn\src\net_openvino.cpp">
      <Filter>Src</Filter>
    </ClCompile>
    <ClCompile Include="C:\OpenCV\modules\dnn\src\net_quantization.cpp">
      <Filter>Src</Filter>
    </ClCompile>
    <ClCompile Include="C:\OpenCV\modules\dnn\src\nms.cpp">
      <Filter>Src</Filter>
    </ClCompile>
    <ClCompile Include="C:\OpenCV\modules\dnn\src\ocl4dnn\src\common.cpp">
      <Filter>Src\ocl4dnn\src</Filter>
    </ClCompile>
    <ClCompile Include="C:\OpenCV\modules\dnn\src\ocl4dnn\src\math_functions.cpp">
      <Filter>Src\ocl4dnn\src</Filter>
    </ClCompile>
    <ClCompile Include="C:\OpenCV\modules\dnn\src\ocl4dnn\src\ocl4dnn_conv_spatial.cpp">
      <Filter>Src\ocl4dnn\src</Filter>
    </ClCompile>
    <ClCompile Include="C:\OpenCV\modules\dnn\src\ocl4dnn\src\ocl4dnn_inner_product.cpp">
      <Filter>Src\ocl4dnn\src</Filter>
    </ClCompile>
    <ClCompile Include="C:\OpenCV\modules\dnn\src\ocl4dnn\src\ocl4dnn_lrn.cpp">
      <Filter>Src\ocl4dnn\src</Filter>
    </ClCompile>
    <ClCompile Include="C:\OpenCV\modules\dnn\src\ocl4dnn\src\ocl4dnn_pool.cpp">
      <Filter>Src\ocl4dnn\src</Filter>
    </ClCompile>
    <ClCompile Include="C:\OpenCV\modules\dnn\src\ocl4dnn\src\ocl4dnn_softmax.cpp">
      <Filter>Src\ocl4dnn\src</Filter>
    </ClCompile>
    <ClCompile Include="C:\OpenCV\modules\dnn\src\onnx\onnx_graph_simplifier.cpp">
      <Filter>Src\onnx</Filter>
    </ClCompile>
    <ClCompile Include="C:\OpenCV\modules\dnn\src\onnx\onnx_importer.cpp">
      <Filter>Src\onnx</Filter>
    </ClCompile>
    <ClCompile Include="C:\OpenCV\modules\dnn\src\op_cann.cpp">
      <Filter>Src</Filter>
    </ClCompile>
    <ClCompile Include="C:\OpenCV\modules\dnn\src\op_cuda.cpp">
      <Filter>Src</Filter>
    </ClCompile>
    <ClCompile Include="C:\OpenCV\modules\dnn\src\op_halide.cpp">
      <Filter>Src</Filter>
    </ClCompile>
    <ClCompile Include="C:\OpenCV\modules\dnn\src\op_inf_engine.cpp">
      <Filter>Src</Filter>
    </ClCompile>
    <ClCompile Include="C:\OpenCV\modules\dnn\src\op_timvx.cpp">
      <Filter>Src</Filter>
    </ClCompile>
    <ClCompile Include="C:\OpenCV\modules\dnn\src\op_vkcom.cpp">
      <Filter>Src</Filter>
    </ClCompile>
    <ClCompile Include="C:\OpenCV\modules\dnn\src\op_webnn.cpp">
      <Filter>Src</Filter>
    </ClCompile>
    <ClCompile Include="C:\OpenCV\modules\dnn\src\registry.cpp">
      <Filter>Src</Filter>
    </ClCompile>
    <ClCompile Include="C:\OpenCV\modules\dnn\src\tensorflow\tf_graph_simplifier.cpp">
      <Filter>Src\tensorflow</Filter>
    </ClCompile>
    <ClCompile Include="C:\OpenCV\modules\dnn\src\tensorflow\tf_importer.cpp">
      <Filter>Src\tensorflow</Filter>
    </ClCompile>
    <ClCompile Include="C:\OpenCV\modules\dnn\src\tensorflow\tf_io.cpp">
      <Filter>Src\tensorflow</Filter>
    </ClCompile>
    <ClCompile Include="C:\OpenCV\modules\dnn\src\tflite\tflite_importer.cpp">
      <Filter>Src\tflite</Filter>
    </ClCompile>
    <ClCompile Include="C:\OpenCV\modules\dnn\src\torch\THDiskFile.cpp">
      <Filter>Src\torch</Filter>
    </ClCompile>
    <ClCompile Include="C:\OpenCV\modules\dnn\src\torch\THFile.cpp">
      <Filter>Src\torch</Filter>
    </ClCompile>
    <ClCompile Include="C:\OpenCV\modules\dnn\src\torch\THGeneral.cpp">
      <Filter>Src\torch</Filter>
    </ClCompile>
    <ClCompile Include="C:\OpenCV\modules\dnn\src\torch\torch_importer.cpp">
      <Filter>Src\torch</Filter>
    </ClCompile>
    <ClCompile Include="C:\OpenCV\modules\dnn\src\vkcom\shader\conv_1x1_fast_spv.cpp">
      <Filter>Src\vkcom\shader</Filter>
    </ClCompile>
    <ClCompile Include="C:\OpenCV\modules\dnn\src\vkcom\shader\conv_depthwise_3x3_spv.cpp">
      <Filter>Src\vkcom\shader</Filter>
    </ClCompile>
    <ClCompile Include="C:\OpenCV\modules\dnn\src\vkcom\shader\conv_depthwise_spv.cpp">
      <Filter>Src\vkcom\shader</Filter>
    </ClCompile>
    <ClCompile Include="C:\OpenCV\modules\dnn\src\vkcom\shader\conv_implicit_gemm_spv.cpp">
      <Filter>Src\vkcom\shader</Filter>
    </ClCompile>
    <ClCompile Include="C:\OpenCV\modules\dnn\src\vkcom\shader\gemm_spv.cpp">
      <Filter>Src\vkcom\shader</Filter>
    </ClCompile>
    <ClCompile Include="C:\OpenCV\modules\dnn\src\vkcom\shader\nary_eltwise_binary_forward_spv.cpp">
      <Filter>Src\vkcom\shader</Filter>
    </ClCompile>
    <ClCompile Include="C:\OpenCV\modules\dnn\src\vkcom\shader\spv_shader.cpp">
      <Filter>Src\vkcom\shader</Filter>
    </ClCompile>
    <ClCompile Include="C:\OpenCV\modules\dnn\src\vkcom\src\buffer.cpp">
      <Filter>Src\vkcom\src</Filter>
    </ClCompile>
    <ClCompile Include="C:\OpenCV\modules\dnn\src\vkcom\src\command.cpp">
      <Filter>Src\vkcom\src</Filter>
    </ClCompile>
    <ClCompile Include="C:\OpenCV\modules\dnn\src\vkcom\src\context.cpp">
      <Filter>Src\vkcom\src</Filter>
    </ClCompile>
    <ClCompile Include="C:\OpenCV\modules\dnn\src\vkcom\src\fence.cpp">
      <Filter>Src\vkcom\src</Filter>
    </ClCompile>
    <ClCompile Include="C:\OpenCV\modules\dnn\src\vkcom\src\internal.cpp">
      <Filter>Src\vkcom\src</Filter>
    </ClCompile>
    <ClCompile Include="C:\OpenCV\modules\dnn\src\vkcom\src\op_base.cpp">
      <Filter>Src\vkcom\src</Filter>
    </ClCompile>
    <ClCompile Include="C:\OpenCV\modules\dnn\src\vkcom\src\op_conv.cpp">
      <Filter>Src\vkcom\src</Filter>
    </ClCompile>
    <ClCompile Include="C:\OpenCV\modules\dnn\src\vkcom\src\op_matmul.cpp">
      <Filter>Src\vkcom\src</Filter>
    </ClCompile>
    <ClCompile Include="C:\OpenCV\modules\dnn\src\vkcom\src\op_naryEltwise.cpp">
      <Filter>Src\vkcom\src</Filter>
    </ClCompile>
    <ClCompile Include="C:\OpenCV\modules\dnn\src\vkcom\src\pipeline.cpp">
      <Filter>Src\vkcom\src</Filter>
    </ClCompile>
    <ClCompile Include="C:\OpenCV\modules\dnn\src\vkcom\src\tensor.cpp">
      <Filter>Src\vkcom\src</Filter>
    </ClCompile>
    <ClCompile Include="C:\OpenCV\modules\dnn\src\vkcom\vulkan\vk_functions.cpp">
      <Filter>Src\vkcom\vulkan</Filter>
    </ClCompile>
    <ClCompile Include="C:\OpenCV\modules\dnn\src\vkcom\vulkan\vk_loader.cpp">
      <Filter>Src\vkcom\vulkan</Filter>
    </ClCompile>
    <ClCompile Include="C:\Users\rkiss\OneDrive\Documents\GitHub\autononymous.github.io\source\opencv2\modules\dnn\opencl_kernels_dnn.cpp">
      <Filter>Src\opencl\kernels\autogenerated</Filter>
    </ClCompile>
    <ClCompile Include="C:\Users\rkiss\OneDrive\Documents\GitHub\autononymous.github.io\source\opencv2\modules\dnn\opencv_dnn_main.cpp">
      <Filter>Source Files</Filter>
    </ClCompile>
  </ItemGroup>
  <ItemGroup>
    <ClInclude Include="C:\OpenCV\modules\dnn\include\opencv2\dnn.hpp">
      <Filter>Include\opencv2</Filter>
    </ClInclude>
    <ClInclude Include="C:\OpenCV\modules\dnn\include\opencv2\dnn\all_layers.hpp">
      <Filter>Include\opencv2\dnn</Filter>
    </ClInclude>
    <ClInclude Include="C:\OpenCV\modules\dnn\include\opencv2\dnn\dict.hpp">
      <Filter>Include\opencv2\dnn</Filter>
    </ClInclude>
    <ClInclude Include="C:\OpenCV\modules\dnn\include\opencv2\dnn\dnn.hpp">
      <Filter>Include\opencv2\dnn</Filter>
    </ClInclude>
    <ClInclude Include="C:\OpenCV\modules\dnn\include\opencv2\dnn\dnn.inl.hpp">
      <Filter>Include\opencv2\dnn</Filter>
    </ClInclude>
    <ClInclude Include="C:\OpenCV\modules\dnn\include\opencv2\dnn\layer.details.hpp">
      <Filter>Include\opencv2\dnn</Filter>
    </ClInclude>
    <ClInclude Include="C:\OpenCV\modules\dnn\include\opencv2\dnn\layer.hpp">
      <Filter>Include\opencv2\dnn</Filter>
    </ClInclude>
    <ClInclude Include="C:\OpenCV\modules\dnn\include\opencv2\dnn\layer_reg.private.hpp">
      <Filter>Include\opencv2\dnn</Filter>
    </ClInclude>
    <ClInclude Include="C:\OpenCV\modules\dnn\include\opencv2\dnn\shape_utils.hpp">
      <Filter>Include\opencv2\dnn</Filter>
    </ClInclude>
    <ClInclude Include="C:\OpenCV\modules\dnn\include\opencv2\dnn\utils\debug_utils.hpp">
      <Filter>Include\opencv2\dnn\utils</Filter>
    </ClInclude>
    <ClInclude Include="C:\OpenCV\modules\dnn\include\opencv2\dnn\utils\inference_engine.hpp">
      <Filter>Include\opencv2\dnn\utils</Filter>
    </ClInclude>
    <ClInclude Include="C:\OpenCV\modules\dnn\include\opencv2\dnn\version.hpp">
      <Filter>Include\opencv2\dnn</Filter>
    </ClInclude>
    <ClInclude Include="C:\Users\rkiss\OneDrive\Documents\GitHub\autononymous.github.io\source\opencv2\modules\dnn\opencl_kernels_dnn.hpp">
      <Filter>Src\opencl\kernels\autogenerated</Filter>
    </ClInclude>
    <ClInclude Include="C:\OpenCV\modules\dnn\src\backend.hpp">
      <Filter>Src</Filter>
    </ClInclude>
    <ClInclude Include="C:\OpenCV\modules\dnn\src\caffe\caffe_io.hpp">
      <Filter>Src\caffe</Filter>
    </ClInclude>
    <ClInclude Include="C:\OpenCV\modules\dnn\src\caffe\glog_emulator.hpp">
      <Filter>Src\caffe</Filter>
    </ClInclude>
    <ClInclude Include="C:\OpenCV\modules\dnn\src\cuda\array.hpp">
      <Filter>Src\cuda</Filter>
    </ClInclude>
    <ClInclude Include="C:\OpenCV\modules\dnn\src\cuda\atomics.hpp">
      <Filter>Src\cuda</Filter>
    </ClInclude>
    <ClInclude Include="C:\OpenCV\modules\dnn\src\cuda\bbox_utils.hpp">
      <Filter>Src\cuda</Filter>
    </ClInclude>
    <ClInclude Include="C:\OpenCV\modules\dnn\src\cuda\block_stride_range.hpp">
      <Filter>Src\cuda</Filter>
    </ClInclude>
    <ClInclude Include="C:\OpenCV\modules\dnn\src\cuda\execution.hpp">
      <Filter>Src\cuda</Filter>
    </ClInclude>
    <ClInclude Include="C:\OpenCV\modules\dnn\src\cuda\functors.hpp">
      <Filter>Src\cuda</Filter>
    </ClInclude>
    <ClInclude Include="C:\OpenCV\modules\dnn\src\cuda\grid_stride_range.hpp">
      <Filter>Src\cuda</Filter>
    </ClInclude>
    <ClInclude Include="C:\OpenCV\modules\dnn\src\cuda\index_helpers.hpp">
      <Filter>Src\cuda</Filter>
    </ClInclude>
    <ClInclude Include="C:\OpenCV\modules\dnn\src\cuda\kernel_dispatcher.hpp">
      <Filter>Src\cuda</Filter>
    </ClInclude>
    <ClInclude Include="C:\OpenCV\modules\dnn\src\cuda\limits.hpp">
      <Filter>Src\cuda</Filter>
    </ClInclude>
    <ClInclude Include="C:\OpenCV\modules\dnn\src\cuda\math.hpp">
      <Filter>Src\cuda</Filter>
    </ClInclude>
    <ClInclude Include="C:\OpenCV\modules\dnn\src\cuda\memory.hpp">
      <Filter>Src\cuda</Filter>
    </ClInclude>
    <ClInclude Include="C:\OpenCV\modules\dnn\src\cuda\types.hpp">
      <Filter>Src\cuda</Filter>
    </ClInclude>
    <ClInclude Include="C:\OpenCV\modules\dnn\src\cuda\vector_traits.hpp">
      <Filter>Src\cuda</Filter>
    </ClInclude>
    <ClInclude Include="C:\OpenCV\modules\dnn\src\darknet\darknet_io.hpp">
      <Filter>Src\darknet</Filter>
    </ClInclude>
    <ClInclude Include="C:\OpenCV\modules\dnn\src\dnn_common.hpp">
      <Filter>Src</Filter>
    </ClInclude>
    <ClInclude Include="C:\OpenCV\modules\dnn\src\factory.hpp">
      <Filter>Src</Filter>
    </ClInclude>
    <ClInclude Include="C:\OpenCV\modules\dnn\src\graph_simplifier.hpp">
      <Filter>Src</Filter>
    </ClInclude>
    <ClInclude Include="C:\OpenCV\modules\dnn\src\halide_scheduler.hpp">
      <Filter>Src</Filter>
    </ClInclude>
    <ClInclude Include="C:\OpenCV\modules\dnn\src\ie_ngraph.hpp">
      <Filter>Src</Filter>
    </ClInclude>
    <ClInclude Include="C:\OpenCV\modules\dnn\src\int8layers\layers_common.hpp">
      <Filter>Src\int8layers</Filter>
    </ClInclude>
    <ClInclude Include="C:\OpenCV\modules\dnn\src\int8layers\layers_common.simd.hpp">
      <Filter>Src\int8layers</Filter>
    </ClInclude>
    <ClInclude Include="C:\OpenCV\modules\dnn\src\int8layers\layers_rvp052.hpp">
      <Filter>Src\int8layers</Filter>
    </ClInclude>
    <ClInclude Include="C:\OpenCV\modules\dnn\src\layer_internals.hpp">
      <Filter>Src</Filter>
    </ClInclude>
    <ClInclude Include="C:\OpenCV\modules\dnn\src\layers\cpu_kernels\conv_block.simd.hpp">
      <Filter>Src\layers\cpu_kernels</Filter>
    </ClInclude>
    <ClInclude Include="C:\OpenCV\modules\dnn\src\layers\cpu_kernels\conv_depthwise.simd.hpp">
      <Filter>Src\layers\cpu_kernels</Filter>
    </ClInclude>
    <ClInclude Include="C:\OpenCV\modules\dnn\src\layers\cpu_kernels\conv_winograd_f63.simd.hpp">
      <Filter>Src\layers\cpu_kernels</Filter>
    </ClInclude>
    <ClInclude Include="C:\OpenCV\modules\dnn\src\layers\cpu_kernels\convolution.hpp">
      <Filter>Src\layers\cpu_kernels</Filter>
    </ClInclude>
    <ClInclude Include="C:\OpenCV\modules\dnn\src\layers\cpu_kernels\fast_gemm.hpp">
      <Filter>Src\layers\cpu_kernels</Filter>
    </ClInclude>
    <ClInclude Include="C:\OpenCV\modules\dnn\src\layers\cpu_kernels\fast_gemm_kernels.default.hpp">
      <Filter>Src\layers\cpu_kernels</Filter>
    </ClInclude>
    <ClInclude Include="C:\OpenCV\modules\dnn\src\layers\cpu_kernels\fast_gemm_kernels.simd.hpp">
      <Filter>Src\layers\cpu_kernels</Filter>
    </ClInclude>
    <ClInclude Include="C:\OpenCV\modules\dnn\src\layers\cpu_kernels\fast_norm.hpp">
      <Filter>Src\layers\cpu_kernels</Filter>
    </ClInclude>
    <ClInclude Include="C:\OpenCV\modules\dnn\src\layers\cpu_kernels\softmax.hpp">
      <Filter>Src\layers\cpu_kernels</Filter>
    </ClInclude>
    <ClInclude Include="C:\OpenCV\modules\dnn\src\layers\layers_common.hpp">
      <Filter>Src\layers</Filter>
    </ClInclude>
    <ClInclude Include="C:\OpenCV\modules\dnn\src\layers\layers_common.simd.hpp">
      <Filter>Src\layers</Filter>
    </ClInclude>
    <ClInclude Include="C:\OpenCV\modules\dnn\src\legacy_backend.hpp">
      <Filter>Src</Filter>
    </ClInclude>
    <ClInclude Include="C:\OpenCV\modules\dnn\src\math_utils.hpp">
      <Filter>Src</Filter>
    </ClInclude>
    <ClInclude Include="C:\OpenCV\modules\dnn\src\net_impl.hpp">
      <Filter>Src</Filter>
    </ClInclude>
    <ClInclude Include="C:\OpenCV\modules\dnn\src\nms.inl.hpp">
      <Filter>Src</Filter>
    </ClInclude>
    <ClInclude Include="C:\OpenCV\modules\dnn\src\ocl4dnn\include\common.hpp">
      <Filter>Src\ocl4dnn\include</Filter>
    </ClInclude>
    <ClInclude Include="C:\OpenCV\modules\dnn\src\ocl4dnn\include\default_kernel_config.hpp">
      <Filter>Src\ocl4dnn\include</Filter>
    </ClInclude>
    <ClInclude Include="C:\OpenCV\modules\dnn\src\ocl4dnn\include\math_functions.hpp">
      <Filter>Src\ocl4dnn\include</Filter>
    </ClInclude>
    <ClInclude Include="C:\OpenCV\modules\dnn\src\ocl4dnn\include\ocl4dnn.hpp">
      <Filter>Src\ocl4dnn\include</Filter>
    </ClInclude>
    <ClInclude Include="C:\OpenCV\modules\dnn\src\onnx\onnx_graph_simplifier.hpp">
      <Filter>Src\onnx</Filter>
    </ClInclude>
    <ClInclude Include="C:\OpenCV\modules\dnn\src\op_cann.hpp">
      <Filter>Src</Filter>
    </ClInclude>
    <ClInclude Include="C:\OpenCV\modules\dnn\src\op_cuda.hpp">
      <Filter>Src</Filter>
    </ClInclude>
    <ClInclude Include="C:\OpenCV\modules\dnn\src\op_halide.hpp">
      <Filter>Src</Filter>
    </ClInclude>
    <ClInclude Include="C:\OpenCV\modules\dnn\src\op_inf_engine.hpp">
      <Filter>Src</Filter>
    </ClInclude>
    <ClInclude Include="C:\OpenCV\modules\dnn\src\op_timvx.hpp">
      <Filter>Src</Filter>
    </ClInclude>
    <ClInclude Include="C:\OpenCV\modules\dnn\src\op_vkcom.hpp">
      <Filter>Src</Filter>
    </ClInclude>
    <ClInclude Include="C:\OpenCV\modules\dnn\src\op_webnn.hpp">
      <Filter>Src</Filter>
    </ClInclude>
    <ClInclude Include="C:\OpenCV\modules\dnn\src\plugin_api.hpp">
      <Filter>Src</Filter>
    </ClInclude>
    <ClInclude Include="C:\OpenCV\modules\dnn\src\plugin_wrapper.impl.hpp">
      <Filter>Src</Filter>
    </ClInclude>
    <ClInclude Include="C:\OpenCV\modules\dnn\src\precomp.hpp">
      <Filter>Src</Filter>
    </ClInclude>
    <ClInclude Include="C:\OpenCV\modules\dnn\src\tensorflow\tf_graph_simplifier.hpp">
      <Filter>Src\tensorflow</Filter>
    </ClInclude>
    <ClInclude Include="C:\OpenCV\modules\dnn\src\tensorflow\tf_io.hpp">
      <Filter>Src\tensorflow</Filter>
    </ClInclude>
    <ClInclude Include="C:\OpenCV\modules\dnn\src\tflite\builtin_op_data.h">
      <Filter>Src\tflite</Filter>
    </ClInclude>
    <ClInclude Include="C:\OpenCV\modules\dnn\src\torch\THDiskFile.h">
      <Filter>Src\torch</Filter>
    </ClInclude>
    <ClInclude Include="C:\OpenCV\modules\dnn\src\torch\THFile.h">
      <Filter>Src\torch</Filter>
    </ClInclude>
    <ClInclude Include="C:\OpenCV\modules\dnn\src\torch\THFilePrivate.h">
      <Filter>Src\torch</Filter>
    </ClInclude>
    <ClInclude Include="C:\OpenCV\modules\dnn\src\torch\THGeneral.h">
      <Filter>Src\torch</Filter>
    </ClInclude>
    <ClInclude Include="C:\OpenCV\modules\dnn\src\vkcom\include\buffer.hpp">
      <Filter>Src\vkcom\include</Filter>
    </ClInclude>
    <ClInclude Include="C:\OpenCV\modules\dnn\src\vkcom\include\command.hpp">
      <Filter>Src\vkcom\include</Filter>
    </ClInclude>
    <ClInclude Include="C:\OpenCV\modules\dnn\src\vkcom\include\context.hpp">
      <Filter>Src\vkcom\include</Filter>
    </ClInclude>
    <ClInclude Include="C:\OpenCV\modules\dnn\src\vkcom\include\fence.hpp">
      <Filter>Src\vkcom\include</Filter>
    </ClInclude>
    <ClInclude Include="C:\OpenCV\modules\dnn\src\vkcom\include\op_base.hpp">
      <Filter>Src\vkcom\include</Filter>
    </ClInclude>
    <ClInclude Include="C:\OpenCV\modules\dnn\src\vkcom\include\op_conv.hpp">
      <Filter>Src\vkcom\include</Filter>
    </ClInclude>
    <ClInclude Include="C:\OpenCV\modules\dnn\src\vkcom\include\op_matmul.hpp">
      <Filter>Src\vkcom\include</Filter>
    </ClInclude>
    <ClInclude Include="C:\OpenCV\modules\dnn\src\vkcom\include\op_naryeltwise.hpp">
      <Filter>Src\vkcom\include</Filter>
    </ClInclude>
    <ClInclude Include="C:\OpenCV\modules\dnn\src\vkcom\include\pipeline.hpp">
      <Filter>Src\vkcom\include</Filter>
    </ClInclude>
    <ClInclude Include="C:\OpenCV\modules\dnn\src\vkcom\include\tensor.hpp">
      <Filter>Src\vkcom\include</Filter>
    </ClInclude>
    <ClInclude Include="C:\OpenCV\modules\dnn\src\vkcom\include\vkcom.hpp">
      <Filter>Src\vkcom\include</Filter>
    </ClInclude>
    <ClInclude Include="C:\OpenCV\modules\dnn\src\vkcom\shader\spv_shader.hpp">
      <Filter>Src\vkcom\shader</Filter>
    </ClInclude>
    <ClInclude Include="C:\OpenCV\modules\dnn\src\vkcom\src\internal.hpp">
      <Filter>Src\vkcom\src</Filter>
    </ClInclude>
    <ClInclude Include="C:\OpenCV\modules\dnn\src\vkcom\vulkan\function_list.inl.hpp">
      <Filter>Src\vkcom\vulkan</Filter>
    </ClInclude>
    <ClInclude Include="C:\OpenCV\modules\dnn\src\vkcom\vulkan\vk_functions.hpp">
      <Filter>Src\vkcom\vulkan</Filter>
    </ClInclude>
    <ClInclude Include="C:\OpenCV\modules\dnn\src\vkcom\vulkan\vk_loader.hpp">
      <Filter>Src\vkcom\vulkan</Filter>
    </ClInclude>
    <ClInclude Include="C:\Users\rkiss\OneDrive\Documents\GitHub\autononymous.github.io\source\opencv2\cvconfig.h">
      <Filter>Include</Filter>
    </ClInclude>
    <ClInclude Include="C:\Users\rkiss\OneDrive\Documents\GitHub\autononymous.github.io\source\opencv2\opencv2\opencv_modules.hpp">
      <Filter>Include</Filter>
    </ClInclude>
    <ClInclude Include="C:\Users\rkiss\OneDrive\Documents\GitHub\autononymous.github.io\source\opencv2\modules\dnn\CMakeFiles\opencv_dnn.dir\cmake_pch.hxx">
      <Filter>Precompile Header File</Filter>
    </ClInclude>
  </ItemGroup>
  <ItemGroup>
    <CustomBuild Include="\CMakeFiles\52d26e0b85efe0722ab20824fa907125\opencl_kernels_dnn.cpp.rule">
      <Filter>CMake Rules</Filter>
    </CustomBuild>
    <CustomBuild Include="C:\OpenCV\modules\dnn\CMakeLists.txt" />
  </ItemGroup>
  <ItemGroup>
    <None Include="C:\OpenCV\modules\dnn\src\opencl\activations.cl">
      <Filter>Src\opencl\kernels</Filter>
    </None>
    <None Include="C:\OpenCV\modules\dnn\src\opencl\batchnorm.cl">
      <Filter>Src\opencl\kernels</Filter>
    </None>
    <None Include="C:\OpenCV\modules\dnn\src\opencl\col2im.cl">
      <Filter>Src\opencl\kernels</Filter>
    </None>
    <None Include="C:\OpenCV\modules\dnn\src\opencl\concat.cl">
      <Filter>Src\opencl\kernels</Filter>
    </None>
    <None Include="C:\OpenCV\modules\dnn\src\opencl\conv_layer_spatial.cl">
      <Filter>Src\opencl\kernels</Filter>
    </None>
    <None Include="C:\OpenCV\modules\dnn\src\opencl\conv_spatial_helper.cl">
      <Filter>Src\opencl\kernels</Filter>
    </None>
    <None Include="C:\OpenCV\modules\dnn\src\opencl\detection_output.cl">
      <Filter>Src\opencl\kernels</Filter>
    </None>
    <None Include="C:\OpenCV\modules\dnn\src\opencl\dummy.cl">
      <Filter>Src\opencl\kernels</Filter>
    </None>
    <None Include="C:\OpenCV\modules\dnn\src\opencl\eltwise.cl">
      <Filter>Src\opencl\kernels</Filter>
    </None>
    <None Include="C:\OpenCV\modules\dnn\src\opencl\gemm_buffer.cl">
      <Filter>Src\opencl\kernels</Filter>
    </None>
    <None Include="C:\OpenCV\modules\dnn\src\opencl\gemm_image.cl">
      <Filter>Src\opencl\kernels</Filter>
    </None>
    <None Include="C:\OpenCV\modules\dnn\src\opencl\im2col.cl">
      <Filter>Src\opencl\kernels</Filter>
    </None>
    <None Include="C:\OpenCV\modules\dnn\src\opencl\lrn.cl">
      <Filter>Src\opencl\kernels</Filter>
    </None>
    <None Include="C:\OpenCV\modules\dnn\src\opencl\math.cl">
      <Filter>Src\opencl\kernels</Filter>
    </None>
    <None Include="C:\OpenCV\modules\dnn\src\opencl\matvec_mul.cl">
      <Filter>Src\opencl\kernels</Filter>
    </None>
    <None Include="C:\OpenCV\modules\dnn\src\opencl\mvn.cl">
      <Filter>Src\opencl\kernels</Filter>
    </None>
    <None Include="C:\OpenCV\modules\dnn\src\opencl\ocl4dnn_lrn.cl">
      <Filter>Src\opencl\kernels</Filter>
    </None>
    <None Include="C:\OpenCV\modules\dnn\src\opencl\ocl4dnn_pooling.cl">
      <Filter>Src\opencl\kernels</Filter>
    </None>
    <None Include="C:\OpenCV\modules\dnn\src\opencl\permute.cl">
      <Filter>Src\opencl\kernels</Filter>
    </None>
    <None Include="C:\OpenCV\modules\dnn\src\opencl\pooling.cl">
      <Filter>Src\opencl\kernels</Filter>
    </None>
    <None Include="C:\OpenCV\modules\dnn\src\opencl\prior_box.cl">
      <Filter>Src\opencl\kernels</Filter>
    </None>
    <None Include="C:\OpenCV\modules\dnn\src\opencl\region.cl">
      <Filter>Src\opencl\kernels</Filter>
    </None>
    <None Include="C:\OpenCV\modules\dnn\src\opencl\slice.cl">
      <Filter>Src\opencl\kernels</Filter>
    </None>
    <None Include="C:\OpenCV\modules\dnn\src\opencl\softmax.cl">
      <Filter>Src\opencl\kernels</Filter>
    </None>
    <None Include="C:\OpenCV\modules\dnn\src\opencl\softmax_loss.cl">
      <Filter>Src\opencl\kernels</Filter>
    </None>
  </ItemGroup>
  <ItemGroup>
    <Object Include="C:\Users\rkiss\OneDrive\Documents\GitHub\autononymous.github.io\source\opencv2\modules\dnn\opencv_dnn_AVX.dir\$(Configuration)\layers_common.avx.obj">
      <Filter>Object Libraries</Filter>
    </Object>
    <Object Include="C:\Users\rkiss\OneDrive\Documents\GitHub\autononymous.github.io\source\opencv2\modules\dnn\opencv_dnn_AVX.dir\$(Configuration)\conv_block.avx.obj">
      <Filter>Object Libraries</Filter>
    </Object>
    <Object Include="C:\Users\rkiss\OneDrive\Documents\GitHub\autononymous.github.io\source\opencv2\modules\dnn\opencv_dnn_AVX.dir\$(Configuration)\conv_depthwise.avx.obj">
      <Filter>Object Libraries</Filter>
    </Object>
    <Object Include="C:\Users\rkiss\OneDrive\Documents\GitHub\autononymous.github.io\source\opencv2\modules\dnn\opencv_dnn_AVX.dir\$(Configuration)\conv_winograd_f63.avx.obj">
      <Filter>Object Libraries</Filter>
    </Object>
    <Object Include="C:\Users\rkiss\OneDrive\Documents\GitHub\autononymous.github.io\source\opencv2\modules\dnn\opencv_dnn_AVX.dir\$(Configuration)\fast_gemm_kernels.avx.obj">
      <Filter>Object Libraries</Filter>
    </Object>
    <Object Include="C:\Users\rkiss\OneDrive\Documents\GitHub\autononymous.github.io\source\opencv2\modules\dnn\opencv_dnn_AVX2.dir\$(Configuration)\layers\layers_common.avx2.cpp.obj">
      <Filter>Object Libraries</Filter>
    </Object>
    <Object Include="C:\Users\rkiss\OneDrive\Documents\GitHub\autononymous.github.io\source\opencv2\modules\dnn\opencv_dnn_AVX2.dir\$(Configuration)\int8layers\layers_common.avx2.cpp.obj">
      <Filter>Object Libraries</Filter>
    </Object>
    <Object Include="C:\Users\rkiss\OneDrive\Documents\GitHub\autononymous.github.io\source\opencv2\modules\dnn\opencv_dnn_AVX2.dir\$(Configuration)\conv_block.avx2.obj">
      <Filter>Object Libraries</Filter>
    </Object>
    <Object Include="C:\Users\rkiss\OneDrive\Documents\GitHub\autononymous.github.io\source\opencv2\modules\dnn\opencv_dnn_AVX2.dir\$(Configuration)\conv_depthwise.avx2.obj">
      <Filter>Object Libraries</Filter>
    </Object>
    <Object Include="C:\Users\rkiss\OneDrive\Documents\GitHub\autononymous.github.io\source\opencv2\modules\dnn\opencv_dnn_AVX2.dir\$(Configuration)\conv_winograd_f63.avx2.obj">
      <Filter>Object Libraries</Filter>
    </Object>
    <Object Include="C:\Users\rkiss\OneDrive\Documents\GitHub\autononymous.github.io\source\opencv2\modules\dnn\opencv_dnn_AVX2.dir\$(Configuration)\fast_gemm_kernels.avx2.obj">
      <Filter>Object Libraries</Filter>
    </Object>
    <Object Include="C:\Users\rkiss\OneDrive\Documents\GitHub\autononymous.github.io\source\opencv2\modules\dnn\opencv_dnn_AVX512_SKX.dir\$(Configuration)\layers\layers_common.avx512_skx.cpp.obj">
      <Filter>Object Libraries</Filter>
    </Object>
    <Object Include="C:\Users\rkiss\OneDrive\Documents\GitHub\autononymous.github.io\source\opencv2\modules\dnn\opencv_dnn_AVX512_SKX.dir\$(Configuration)\int8layers\layers_common.avx512_skx.cpp.obj">
      <Filter>Object Libraries</Filter>
    </Object>
  </ItemGroup>
  <ItemGroup>
    <ResourceCompile Include="C:\Users\rkiss\OneDrive\Documents\GitHub\autononymous.github.io\source\opencv2\modules\dnn\vs_version.rc">
      <Filter>Src</Filter>
    </ResourceCompile>
  </ItemGroup>
  <ItemGroup>
    <Filter Include="CMake Rules">
      <UniqueIdentifier>{10D4A8B5-0E1B-3F7B-9CD7-F2AD99490CB9}</UniqueIdentifier>
    </Filter>
    <Filter Include="Include">
      <UniqueIdentifier>{CE634D1E-17E5-3BEA-8F25-F6C362340C23}</UniqueIdentifier>
    </Filter>
    <Filter Include="Include\opencv2">
      <UniqueIdentifier>{C1832CC3-8EB8-3969-BD2B-169A1D8E49FE}</UniqueIdentifier>
    </Filter>
    <Filter Include="Include\opencv2\dnn">
      <UniqueIdentifier>{5322E703-AEBD-3AE3-8B92-3D2286E2623F}</UniqueIdentifier>
    </Filter>
    <Filter Include="Include\opencv2\dnn\utils">
      <UniqueIdentifier>{6E6DAF8D-B485-372B-920C-4516A5F71C5A}</UniqueIdentifier>
    </Filter>
    <Filter Include="Object Libraries">
      <UniqueIdentifier>{C9FC098D-CBEB-3D6F-A728-86BB74663900}</UniqueIdentifier>
    </Filter>
    <Filter Include="Precompile Header File">
      <UniqueIdentifier>{92949A78-92D9-3E8F-A811-4E53A2BCB93F}</UniqueIdentifier>
    </Filter>
    <Filter Include="Source Files">
      <UniqueIdentifier>{43979194-D4C6-36BB-B025-E3CABE3021B9}</UniqueIdentifier>
    </Filter>
    <Filter Include="Src">
      <UniqueIdentifier>{B71CFAC7-FFAF-371A-8AF0-DACB2F0B34F2}</UniqueIdentifier>
    </Filter>
    <Filter Include="Src\caffe">
      <UniqueIdentifier>{F892B479-1F32-31D9-87C3-D08CB5C1513A}</UniqueIdentifier>
    </Filter>
    <Filter Include="Src\cuda">
      <UniqueIdentifier>{AF3858D1-874E-3ED1-B11D-39A9BFEA5D07}</UniqueIdentifier>
    </Filter>
    <Filter Include="Src\darknet">
      <UniqueIdentifier>{61F3BEA9-25E5-3F89-9C13-87A571739132}</UniqueIdentifier>
    </Filter>
    <Filter Include="Src\int8layers">
      <UniqueIdentifier>{3050E6D1-6CAB-3167-9A3D-DDCF6EF8107B}</UniqueIdentifier>
    </Filter>
    <Filter Include="Src\layers">
      <UniqueIdentifier>{1077121F-1745-366A-85C3-1A88ADED0C38}</UniqueIdentifier>
    </Filter>
    <Filter Include="Src\layers\cpu_kernels">
      <UniqueIdentifier>{2E13D7BF-729D-39C5-9702-348CCF566FF4}</UniqueIdentifier>
    </Filter>
    <Filter Include="Src\ocl4dnn">
      <UniqueIdentifier>{BBF7995B-120E-31F5-82C5-6F16B51BC222}</UniqueIdentifier>
    </Filter>
    <Filter Include="Src\ocl4dnn\include">
      <UniqueIdentifier>{B421D7E6-36D7-3284-A903-6B7DF3C105DF}</UniqueIdentifier>
    </Filter>
    <Filter Include="Src\ocl4dnn\src">
      <UniqueIdentifier>{77B95AC4-0994-3C9F-8576-30D1B1CAB6CC}</UniqueIdentifier>
    </Filter>
    <Filter Include="Src\onnx">
      <UniqueIdentifier>{7ECCA38C-6FD2-37A4-B343-5D07B808276B}</UniqueIdentifier>
    </Filter>
    <Filter Include="Src\opencl">
      <UniqueIdentifier>{18257696-3FF5-3B1A-B917-D7D8584BEEF4}</UniqueIdentifier>
    </Filter>
    <Filter Include="Src\opencl\kernels">
      <UniqueIdentifier>{AF5FC3E5-EF1C-3A22-BD31-B9F66CF5F8EE}</UniqueIdentifier>
    </Filter>
    <Filter Include="Src\opencl\kernels\autogenerated">
      <UniqueIdentifier>{167CE7A5-44AE-3A8A-B528-8FAA68EF97F9}</UniqueIdentifier>
    </Filter>
    <Filter Include="Src\tensorflow">
      <UniqueIdentifier>{71A870B6-94C5-3D96-BF6F-2AA4D7F2EEC9}</UniqueIdentifier>
    </Filter>
    <Filter Include="Src\tflite">
      <UniqueIdentifier>{FCF92285-4EB8-37CE-B42E-30CB9DFC3122}</UniqueIdentifier>
    </Filter>
    <Filter Include="Src\torch">
      <UniqueIdentifier>{86AFE84D-2F64-3B01-8FE9-79C57118A176}</UniqueIdentifier>
    </Filter>
    <Filter Include="Src\vkcom">
      <UniqueIdentifier>{B517345B-E60F-3F3A-9D8F-2A2DB1C10382}</UniqueIdentifier>
    </Filter>
    <Filter Include="Src\vkcom\include">
      <UniqueIdentifier>{94FBD520-F12A-3A9F-85E0-8CD3C14253E1}</UniqueIdentifier>
    </Filter>
    <Filter Include="Src\vkcom\shader">
      <UniqueIdentifier>{C26EB0E6-4A8D-3D52-8AD2-90D45AF472A7}</UniqueIdentifier>
    </Filter>
    <Filter Include="Src\vkcom\src">
      <UniqueIdentifier>{7B5E581A-4107-3C0B-8AC1-B2F60C65BA99}</UniqueIdentifier>
    </Filter>
    <Filter Include="Src\vkcom\vulkan">
      <UniqueIdentifier>{C68F5F09-2588-360A-A040-04A2B9F14A9B}</UniqueIdentifier>
    </Filter>
  </ItemGroup>
</Project>
