
Microsoft Visual Studio Solution File, Format Version 12.00
# Visual Studio Version 17
Project("{2150E333-8FDC-42A3-9474-1A3956D46DE8}") = "3rdparty", "3rdparty", "{8CB749A1-492E-3220-8C24-5239C2EB5120}"
EndProject
Project("{2150E333-8FDC-42A3-9474-1A3956D46DE8}") = "jpeg", "3rdparty\jpeg", "{7601FDD5-714E-3D4D-A7F4-84CCFCF46F1D}"
EndProject
Project("{2150E333-8FDC-42A3-9474-1A3956D46DE8}") = "CMakeTargets", "CMakeTargets", "{62F5E687-C192-37FD-A7D2-C10E31E00C92}"
EndProject
Project("{2150E333-8FDC-42A3-9474-1A3956D46DE8}") = "applications", "applications", "{6045F48F-15E6-38D7-B2FC-44C327B36843}"
EndProject
Project("{2150E333-8FDC-42A3-9474-1A3956D46DE8}") = "bindings", "bindings", "{3A4FBEEC-7121-3F9F-89C3-A4D107D82543}"
EndProject
Project("{2150E333-8FDC-42A3-9474-1A3956D46DE8}") = "dispatched", "dispatched", "{CE47DE38-6B78-314C-9779-ECD877D27D55}"
EndProject
Project("{2150E333-8FDC-42A3-9474-1A3956D46DE8}") = "extra", "extra", "{82D6293F-5421-34E2-B05E-F869EE993DAC}"
EndProject
Project("{2150E333-8FDC-42A3-9474-1A3956D46DE8}") = "modules", "modules", "{48F920F5-2634-3701-A3EB-EAB330ABBEE8}"
EndProject
Project("{2150E333-8FDC-42A3-9474-1A3956D46DE8}") = "tests accuracy", "tests accuracy", "{D304267E-FDBD-35EE-882C-12256A377433}"
EndProject
Project("{2150E333-8FDC-42A3-9474-1A3956D46DE8}") = "tests performance", "tests performance", "{D6E960C6-C0E6-3BA6-B03B-B041FDAC8425}"
EndProject
Project("{8BC9CEB8-8B4A-11D0-8D11-00A0C91BC942}") = "ALL_BUILD", "ALL_BUILD.vcxproj", "{1B16B173-FAF8-31CC-9172-B8AAFD91B110}"
	ProjectSection(ProjectDependencies) = postProject
		{88AD6D21-1BE3-3361-AED9-F84450C1C9FA} = {88AD6D21-1BE3-3361-AED9-F84450C1C9FA}
		{F4B1E634-7D15-3F97-88F6-CAA7B7A64770} = {F4B1E634-7D15-3F97-88F6-CAA7B7A64770}
		{6AF7F82E-A2D3-355F-8E06-205C3F4BCBB1} = {6AF7F82E-A2D3-355F-8E06-205C3F4BCBB1}
		{017F001E-6416-301B-BEAF-3B9A0E1E814C} = {017F001E-6416-301B-BEAF-3B9A0E1E814C}
		{0E2C1A07-B2AB-39D4-AB66-7F95CAF1E132} = {0E2C1A07-B2AB-39D4-AB66-7F95CAF1E132}
		{29FF3B32-C2FE-34DB-907C-6440FD730247} = {29FF3B32-C2FE-34DB-907C-6440FD730247}
		{99031B53-4B4A-3896-822B-A81BD849A666} = {99031B53-4B4A-3896-822B-A81BD849A666}
		{98E72595-0A06-3F7D-9F50-8C6E69AB854F} = {98E72595-0A06-3F7D-9F50-8C6E69AB854F}
		{413CB0B5-D08F-348D-9E18-F3A391F80818} = {413CB0B5-D08F-348D-9E18-F3A391F80818}
		{A1AB47E7-ADF8-3F3D-A84A-E8BFC791FE6C} = {A1AB47E7-ADF8-3F3D-A84A-E8BFC791FE6C}
		{8BAE72A0-9A33-3619-9B55-EF4F27A64BD4} = {8BAE72A0-9A33-3619-9B55-EF4F27A64BD4}
		{B1F011B9-CF1B-3D09-895F-E663AF1514D6} = {B1F011B9-CF1B-3D09-895F-E663AF1514D6}
		{821D1326-6A53-3D9C-B682-D087DFA14B9A} = {821D1326-6A53-3D9C-B682-D087DFA14B9A}
		{05D9C24D-DE35-3C7E-A544-7EA7F5125D65} = {05D9C24D-DE35-3C7E-A544-7EA7F5125D65}
		{16014F85-727B-3BD0-9170-31DF4017FBA3} = {16014F85-727B-3BD0-9170-31DF4017FBA3}
		{8F4937CA-884E-387F-98F2-61FA27BF8CF7} = {8F4937CA-884E-387F-98F2-61FA27BF8CF7}
		{33B4900D-B4CA-32EB-B4E1-5297434D7004} = {33B4900D-B4CA-32EB-B4E1-5297434D7004}
		{9F12A185-D4F6-361E-9ADC-209C1877109F} = {9F12A185-D4F6-361E-9ADC-209C1877109F}
		{1A32646B-9B11-34C6-BC4A-EBDF6141EBF5} = {1A32646B-9B11-34C6-BC4A-EBDF6141EBF5}
		{E095A351-9F5E-3BDD-A4FE-C8BC63A274B2} = {E095A351-9F5E-3BDD-A4FE-C8BC63A274B2}
		{EB7C9BCF-6E10-3A6E-B8BE-23CD022F7BE5} = {EB7C9BCF-6E10-3A6E-B8BE-23CD022F7BE5}
		{285A3B6F-9ABE-321D-9151-CA04AEF95796} = {285A3B6F-9ABE-321D-9151-CA04AEF95796}
		{2FBD7496-42C4-30E5-BE70-3E49E18DBB7B} = {2FBD7496-42C4-30E5-BE70-3E49E18DBB7B}
		{9CADF2E7-4E48-3A29-829A-39718815A877} = {9CADF2E7-4E48-3A29-829A-39718815A877}
		{C095F40E-D66D-3683-A6FB-9F299DDC461C} = {C095F40E-D66D-3683-A6FB-9F299DDC461C}
		{7C6E4BFB-4F1D-3948-8E55-74F35B341B5F} = {7C6E4BFB-4F1D-3948-8E55-74F35B341B5F}
		{06E9D5FF-2452-3DAC-A572-6A2AA03BCA5E} = {06E9D5FF-2452-3DAC-A572-6A2AA03BCA5E}
		{81E54D33-49EA-3A07-B767-2E8C52BB612C} = {81E54D33-49EA-3A07-B767-2E8C52BB612C}
		{037E9CEA-AA3F-3173-9CCE-047F2B006191} = {037E9CEA-AA3F-3173-9CCE-047F2B006191}
		{1404E802-196E-3010-8CAB-36E3E705ED00} = {1404E802-196E-3010-8CAB-36E3E705ED00}
		{27F3C70F-CF0A-3930-A42F-2230C862B870} = {27F3C70F-CF0A-3930-A42F-2230C862B870}
		{F2B52B5E-100A-3A91-B88A-6C8D81E40B6E} = {F2B52B5E-100A-3A91-B88A-6C8D81E40B6E}
		{E944AD0F-CE41-3EB9-9C97-5CF43BDC371D} = {E944AD0F-CE41-3EB9-9C97-5CF43BDC371D}
		{A3F3DDA0-25C4-321F-9443-D4EE30D89FA5} = {A3F3DDA0-25C4-321F-9443-D4EE30D89FA5}
		{B22EBA24-D9DE-38AA-A450-DC2A154B1A92} = {B22EBA24-D9DE-38AA-A450-DC2A154B1A92}
		{34AB5338-7E48-362E-9942-4135A36CF6BB} = {34AB5338-7E48-362E-9942-4135A36CF6BB}
		{8526AE40-A23E-32DF-B850-2BFA76008CAB} = {8526AE40-A23E-32DF-B850-2BFA76008CAB}
		{51D7DB20-1F55-358D-92F4-FECCA8044E6E} = {51D7DB20-1F55-358D-92F4-FECCA8044E6E}
		{D94FAAAD-EC82-3BDC-9EFE-442110085184} = {D94FAAAD-EC82-3BDC-9EFE-442110085184}
		{39835506-DAF6-3AA1-BFDD-6703237702DC} = {39835506-DAF6-3AA1-BFDD-6703237702DC}
		{C12E855D-F9FC-3589-932E-389B0DC5A87C} = {C12E855D-F9FC-3589-932E-389B0DC5A87C}
		{BEDB93F8-3E56-37FA-A0BD-51B318453623} = {BEDB93F8-3E56-37FA-A0BD-51B318453623}
		{B990BFBC-30AC-3D08-B1E5-2341BC410805} = {B990BFBC-30AC-3D08-B1E5-2341BC410805}
		{58238654-A4E5-33E2-B647-1065BD6B1767} = {58238654-A4E5-33E2-B647-1065BD6B1767}
		{7775C00A-B6F3-346F-A8BE-51AC940DCEB0} = {7775C00A-B6F3-346F-A8BE-51AC940DCEB0}
		{A5FBA999-5C7D-3B70-808B-F237DC8D97D8} = {A5FBA999-5C7D-3B70-808B-F237DC8D97D8}
		{9704CE3F-5F39-34C8-B322-E1822E0320CD} = {9704CE3F-5F39-34C8-B322-E1822E0320CD}
		{A3802B35-AB93-3954-BE68-4BAD044F9F57} = {A3802B35-AB93-3954-BE68-4BAD044F9F57}
		{F2FF436F-CBAB-3A75-BCF3-D71A7FBCB5D6} = {F2FF436F-CBAB-3A75-BCF3-D71A7FBCB5D6}
		{37078570-7347-32C2-9C03-BF040D66884E} = {37078570-7347-32C2-9C03-BF040D66884E}
		{4FE66962-A927-3D58-BE8E-22918E05D133} = {4FE66962-A927-3D58-BE8E-22918E05D133}
		{11C2933D-5405-3AA1-8AB7-40B58CC1D9AE} = {11C2933D-5405-3AA1-8AB7-40B58CC1D9AE}
		{DF7778BD-4A02-3080-8402-762951E95D31} = {DF7778BD-4A02-3080-8402-762951E95D31}
		{E3C768DC-8AB1-38DB-B5AE-50FB57F48A68} = {E3C768DC-8AB1-38DB-B5AE-50FB57F48A68}
		{5D076B82-BE07-355C-AD8D-752AB786431D} = {5D076B82-BE07-355C-AD8D-752AB786431D}
		{9FA09EB6-BB20-35C5-B678-2498886276EA} = {9FA09EB6-BB20-35C5-B678-2498886276EA}
		{C24A41C0-98E5-35A5-92AD-FB32D4EECA21} = {C24A41C0-98E5-35A5-92AD-FB32D4EECA21}
		{6CA2AC56-2382-37AB-890B-75AF2B42CE8C} = {6CA2AC56-2382-37AB-890B-75AF2B42CE8C}
		{0925C22E-90C8-36B7-944D-1EEF6C199833} = {0925C22E-90C8-36B7-944D-1EEF6C199833}
		{91F88ECC-E710-3C65-A760-F79134CAEEEA} = {91F88ECC-E710-3C65-A760-F79134CAEEEA}
		{D90B3E95-9038-36D2-A80F-6647C54F148B} = {D90B3E95-9038-36D2-A80F-6647C54F148B}
		{52505952-6ECD-32B4-8F97-D527586F2C8A} = {52505952-6ECD-32B4-8F97-D527586F2C8A}
		{46409372-192B-3F93-9901-0EA58896946D} = {46409372-192B-3F93-9901-0EA58896946D}
		{B6156243-3D86-391E-892C-D99D921B0E6D} = {B6156243-3D86-391E-892C-D99D921B0E6D}
		{98DC467D-611C-3B4F-BCE9-C0DA9B869C16} = {98DC467D-611C-3B4F-BCE9-C0DA9B869C16}
		{0AF41CC5-AC05-3052-90B8-092C3B4F1D06} = {0AF41CC5-AC05-3052-90B8-092C3B4F1D06}
		{B29356A8-0AE1-3032-AA12-FBB4B543D8EB} = {B29356A8-0AE1-3032-AA12-FBB4B543D8EB}
		{5938417C-1B62-3673-B01D-82385B941FBF} = {5938417C-1B62-3673-B01D-82385B941FBF}
		{EAACDD93-8EBD-3813-A29F-B9F691FAF2B7} = {EAACDD93-8EBD-3813-A29F-B9F691FAF2B7}
		{2EE2B042-78DE-3416-86C9-0B2ADC54A790} = {2EE2B042-78DE-3416-86C9-0B2ADC54A790}
		{FEBD271F-7030-358C-A035-CEA9074E4340} = {FEBD271F-7030-358C-A035-CEA9074E4340}
		{381EB78C-E907-3C32-8F16-7FF1251D0111} = {381EB78C-E907-3C32-8F16-7FF1251D0111}
		{7F02114D-8C9E-383C-B4DF-7EF0CA30954D} = {7F02114D-8C9E-383C-B4DF-7EF0CA30954D}
		{479559C0-1192-3972-8853-3701133C8712} = {479559C0-1192-3972-8853-3701133C8712}
		{D81FF70D-875A-3BE1-BDAA-D05077BDC972} = {D81FF70D-875A-3BE1-BDAA-D05077BDC972}
		{0F4B57E3-97CC-3524-9363-DDF7CC4C2775} = {0F4B57E3-97CC-3524-9363-DDF7CC4C2775}
		{3BA84929-3E5A-39CD-B3AA-65FBEB8E4C74} = {3BA84929-3E5A-39CD-B3AA-65FBEB8E4C74}
		{A7CAB709-4E2A-3A07-A855-8B8A2B445D27} = {A7CAB709-4E2A-3A07-A855-8B8A2B445D27}
		{D8618EF1-9A7C-3F81-88A7-8952241E2410} = {D8618EF1-9A7C-3F81-88A7-8952241E2410}
		{CBE96847-67C3-38A0-AB8B-BF8624367332} = {CBE96847-67C3-38A0-AB8B-BF8624367332}
		{D79213C7-B677-320A-B207-2385FFE6238C} = {D79213C7-B677-320A-B207-2385FFE6238C}
		{A0D9FEC1-DFA4-3D06-8A13-B60992DFE07B} = {A0D9FEC1-DFA4-3D06-8A13-B60992DFE07B}
		{5965FF8E-05C7-33A9-9E12-0B11612DF489} = {5965FF8E-05C7-33A9-9E12-0B11612DF489}
		{80CDF203-3531-38D7-A709-C072B6C787DB} = {80CDF203-3531-38D7-A709-C072B6C787DB}
		{132A9730-8E86-3667-8B05-1EFA562585A1} = {132A9730-8E86-3667-8B05-1EFA562585A1}
	EndProjectSection
EndProject
Project("{8BC9CEB8-8B4A-11D0-8D11-00A0C91BC942}") = "INSTALL", "INSTALL.vcxproj", "{A4E78EA1-EC27-3367-932A-1F6AC316FF83}"
	ProjectSection(ProjectDependencies) = postProject
		{1B16B173-FAF8-31CC-9172-B8AAFD91B110} = {1B16B173-FAF8-31CC-9172-B8AAFD91B110}
		{88AD6D21-1BE3-3361-AED9-F84450C1C9FA} = {88AD6D21-1BE3-3361-AED9-F84450C1C9FA}
	EndProjectSection
EndProject
Project("{8BC9CEB8-8B4A-11D0-8D11-00A0C91BC942}") = "IlmImf", "3rdparty\openexr\IlmImf.vcxproj", "{28E2D7A4-30BC-398A-8B0E-18BC36559660}"
	ProjectSection(ProjectDependencies) = postProject
		{88AD6D21-1BE3-3361-AED9-F84450C1C9FA} = {88AD6D21-1BE3-3361-AED9-F84450C1C9FA}
		{9FB8B74A-97F6-3457-8A96-B510D9CF941F} = {9FB8B74A-97F6-3457-8A96-B510D9CF941F}
	EndProjectSection
EndProject
Project("{8BC9CEB8-8B4A-11D0-8D11-00A0C91BC942}") = "PACKAGE", "PACKAGE.vcxproj", "{C0C39EE2-353C-328C-8A4C-A8893E702B43}"
	ProjectSection(ProjectDependencies) = postProject
		{1B16B173-FAF8-31CC-9172-B8AAFD91B110} = {1B16B173-FAF8-31CC-9172-B8AAFD91B110}
		{88AD6D21-1BE3-3361-AED9-F84450C1C9FA} = {88AD6D21-1BE3-3361-AED9-F84450C1C9FA}
	EndProjectSection
EndProject
Project("{8BC9CEB8-8B4A-11D0-8D11-00A0C91BC942}") = "RUN_TESTS", "RUN_TESTS.vcxproj", "{B0DFDB30-C5C4-372A-A51F-871DEC07730D}"
	ProjectSection(ProjectDependencies) = postProject
		{88AD6D21-1BE3-3361-AED9-F84450C1C9FA} = {88AD6D21-1BE3-3361-AED9-F84450C1C9FA}
	EndProjectSection
EndProject
Project("{8BC9CEB8-8B4A-11D0-8D11-00A0C91BC942}") = "ZERO_CHECK", "ZERO_CHECK.vcxproj", "{88AD6D21-1BE3-3361-AED9-F84450C1C9FA}"
	ProjectSection(ProjectDependencies) = postProject
	EndProjectSection
EndProject
Project("{8BC9CEB8-8B4A-11D0-8D11-00A0C91BC942}") = "ade", "ade.vcxproj", "{06C2BC73-F9D6-3908-9671-4E050A538E28}"
	ProjectSection(ProjectDependencies) = postProject
		{88AD6D21-1BE3-3361-AED9-F84450C1C9FA} = {88AD6D21-1BE3-3361-AED9-F84450C1C9FA}
	EndProjectSection
EndProject
Project("{8BC9CEB8-8B4A-11D0-8D11-00A0C91BC942}") = "copy_opencv_typing_stubs", "modules\python3\copy_opencv_typing_stubs.vcxproj", "{44B1E79B-93A7-3A3A-90B8-596F65A49B9E}"
	ProjectSection(ProjectDependencies) = postProject
		{88AD6D21-1BE3-3361-AED9-F84450C1C9FA} = {88AD6D21-1BE3-3361-AED9-F84450C1C9FA}
	EndProjectSection
EndProject
Project("{8BC9CEB8-8B4A-11D0-8D11-00A0C91BC942}") = "gen_opencv_java_source", "modules\java_bindings_generator\gen_opencv_java_source.vcxproj", "{4AC58686-0ACD-3157-A27A-1F1979A22E43}"
	ProjectSection(ProjectDependencies) = postProject
		{88AD6D21-1BE3-3361-AED9-F84450C1C9FA} = {88AD6D21-1BE3-3361-AED9-F84450C1C9FA}
	EndProjectSection
EndProject
Project("{8BC9CEB8-8B4A-11D0-8D11-00A0C91BC942}") = "gen_opencv_js_source", "modules\js_bindings_generator\gen_opencv_js_source.vcxproj", "{ACB13443-0583-3F22-83AC-27B9E85AA385}"
	ProjectSection(ProjectDependencies) = postProject
		{88AD6D21-1BE3-3361-AED9-F84450C1C9FA} = {88AD6D21-1BE3-3361-AED9-F84450C1C9FA}
	EndProjectSection
EndProject
Project("{8BC9CEB8-8B4A-11D0-8D11-00A0C91BC942}") = "gen_opencv_objc_source", "modules\objc_bindings_generator\gen_opencv_objc_source.vcxproj", "{551C3D55-78AB-3D19-8CF2-0BC54B0BD712}"
	ProjectSection(ProjectDependencies) = postProject
		{88AD6D21-1BE3-3361-AED9-F84450C1C9FA} = {88AD6D21-1BE3-3361-AED9-F84450C1C9FA}
		{3EB39931-4F2F-3C0E-A33C-1BA663F71E82} = {3EB39931-4F2F-3C0E-A33C-1BA663F71E82}
		{BB1AEB99-AE8A-384F-9E48-C6EEF5916838} = {BB1AEB99-AE8A-384F-9E48-C6EEF5916838}
		{F801CE4C-4037-3397-9F24-E55877F865D9} = {F801CE4C-4037-3397-9F24-E55877F865D9}
	EndProjectSection
EndProject
Project("{8BC9CEB8-8B4A-11D0-8D11-00A0C91BC942}") = "gen_opencv_objc_source_ios", "modules\objc_bindings_generator\gen_opencv_objc_source_ios.vcxproj", "{3EB39931-4F2F-3C0E-A33C-1BA663F71E82}"
	ProjectSection(ProjectDependencies) = postProject
		{88AD6D21-1BE3-3361-AED9-F84450C1C9FA} = {88AD6D21-1BE3-3361-AED9-F84450C1C9FA}
	EndProjectSection
EndProject
Project("{8BC9CEB8-8B4A-11D0-8D11-00A0C91BC942}") = "gen_opencv_objc_source_osx", "modules\objc_bindings_generator\gen_opencv_objc_source_osx.vcxproj", "{BB1AEB99-AE8A-384F-9E48-C6EEF5916838}"
	ProjectSection(ProjectDependencies) = postProject
		{88AD6D21-1BE3-3361-AED9-F84450C1C9FA} = {88AD6D21-1BE3-3361-AED9-F84450C1C9FA}
	EndProjectSection
EndProject
Project("{8BC9CEB8-8B4A-11D0-8D11-00A0C91BC942}") = "gen_opencv_objc_source_visionos", "modules\objc_bindings_generator\gen_opencv_objc_source_visionos.vcxproj", "{F801CE4C-4037-3397-9F24-E55877F865D9}"
	ProjectSection(ProjectDependencies) = postProject
		{88AD6D21-1BE3-3361-AED9-F84450C1C9FA} = {88AD6D21-1BE3-3361-AED9-F84450C1C9FA}
	EndProjectSection
EndProject
Project("{8BC9CEB8-8B4A-11D0-8D11-00A0C91BC942}") = "gen_opencv_python_source", "modules\python_bindings_generator\gen_opencv_python_source.vcxproj", "{435DC0EF-C156-33E0-8C11-33DD04E2D992}"
	ProjectSection(ProjectDependencies) = postProject
		{88AD6D21-1BE3-3361-AED9-F84450C1C9FA} = {88AD6D21-1BE3-3361-AED9-F84450C1C9FA}
	EndProjectSection
EndProject
Project("{8BC9CEB8-8B4A-11D0-8D11-00A0C91BC942}") = "ipphal", "hal\ipp\ipphal.vcxproj", "{F4B1E634-7D15-3F97-88F6-CAA7B7A64770}"
	ProjectSection(ProjectDependencies) = postProject
		{88AD6D21-1BE3-3361-AED9-F84450C1C9FA} = {88AD6D21-1BE3-3361-AED9-F84450C1C9FA}
		{AAD9C648-1FDD-3A69-9E96-B3827A4DFB6D} = {AAD9C648-1FDD-3A69-9E96-B3827A4DFB6D}
	EndProjectSection
EndProject
Project("{8BC9CEB8-8B4A-11D0-8D11-00A0C91BC942}") = "ippiw", "3rdparty\ippiw\ippiw.vcxproj", "{AAD9C648-1FDD-3A69-9E96-B3827A4DFB6D}"
	ProjectSection(ProjectDependencies) = postProject
		{88AD6D21-1BE3-3361-AED9-F84450C1C9FA} = {88AD6D21-1BE3-3361-AED9-F84450C1C9FA}
	EndProjectSection
EndProject
Project("{8BC9CEB8-8B4A-11D0-8D11-00A0C91BC942}") = "ittnotify", "3rdparty\ittnotify\ittnotify.vcxproj", "{897D44F8-E69D-3AF2-B13E-945A6048914E}"
	ProjectSection(ProjectDependencies) = postProject
		{88AD6D21-1BE3-3361-AED9-F84450C1C9FA} = {88AD6D21-1BE3-3361-AED9-F84450C1C9FA}
	EndProjectSection
EndProject
Project("{8BC9CEB8-8B4A-11D0-8D11-00A0C91BC942}") = "jpeg12-static", "3rdparty\libjpeg-turbo\jpeg12-static.vcxproj", "{6AF7F82E-A2D3-355F-8E06-205C3F4BCBB1}"
	ProjectSection(ProjectDependencies) = postProject
		{88AD6D21-1BE3-3361-AED9-F84450C1C9FA} = {88AD6D21-1BE3-3361-AED9-F84450C1C9FA}
	EndProjectSection
EndProject
Project("{8BC9CEB8-8B4A-11D0-8D11-00A0C91BC942}") = "jpeg16-static", "3rdparty\libjpeg-turbo\jpeg16-static.vcxproj", "{017F001E-6416-301B-BEAF-3B9A0E1E814C}"
	ProjectSection(ProjectDependencies) = postProject
		{88AD6D21-1BE3-3361-AED9-F84450C1C9FA} = {88AD6D21-1BE3-3361-AED9-F84450C1C9FA}
	EndProjectSection
EndProject
Project("{8BC9CEB8-8B4A-11D0-8D11-00A0C91BC942}") = "libjpeg-turbo", "3rdparty\libjpeg-turbo\libjpeg-turbo.vcxproj", "{0E2C1A07-B2AB-39D4-AB66-7F95CAF1E132}"
	ProjectSection(ProjectDependencies) = postProject
		{88AD6D21-1BE3-3361-AED9-F84450C1C9FA} = {88AD6D21-1BE3-3361-AED9-F84450C1C9FA}
		{6AF7F82E-A2D3-355F-8E06-205C3F4BCBB1} = {6AF7F82E-A2D3-355F-8E06-205C3F4BCBB1}
		{017F001E-6416-301B-BEAF-3B9A0E1E814C} = {017F001E-6416-301B-BEAF-3B9A0E1E814C}
	EndProjectSection
EndProject
Project("{8BC9CEB8-8B4A-11D0-8D11-00A0C91BC942}") = "libopenjp2", "3rdparty\openjpeg\openjp2\libopenjp2.vcxproj", "{29FF3B32-C2FE-34DB-907C-6440FD730247}"
	ProjectSection(ProjectDependencies) = postProject
		{88AD6D21-1BE3-3361-AED9-F84450C1C9FA} = {88AD6D21-1BE3-3361-AED9-F84450C1C9FA}
	EndProjectSection
EndProject
Project("{8BC9CEB8-8B4A-11D0-8D11-00A0C91BC942}") = "libpng", "3rdparty\libpng\libpng.vcxproj", "{38B61AD7-F3C4-3572-A5D4-814324593257}"
	ProjectSection(ProjectDependencies) = postProject
		{88AD6D21-1BE3-3361-AED9-F84450C1C9FA} = {88AD6D21-1BE3-3361-AED9-F84450C1C9FA}
		{9FB8B74A-97F6-3457-8A96-B510D9CF941F} = {9FB8B74A-97F6-3457-8A96-B510D9CF941F}
	EndProjectSection
EndProject
Project("{8BC9CEB8-8B4A-11D0-8D11-00A0C91BC942}") = "libprotobuf", "3rdparty\protobuf\libprotobuf.vcxproj", "{95729199-06CF-3769-A6BA-971F771B4DCA}"
	ProjectSection(ProjectDependencies) = postProject
		{88AD6D21-1BE3-3361-AED9-F84450C1C9FA} = {88AD6D21-1BE3-3361-AED9-F84450C1C9FA}
	EndProjectSection
EndProject
Project("{8BC9CEB8-8B4A-11D0-8D11-00A0C91BC942}") = "libtiff", "3rdparty\libtiff\libtiff.vcxproj", "{9BA4B7A2-07F2-3787-B9D6-2BB29B1D240E}"
	ProjectSection(ProjectDependencies) = postProject
		{88AD6D21-1BE3-3361-AED9-F84450C1C9FA} = {88AD6D21-1BE3-3361-AED9-F84450C1C9FA}
		{9FB8B74A-97F6-3457-8A96-B510D9CF941F} = {9FB8B74A-97F6-3457-8A96-B510D9CF941F}
	EndProjectSection
EndProject
Project("{8BC9CEB8-8B4A-11D0-8D11-00A0C91BC942}") = "libwebp", "3rdparty\libwebp\libwebp.vcxproj", "{5BA06A4B-758E-3B77-BFD5-D5A4719DD4B0}"
	ProjectSection(ProjectDependencies) = postProject
		{88AD6D21-1BE3-3361-AED9-F84450C1C9FA} = {88AD6D21-1BE3-3361-AED9-F84450C1C9FA}
	EndProjectSection
EndProject
Project("{8BC9CEB8-8B4A-11D0-8D11-00A0C91BC942}") = "opencv_annotation", "apps\annotation\opencv_annotation.vcxproj", "{99031B53-4B4A-3896-822B-A81BD849A666}"
	ProjectSection(ProjectDependencies) = postProject
		{88AD6D21-1BE3-3361-AED9-F84450C1C9FA} = {88AD6D21-1BE3-3361-AED9-F84450C1C9FA}
		{AAD9C648-1FDD-3A69-9E96-B3827A4DFB6D} = {AAD9C648-1FDD-3A69-9E96-B3827A4DFB6D}
		{A1AB47E7-ADF8-3F3D-A84A-E8BFC791FE6C} = {A1AB47E7-ADF8-3F3D-A84A-E8BFC791FE6C}
		{037E9CEA-AA3F-3173-9CCE-047F2B006191} = {037E9CEA-AA3F-3173-9CCE-047F2B006191}
		{27F3C70F-CF0A-3930-A42F-2230C862B870} = {27F3C70F-CF0A-3930-A42F-2230C862B870}
		{F2B52B5E-100A-3A91-B88A-6C8D81E40B6E} = {F2B52B5E-100A-3A91-B88A-6C8D81E40B6E}
		{5965FF8E-05C7-33A9-9E12-0B11612DF489} = {5965FF8E-05C7-33A9-9E12-0B11612DF489}
	EndProjectSection
EndProject
Project("{8BC9CEB8-8B4A-11D0-8D11-00A0C91BC942}") = "opencv_calib3d", "modules\calib3d\opencv_calib3d.vcxproj", "{98E72595-0A06-3F7D-9F50-8C6E69AB854F}"
	ProjectSection(ProjectDependencies) = postProject
		{88AD6D21-1BE3-3361-AED9-F84450C1C9FA} = {88AD6D21-1BE3-3361-AED9-F84450C1C9FA}
		{F4B1E634-7D15-3F97-88F6-CAA7B7A64770} = {F4B1E634-7D15-3F97-88F6-CAA7B7A64770}
		{AAD9C648-1FDD-3A69-9E96-B3827A4DFB6D} = {AAD9C648-1FDD-3A69-9E96-B3827A4DFB6D}
		{413CB0B5-D08F-348D-9E18-F3A391F80818} = {413CB0B5-D08F-348D-9E18-F3A391F80818}
		{A1AB47E7-ADF8-3F3D-A84A-E8BFC791FE6C} = {A1AB47E7-ADF8-3F3D-A84A-E8BFC791FE6C}
		{EB7C9BCF-6E10-3A6E-B8BE-23CD022F7BE5} = {EB7C9BCF-6E10-3A6E-B8BE-23CD022F7BE5}
		{C095F40E-D66D-3683-A6FB-9F299DDC461C} = {C095F40E-D66D-3683-A6FB-9F299DDC461C}
		{F2B52B5E-100A-3A91-B88A-6C8D81E40B6E} = {F2B52B5E-100A-3A91-B88A-6C8D81E40B6E}
	EndProjectSection
EndProject
Project("{8BC9CEB8-8B4A-11D0-8D11-00A0C91BC942}") = "opencv_calib3d_AVX2", "modules\calib3d\opencv_calib3d_AVX2.vcxproj", "{413CB0B5-D08F-348D-9E18-F3A391F80818}"
	ProjectSection(ProjectDependencies) = postProject
		{88AD6D21-1BE3-3361-AED9-F84450C1C9FA} = {88AD6D21-1BE3-3361-AED9-F84450C1C9FA}
	EndProjectSection
EndProject
Project("{8BC9CEB8-8B4A-11D0-8D11-00A0C91BC942}") = "opencv_core", "modules\core\opencv_core.vcxproj", "{A1AB47E7-ADF8-3F3D-A84A-E8BFC791FE6C}"
	ProjectSection(ProjectDependencies) = postProject
		{88AD6D21-1BE3-3361-AED9-F84450C1C9FA} = {88AD6D21-1BE3-3361-AED9-F84450C1C9FA}
		{F4B1E634-7D15-3F97-88F6-CAA7B7A64770} = {F4B1E634-7D15-3F97-88F6-CAA7B7A64770}
		{AAD9C648-1FDD-3A69-9E96-B3827A4DFB6D} = {AAD9C648-1FDD-3A69-9E96-B3827A4DFB6D}
		{897D44F8-E69D-3AF2-B13E-945A6048914E} = {897D44F8-E69D-3AF2-B13E-945A6048914E}
		{8BAE72A0-9A33-3619-9B55-EF4F27A64BD4} = {8BAE72A0-9A33-3619-9B55-EF4F27A64BD4}
		{B1F011B9-CF1B-3D09-895F-E663AF1514D6} = {B1F011B9-CF1B-3D09-895F-E663AF1514D6}
		{821D1326-6A53-3D9C-B682-D087DFA14B9A} = {821D1326-6A53-3D9C-B682-D087DFA14B9A}
		{05D9C24D-DE35-3C7E-A544-7EA7F5125D65} = {05D9C24D-DE35-3C7E-A544-7EA7F5125D65}
		{16014F85-727B-3BD0-9170-31DF4017FBA3} = {16014F85-727B-3BD0-9170-31DF4017FBA3}
		{9FB8B74A-97F6-3457-8A96-B510D9CF941F} = {9FB8B74A-97F6-3457-8A96-B510D9CF941F}
	EndProjectSection
EndProject
Project("{8BC9CEB8-8B4A-11D0-8D11-00A0C91BC942}") = "opencv_core_AVX", "modules\core\opencv_core_AVX.vcxproj", "{8BAE72A0-9A33-3619-9B55-EF4F27A64BD4}"
	ProjectSection(ProjectDependencies) = postProject
		{88AD6D21-1BE3-3361-AED9-F84450C1C9FA} = {88AD6D21-1BE3-3361-AED9-F84450C1C9FA}
	EndProjectSection
EndProject
Project("{8BC9CEB8-8B4A-11D0-8D11-00A0C91BC942}") = "opencv_core_AVX2", "modules\core\opencv_core_AVX2.vcxproj", "{B1F011B9-CF1B-3D09-895F-E663AF1514D6}"
	ProjectSection(ProjectDependencies) = postProject
		{88AD6D21-1BE3-3361-AED9-F84450C1C9FA} = {88AD6D21-1BE3-3361-AED9-F84450C1C9FA}
	EndProjectSection
EndProject
Project("{8BC9CEB8-8B4A-11D0-8D11-00A0C91BC942}") = "opencv_core_AVX512_SKX", "modules\core\opencv_core_AVX512_SKX.vcxproj", "{821D1326-6A53-3D9C-B682-D087DFA14B9A}"
	ProjectSection(ProjectDependencies) = postProject
		{88AD6D21-1BE3-3361-AED9-F84450C1C9FA} = {88AD6D21-1BE3-3361-AED9-F84450C1C9FA}
	EndProjectSection
EndProject
Project("{8BC9CEB8-8B4A-11D0-8D11-00A0C91BC942}") = "opencv_core_SSE4_1", "modules\core\opencv_core_SSE4_1.vcxproj", "{05D9C24D-DE35-3C7E-A544-7EA7F5125D65}"
	ProjectSection(ProjectDependencies) = postProject
		{88AD6D21-1BE3-3361-AED9-F84450C1C9FA} = {88AD6D21-1BE3-3361-AED9-F84450C1C9FA}
	EndProjectSection
EndProject
Project("{8BC9CEB8-8B4A-11D0-8D11-00A0C91BC942}") = "opencv_core_SSE4_2", "modules\core\opencv_core_SSE4_2.vcxproj", "{16014F85-727B-3BD0-9170-31DF4017FBA3}"
	ProjectSection(ProjectDependencies) = postProject
		{88AD6D21-1BE3-3361-AED9-F84450C1C9FA} = {88AD6D21-1BE3-3361-AED9-F84450C1C9FA}
	EndProjectSection
EndProject
Project("{8BC9CEB8-8B4A-11D0-8D11-00A0C91BC942}") = "opencv_dnn", "modules\dnn\opencv_dnn.vcxproj", "{8F4937CA-884E-387F-98F2-61FA27BF8CF7}"
	ProjectSection(ProjectDependencies) = postProject
		{88AD6D21-1BE3-3361-AED9-F84450C1C9FA} = {88AD6D21-1BE3-3361-AED9-F84450C1C9FA}
		{F4B1E634-7D15-3F97-88F6-CAA7B7A64770} = {F4B1E634-7D15-3F97-88F6-CAA7B7A64770}
		{AAD9C648-1FDD-3A69-9E96-B3827A4DFB6D} = {AAD9C648-1FDD-3A69-9E96-B3827A4DFB6D}
		{95729199-06CF-3769-A6BA-971F771B4DCA} = {95729199-06CF-3769-A6BA-971F771B4DCA}
		{A1AB47E7-ADF8-3F3D-A84A-E8BFC791FE6C} = {A1AB47E7-ADF8-3F3D-A84A-E8BFC791FE6C}
		{33B4900D-B4CA-32EB-B4E1-5297434D7004} = {33B4900D-B4CA-32EB-B4E1-5297434D7004}
		{9F12A185-D4F6-361E-9ADC-209C1877109F} = {9F12A185-D4F6-361E-9ADC-209C1877109F}
		{1A32646B-9B11-34C6-BC4A-EBDF6141EBF5} = {1A32646B-9B11-34C6-BC4A-EBDF6141EBF5}
		{F2B52B5E-100A-3A91-B88A-6C8D81E40B6E} = {F2B52B5E-100A-3A91-B88A-6C8D81E40B6E}
	EndProjectSection
EndProject
Project("{8BC9CEB8-8B4A-11D0-8D11-00A0C91BC942}") = "opencv_dnn_AVX", "modules\dnn\opencv_dnn_AVX.vcxproj", "{33B4900D-B4CA-32EB-B4E1-5297434D7004}"
	ProjectSection(ProjectDependencies) = postProject
		{88AD6D21-1BE3-3361-AED9-F84450C1C9FA} = {88AD6D21-1BE3-3361-AED9-F84450C1C9FA}
	EndProjectSection
EndProject
Project("{8BC9CEB8-8B4A-11D0-8D11-00A0C91BC942}") = "opencv_dnn_AVX2", "modules\dnn\opencv_dnn_AVX2.vcxproj", "{9F12A185-D4F6-361E-9ADC-209C1877109F}"
	ProjectSection(ProjectDependencies) = postProject
		{88AD6D21-1BE3-3361-AED9-F84450C1C9FA} = {88AD6D21-1BE3-3361-AED9-F84450C1C9FA}
	EndProjectSection
EndProject
Project("{8BC9CEB8-8B4A-11D0-8D11-00A0C91BC942}") = "opencv_dnn_AVX512_SKX", "modules\dnn\opencv_dnn_AVX512_SKX.vcxproj", "{1A32646B-9B11-34C6-BC4A-EBDF6141EBF5}"
	ProjectSection(ProjectDependencies) = postProject
		{88AD6D21-1BE3-3361-AED9-F84450C1C9FA} = {88AD6D21-1BE3-3361-AED9-F84450C1C9FA}
	EndProjectSection
EndProject
Project("{8BC9CEB8-8B4A-11D0-8D11-00A0C91BC942}") = "opencv_dnn_plugins", "opencv_dnn_plugins.vcxproj", "{E095A351-9F5E-3BDD-A4FE-C8BC63A274B2}"
	ProjectSection(ProjectDependencies) = postProject
		{88AD6D21-1BE3-3361-AED9-F84450C1C9FA} = {88AD6D21-1BE3-3361-AED9-F84450C1C9FA}
	EndProjectSection
EndProject
Project("{8BC9CEB8-8B4A-11D0-8D11-00A0C91BC942}") = "opencv_features2d", "modules\features2d\opencv_features2d.vcxproj", "{EB7C9BCF-6E10-3A6E-B8BE-23CD022F7BE5}"
	ProjectSection(ProjectDependencies) = postProject
		{88AD6D21-1BE3-3361-AED9-F84450C1C9FA} = {88AD6D21-1BE3-3361-AED9-F84450C1C9FA}
		{F4B1E634-7D15-3F97-88F6-CAA7B7A64770} = {F4B1E634-7D15-3F97-88F6-CAA7B7A64770}
		{AAD9C648-1FDD-3A69-9E96-B3827A4DFB6D} = {AAD9C648-1FDD-3A69-9E96-B3827A4DFB6D}
		{A1AB47E7-ADF8-3F3D-A84A-E8BFC791FE6C} = {A1AB47E7-ADF8-3F3D-A84A-E8BFC791FE6C}
		{285A3B6F-9ABE-321D-9151-CA04AEF95796} = {285A3B6F-9ABE-321D-9151-CA04AEF95796}
		{2FBD7496-42C4-30E5-BE70-3E49E18DBB7B} = {2FBD7496-42C4-30E5-BE70-3E49E18DBB7B}
		{9CADF2E7-4E48-3A29-829A-39718815A877} = {9CADF2E7-4E48-3A29-829A-39718815A877}
		{C095F40E-D66D-3683-A6FB-9F299DDC461C} = {C095F40E-D66D-3683-A6FB-9F299DDC461C}
		{F2B52B5E-100A-3A91-B88A-6C8D81E40B6E} = {F2B52B5E-100A-3A91-B88A-6C8D81E40B6E}
	EndProjectSection
EndProject
Project("{8BC9CEB8-8B4A-11D0-8D11-00A0C91BC942}") = "opencv_features2d_AVX2", "modules\features2d\opencv_features2d_AVX2.vcxproj", "{285A3B6F-9ABE-321D-9151-CA04AEF95796}"
	ProjectSection(ProjectDependencies) = postProject
		{88AD6D21-1BE3-3361-AED9-F84450C1C9FA} = {88AD6D21-1BE3-3361-AED9-F84450C1C9FA}
	EndProjectSection
EndProject
Project("{8BC9CEB8-8B4A-11D0-8D11-00A0C91BC942}") = "opencv_features2d_AVX512_SKX", "modules\features2d\opencv_features2d_AVX512_SKX.vcxproj", "{2FBD7496-42C4-30E5-BE70-3E49E18DBB7B}"
	ProjectSection(ProjectDependencies) = postProject
		{88AD6D21-1BE3-3361-AED9-F84450C1C9FA} = {88AD6D21-1BE3-3361-AED9-F84450C1C9FA}
	EndProjectSection
EndProject
Project("{8BC9CEB8-8B4A-11D0-8D11-00A0C91BC942}") = "opencv_features2d_SSE4_1", "modules\features2d\opencv_features2d_SSE4_1.vcxproj", "{9CADF2E7-4E48-3A29-829A-39718815A877}"
	ProjectSection(ProjectDependencies) = postProject
		{88AD6D21-1BE3-3361-AED9-F84450C1C9FA} = {88AD6D21-1BE3-3361-AED9-F84450C1C9FA}
	EndProjectSection
EndProject
Project("{8BC9CEB8-8B4A-11D0-8D11-00A0C91BC942}") = "opencv_flann", "modules\flann\opencv_flann.vcxproj", "{C095F40E-D66D-3683-A6FB-9F299DDC461C}"
	ProjectSection(ProjectDependencies) = postProject
		{88AD6D21-1BE3-3361-AED9-F84450C1C9FA} = {88AD6D21-1BE3-3361-AED9-F84450C1C9FA}
		{F4B1E634-7D15-3F97-88F6-CAA7B7A64770} = {F4B1E634-7D15-3F97-88F6-CAA7B7A64770}
		{AAD9C648-1FDD-3A69-9E96-B3827A4DFB6D} = {AAD9C648-1FDD-3A69-9E96-B3827A4DFB6D}
		{A1AB47E7-ADF8-3F3D-A84A-E8BFC791FE6C} = {A1AB47E7-ADF8-3F3D-A84A-E8BFC791FE6C}
	EndProjectSection
EndProject
Project("{8BC9CEB8-8B4A-11D0-8D11-00A0C91BC942}") = "opencv_gapi", "modules\gapi\opencv_gapi.vcxproj", "{7C6E4BFB-4F1D-3948-8E55-74F35B341B5F}"
	ProjectSection(ProjectDependencies) = postProject
		{88AD6D21-1BE3-3361-AED9-F84450C1C9FA} = {88AD6D21-1BE3-3361-AED9-F84450C1C9FA}
		{06C2BC73-F9D6-3908-9671-4E050A538E28} = {06C2BC73-F9D6-3908-9671-4E050A538E28}
		{F4B1E634-7D15-3F97-88F6-CAA7B7A64770} = {F4B1E634-7D15-3F97-88F6-CAA7B7A64770}
		{AAD9C648-1FDD-3A69-9E96-B3827A4DFB6D} = {AAD9C648-1FDD-3A69-9E96-B3827A4DFB6D}
		{897D44F8-E69D-3AF2-B13E-945A6048914E} = {897D44F8-E69D-3AF2-B13E-945A6048914E}
		{98E72595-0A06-3F7D-9F50-8C6E69AB854F} = {98E72595-0A06-3F7D-9F50-8C6E69AB854F}
		{A1AB47E7-ADF8-3F3D-A84A-E8BFC791FE6C} = {A1AB47E7-ADF8-3F3D-A84A-E8BFC791FE6C}
		{8F4937CA-884E-387F-98F2-61FA27BF8CF7} = {8F4937CA-884E-387F-98F2-61FA27BF8CF7}
		{EB7C9BCF-6E10-3A6E-B8BE-23CD022F7BE5} = {EB7C9BCF-6E10-3A6E-B8BE-23CD022F7BE5}
		{C095F40E-D66D-3683-A6FB-9F299DDC461C} = {C095F40E-D66D-3683-A6FB-9F299DDC461C}
		{06E9D5FF-2452-3DAC-A572-6A2AA03BCA5E} = {06E9D5FF-2452-3DAC-A572-6A2AA03BCA5E}
		{81E54D33-49EA-3A07-B767-2E8C52BB612C} = {81E54D33-49EA-3A07-B767-2E8C52BB612C}
		{F2B52B5E-100A-3A91-B88A-6C8D81E40B6E} = {F2B52B5E-100A-3A91-B88A-6C8D81E40B6E}
		{A0D9FEC1-DFA4-3D06-8A13-B60992DFE07B} = {A0D9FEC1-DFA4-3D06-8A13-B60992DFE07B}
	EndProjectSection
EndProject
Project("{8BC9CEB8-8B4A-11D0-8D11-00A0C91BC942}") = "opencv_gapi_AVX2", "modules\gapi\opencv_gapi_AVX2.vcxproj", "{06E9D5FF-2452-3DAC-A572-6A2AA03BCA5E}"
	ProjectSection(ProjectDependencies) = postProject
		{88AD6D21-1BE3-3361-AED9-F84450C1C9FA} = {88AD6D21-1BE3-3361-AED9-F84450C1C9FA}
	EndProjectSection
EndProject
Project("{8BC9CEB8-8B4A-11D0-8D11-00A0C91BC942}") = "opencv_gapi_SSE4_1", "modules\gapi\opencv_gapi_SSE4_1.vcxproj", "{81E54D33-49EA-3A07-B767-2E8C52BB612C}"
	ProjectSection(ProjectDependencies) = postProject
		{88AD6D21-1BE3-3361-AED9-F84450C1C9FA} = {88AD6D21-1BE3-3361-AED9-F84450C1C9FA}
	EndProjectSection
EndProject
Project("{8BC9CEB8-8B4A-11D0-8D11-00A0C91BC942}") = "opencv_highgui", "modules\highgui\opencv_highgui.vcxproj", "{037E9CEA-AA3F-3173-9CCE-047F2B006191}"
	ProjectSection(ProjectDependencies) = postProject
		{88AD6D21-1BE3-3361-AED9-F84450C1C9FA} = {88AD6D21-1BE3-3361-AED9-F84450C1C9FA}
		{F4B1E634-7D15-3F97-88F6-CAA7B7A64770} = {F4B1E634-7D15-3F97-88F6-CAA7B7A64770}
		{AAD9C648-1FDD-3A69-9E96-B3827A4DFB6D} = {AAD9C648-1FDD-3A69-9E96-B3827A4DFB6D}
		{A1AB47E7-ADF8-3F3D-A84A-E8BFC791FE6C} = {A1AB47E7-ADF8-3F3D-A84A-E8BFC791FE6C}
		{27F3C70F-CF0A-3930-A42F-2230C862B870} = {27F3C70F-CF0A-3930-A42F-2230C862B870}
		{F2B52B5E-100A-3A91-B88A-6C8D81E40B6E} = {F2B52B5E-100A-3A91-B88A-6C8D81E40B6E}
		{5965FF8E-05C7-33A9-9E12-0B11612DF489} = {5965FF8E-05C7-33A9-9E12-0B11612DF489}
	EndProjectSection
EndProject
Project("{8BC9CEB8-8B4A-11D0-8D11-00A0C91BC942}") = "opencv_highgui_plugins", "opencv_highgui_plugins.vcxproj", "{1404E802-196E-3010-8CAB-36E3E705ED00}"
	ProjectSection(ProjectDependencies) = postProject
		{88AD6D21-1BE3-3361-AED9-F84450C1C9FA} = {88AD6D21-1BE3-3361-AED9-F84450C1C9FA}
	EndProjectSection
EndProject
Project("{8BC9CEB8-8B4A-11D0-8D11-00A0C91BC942}") = "opencv_imgcodecs", "modules\imgcodecs\opencv_imgcodecs.vcxproj", "{27F3C70F-CF0A-3930-A42F-2230C862B870}"
	ProjectSection(ProjectDependencies) = postProject
		{28E2D7A4-30BC-398A-8B0E-18BC36559660} = {28E2D7A4-30BC-398A-8B0E-18BC36559660}
		{88AD6D21-1BE3-3361-AED9-F84450C1C9FA} = {88AD6D21-1BE3-3361-AED9-F84450C1C9FA}
		{F4B1E634-7D15-3F97-88F6-CAA7B7A64770} = {F4B1E634-7D15-3F97-88F6-CAA7B7A64770}
		{AAD9C648-1FDD-3A69-9E96-B3827A4DFB6D} = {AAD9C648-1FDD-3A69-9E96-B3827A4DFB6D}
		{0E2C1A07-B2AB-39D4-AB66-7F95CAF1E132} = {0E2C1A07-B2AB-39D4-AB66-7F95CAF1E132}
		{29FF3B32-C2FE-34DB-907C-6440FD730247} = {29FF3B32-C2FE-34DB-907C-6440FD730247}
		{38B61AD7-F3C4-3572-A5D4-814324593257} = {38B61AD7-F3C4-3572-A5D4-814324593257}
		{9BA4B7A2-07F2-3787-B9D6-2BB29B1D240E} = {9BA4B7A2-07F2-3787-B9D6-2BB29B1D240E}
		{5BA06A4B-758E-3B77-BFD5-D5A4719DD4B0} = {5BA06A4B-758E-3B77-BFD5-D5A4719DD4B0}
		{A1AB47E7-ADF8-3F3D-A84A-E8BFC791FE6C} = {A1AB47E7-ADF8-3F3D-A84A-E8BFC791FE6C}
		{F2B52B5E-100A-3A91-B88A-6C8D81E40B6E} = {F2B52B5E-100A-3A91-B88A-6C8D81E40B6E}
		{9FB8B74A-97F6-3457-8A96-B510D9CF941F} = {9FB8B74A-97F6-3457-8A96-B510D9CF941F}
	EndProjectSection
EndProject
Project("{8BC9CEB8-8B4A-11D0-8D11-00A0C91BC942}") = "opencv_imgproc", "modules\imgproc\opencv_imgproc.vcxproj", "{F2B52B5E-100A-3A91-B88A-6C8D81E40B6E}"
	ProjectSection(ProjectDependencies) = postProject
		{88AD6D21-1BE3-3361-AED9-F84450C1C9FA} = {88AD6D21-1BE3-3361-AED9-F84450C1C9FA}
		{F4B1E634-7D15-3F97-88F6-CAA7B7A64770} = {F4B1E634-7D15-3F97-88F6-CAA7B7A64770}
		{AAD9C648-1FDD-3A69-9E96-B3827A4DFB6D} = {AAD9C648-1FDD-3A69-9E96-B3827A4DFB6D}
		{A1AB47E7-ADF8-3F3D-A84A-E8BFC791FE6C} = {A1AB47E7-ADF8-3F3D-A84A-E8BFC791FE6C}
		{E944AD0F-CE41-3EB9-9C97-5CF43BDC371D} = {E944AD0F-CE41-3EB9-9C97-5CF43BDC371D}
		{A3F3DDA0-25C4-321F-9443-D4EE30D89FA5} = {A3F3DDA0-25C4-321F-9443-D4EE30D89FA5}
		{B22EBA24-D9DE-38AA-A450-DC2A154B1A92} = {B22EBA24-D9DE-38AA-A450-DC2A154B1A92}
		{34AB5338-7E48-362E-9942-4135A36CF6BB} = {34AB5338-7E48-362E-9942-4135A36CF6BB}
	EndProjectSection
EndProject
Project("{8BC9CEB8-8B4A-11D0-8D11-00A0C91BC942}") = "opencv_imgproc_AVX", "modules\imgproc\opencv_imgproc_AVX.vcxproj", "{E944AD0F-CE41-3EB9-9C97-5CF43BDC371D}"
	ProjectSection(ProjectDependencies) = postProject
		{88AD6D21-1BE3-3361-AED9-F84450C1C9FA} = {88AD6D21-1BE3-3361-AED9-F84450C1C9FA}
	EndProjectSection
EndProject
Project("{8BC9CEB8-8B4A-11D0-8D11-00A0C91BC942}") = "opencv_imgproc_AVX2", "modules\imgproc\opencv_imgproc_AVX2.vcxproj", "{A3F3DDA0-25C4-321F-9443-D4EE30D89FA5}"
	ProjectSection(ProjectDependencies) = postProject
		{88AD6D21-1BE3-3361-AED9-F84450C1C9FA} = {88AD6D21-1BE3-3361-AED9-F84450C1C9FA}
	EndProjectSection
EndProject
Project("{8BC9CEB8-8B4A-11D0-8D11-00A0C91BC942}") = "opencv_imgproc_AVX512_SKX", "modules\imgproc\opencv_imgproc_AVX512_SKX.vcxproj", "{B22EBA24-D9DE-38AA-A450-DC2A154B1A92}"
	ProjectSection(ProjectDependencies) = postProject
		{88AD6D21-1BE3-3361-AED9-F84450C1C9FA} = {88AD6D21-1BE3-3361-AED9-F84450C1C9FA}
	EndProjectSection
EndProject
Project("{8BC9CEB8-8B4A-11D0-8D11-00A0C91BC942}") = "opencv_imgproc_SSE4_1", "modules\imgproc\opencv_imgproc_SSE4_1.vcxproj", "{34AB5338-7E48-362E-9942-4135A36CF6BB}"
	ProjectSection(ProjectDependencies) = postProject
		{88AD6D21-1BE3-3361-AED9-F84450C1C9FA} = {88AD6D21-1BE3-3361-AED9-F84450C1C9FA}
	EndProjectSection
EndProject
Project("{8BC9CEB8-8B4A-11D0-8D11-00A0C91BC942}") = "opencv_interactive-calibration", "apps\interactive-calibration\opencv_interactive-calibration.vcxproj", "{8526AE40-A23E-32DF-B850-2BFA76008CAB}"
	ProjectSection(ProjectDependencies) = postProject
		{88AD6D21-1BE3-3361-AED9-F84450C1C9FA} = {88AD6D21-1BE3-3361-AED9-F84450C1C9FA}
		{AAD9C648-1FDD-3A69-9E96-B3827A4DFB6D} = {AAD9C648-1FDD-3A69-9E96-B3827A4DFB6D}
		{98E72595-0A06-3F7D-9F50-8C6E69AB854F} = {98E72595-0A06-3F7D-9F50-8C6E69AB854F}
		{A1AB47E7-ADF8-3F3D-A84A-E8BFC791FE6C} = {A1AB47E7-ADF8-3F3D-A84A-E8BFC791FE6C}
		{8F4937CA-884E-387F-98F2-61FA27BF8CF7} = {8F4937CA-884E-387F-98F2-61FA27BF8CF7}
		{EB7C9BCF-6E10-3A6E-B8BE-23CD022F7BE5} = {EB7C9BCF-6E10-3A6E-B8BE-23CD022F7BE5}
		{C095F40E-D66D-3683-A6FB-9F299DDC461C} = {C095F40E-D66D-3683-A6FB-9F299DDC461C}
		{037E9CEA-AA3F-3173-9CCE-047F2B006191} = {037E9CEA-AA3F-3173-9CCE-047F2B006191}
		{27F3C70F-CF0A-3930-A42F-2230C862B870} = {27F3C70F-CF0A-3930-A42F-2230C862B870}
		{F2B52B5E-100A-3A91-B88A-6C8D81E40B6E} = {F2B52B5E-100A-3A91-B88A-6C8D81E40B6E}
		{39835506-DAF6-3AA1-BFDD-6703237702DC} = {39835506-DAF6-3AA1-BFDD-6703237702DC}
		{5965FF8E-05C7-33A9-9E12-0B11612DF489} = {5965FF8E-05C7-33A9-9E12-0B11612DF489}
	EndProjectSection
EndProject
Project("{8BC9CEB8-8B4A-11D0-8D11-00A0C91BC942}") = "opencv_ml", "modules\ml\opencv_ml.vcxproj", "{51D7DB20-1F55-358D-92F4-FECCA8044E6E}"
	ProjectSection(ProjectDependencies) = postProject
		{88AD6D21-1BE3-3361-AED9-F84450C1C9FA} = {88AD6D21-1BE3-3361-AED9-F84450C1C9FA}
		{F4B1E634-7D15-3F97-88F6-CAA7B7A64770} = {F4B1E634-7D15-3F97-88F6-CAA7B7A64770}
		{AAD9C648-1FDD-3A69-9E96-B3827A4DFB6D} = {AAD9C648-1FDD-3A69-9E96-B3827A4DFB6D}
		{A1AB47E7-ADF8-3F3D-A84A-E8BFC791FE6C} = {A1AB47E7-ADF8-3F3D-A84A-E8BFC791FE6C}
	EndProjectSection
EndProject
Project("{8BC9CEB8-8B4A-11D0-8D11-00A0C91BC942}") = "opencv_model_diagnostics", "apps\model-diagnostics\opencv_model_diagnostics.vcxproj", "{D94FAAAD-EC82-3BDC-9EFE-442110085184}"
	ProjectSection(ProjectDependencies) = postProject
		{88AD6D21-1BE3-3361-AED9-F84450C1C9FA} = {88AD6D21-1BE3-3361-AED9-F84450C1C9FA}
		{AAD9C648-1FDD-3A69-9E96-B3827A4DFB6D} = {AAD9C648-1FDD-3A69-9E96-B3827A4DFB6D}
		{A1AB47E7-ADF8-3F3D-A84A-E8BFC791FE6C} = {A1AB47E7-ADF8-3F3D-A84A-E8BFC791FE6C}
		{8F4937CA-884E-387F-98F2-61FA27BF8CF7} = {8F4937CA-884E-387F-98F2-61FA27BF8CF7}
		{F2B52B5E-100A-3A91-B88A-6C8D81E40B6E} = {F2B52B5E-100A-3A91-B88A-6C8D81E40B6E}
	EndProjectSection
EndProject
Project("{8BC9CEB8-8B4A-11D0-8D11-00A0C91BC942}") = "opencv_modules", "opencv_modules.vcxproj", "{57162712-90A5-397D-92FE-8DB06BFC10C9}"
	ProjectSection(ProjectDependencies) = postProject
		{88AD6D21-1BE3-3361-AED9-F84450C1C9FA} = {88AD6D21-1BE3-3361-AED9-F84450C1C9FA}
		{98E72595-0A06-3F7D-9F50-8C6E69AB854F} = {98E72595-0A06-3F7D-9F50-8C6E69AB854F}
		{A1AB47E7-ADF8-3F3D-A84A-E8BFC791FE6C} = {A1AB47E7-ADF8-3F3D-A84A-E8BFC791FE6C}
		{8F4937CA-884E-387F-98F2-61FA27BF8CF7} = {8F4937CA-884E-387F-98F2-61FA27BF8CF7}
		{EB7C9BCF-6E10-3A6E-B8BE-23CD022F7BE5} = {EB7C9BCF-6E10-3A6E-B8BE-23CD022F7BE5}
		{C095F40E-D66D-3683-A6FB-9F299DDC461C} = {C095F40E-D66D-3683-A6FB-9F299DDC461C}
		{7C6E4BFB-4F1D-3948-8E55-74F35B341B5F} = {7C6E4BFB-4F1D-3948-8E55-74F35B341B5F}
		{037E9CEA-AA3F-3173-9CCE-047F2B006191} = {037E9CEA-AA3F-3173-9CCE-047F2B006191}
		{27F3C70F-CF0A-3930-A42F-2230C862B870} = {27F3C70F-CF0A-3930-A42F-2230C862B870}
		{F2B52B5E-100A-3A91-B88A-6C8D81E40B6E} = {F2B52B5E-100A-3A91-B88A-6C8D81E40B6E}
		{51D7DB20-1F55-358D-92F4-FECCA8044E6E} = {51D7DB20-1F55-358D-92F4-FECCA8044E6E}
		{39835506-DAF6-3AA1-BFDD-6703237702DC} = {39835506-DAF6-3AA1-BFDD-6703237702DC}
		{DF7778BD-4A02-3080-8402-762951E95D31} = {DF7778BD-4A02-3080-8402-762951E95D31}
		{5D076B82-BE07-355C-AD8D-752AB786431D} = {5D076B82-BE07-355C-AD8D-752AB786431D}
		{D8618EF1-9A7C-3F81-88A7-8952241E2410} = {D8618EF1-9A7C-3F81-88A7-8952241E2410}
		{A0D9FEC1-DFA4-3D06-8A13-B60992DFE07B} = {A0D9FEC1-DFA4-3D06-8A13-B60992DFE07B}
		{5965FF8E-05C7-33A9-9E12-0B11612DF489} = {5965FF8E-05C7-33A9-9E12-0B11612DF489}
	EndProjectSection
EndProject
Project("{8BC9CEB8-8B4A-11D0-8D11-00A0C91BC942}") = "opencv_objdetect", "modules\objdetect\opencv_objdetect.vcxproj", "{39835506-DAF6-3AA1-BFDD-6703237702DC}"
	ProjectSection(ProjectDependencies) = postProject
		{88AD6D21-1BE3-3361-AED9-F84450C1C9FA} = {88AD6D21-1BE3-3361-AED9-F84450C1C9FA}
		{F4B1E634-7D15-3F97-88F6-CAA7B7A64770} = {F4B1E634-7D15-3F97-88F6-CAA7B7A64770}
		{AAD9C648-1FDD-3A69-9E96-B3827A4DFB6D} = {AAD9C648-1FDD-3A69-9E96-B3827A4DFB6D}
		{98E72595-0A06-3F7D-9F50-8C6E69AB854F} = {98E72595-0A06-3F7D-9F50-8C6E69AB854F}
		{A1AB47E7-ADF8-3F3D-A84A-E8BFC791FE6C} = {A1AB47E7-ADF8-3F3D-A84A-E8BFC791FE6C}
		{8F4937CA-884E-387F-98F2-61FA27BF8CF7} = {8F4937CA-884E-387F-98F2-61FA27BF8CF7}
		{EB7C9BCF-6E10-3A6E-B8BE-23CD022F7BE5} = {EB7C9BCF-6E10-3A6E-B8BE-23CD022F7BE5}
		{C095F40E-D66D-3683-A6FB-9F299DDC461C} = {C095F40E-D66D-3683-A6FB-9F299DDC461C}
		{F2B52B5E-100A-3A91-B88A-6C8D81E40B6E} = {F2B52B5E-100A-3A91-B88A-6C8D81E40B6E}
	EndProjectSection
EndProject
Project("{8BC9CEB8-8B4A-11D0-8D11-00A0C91BC942}") = "opencv_perf_calib3d", "modules\calib3d\opencv_perf_calib3d.vcxproj", "{C12E855D-F9FC-3589-932E-389B0DC5A87C}"
	ProjectSection(ProjectDependencies) = postProject
		{88AD6D21-1BE3-3361-AED9-F84450C1C9FA} = {88AD6D21-1BE3-3361-AED9-F84450C1C9FA}
		{F4B1E634-7D15-3F97-88F6-CAA7B7A64770} = {F4B1E634-7D15-3F97-88F6-CAA7B7A64770}
		{AAD9C648-1FDD-3A69-9E96-B3827A4DFB6D} = {AAD9C648-1FDD-3A69-9E96-B3827A4DFB6D}
		{98E72595-0A06-3F7D-9F50-8C6E69AB854F} = {98E72595-0A06-3F7D-9F50-8C6E69AB854F}
		{A1AB47E7-ADF8-3F3D-A84A-E8BFC791FE6C} = {A1AB47E7-ADF8-3F3D-A84A-E8BFC791FE6C}
		{EB7C9BCF-6E10-3A6E-B8BE-23CD022F7BE5} = {EB7C9BCF-6E10-3A6E-B8BE-23CD022F7BE5}
		{C095F40E-D66D-3683-A6FB-9F299DDC461C} = {C095F40E-D66D-3683-A6FB-9F299DDC461C}
		{037E9CEA-AA3F-3173-9CCE-047F2B006191} = {037E9CEA-AA3F-3173-9CCE-047F2B006191}
		{1404E802-196E-3010-8CAB-36E3E705ED00} = {1404E802-196E-3010-8CAB-36E3E705ED00}
		{27F3C70F-CF0A-3930-A42F-2230C862B870} = {27F3C70F-CF0A-3930-A42F-2230C862B870}
		{F2B52B5E-100A-3A91-B88A-6C8D81E40B6E} = {F2B52B5E-100A-3A91-B88A-6C8D81E40B6E}
		{D8618EF1-9A7C-3F81-88A7-8952241E2410} = {D8618EF1-9A7C-3F81-88A7-8952241E2410}
		{5965FF8E-05C7-33A9-9E12-0B11612DF489} = {5965FF8E-05C7-33A9-9E12-0B11612DF489}
		{80CDF203-3531-38D7-A709-C072B6C787DB} = {80CDF203-3531-38D7-A709-C072B6C787DB}
	EndProjectSection
EndProject
Project("{8BC9CEB8-8B4A-11D0-8D11-00A0C91BC942}") = "opencv_perf_core", "modules\core\opencv_perf_core.vcxproj", "{BEDB93F8-3E56-37FA-A0BD-51B318453623}"
	ProjectSection(ProjectDependencies) = postProject
		{88AD6D21-1BE3-3361-AED9-F84450C1C9FA} = {88AD6D21-1BE3-3361-AED9-F84450C1C9FA}
		{F4B1E634-7D15-3F97-88F6-CAA7B7A64770} = {F4B1E634-7D15-3F97-88F6-CAA7B7A64770}
		{AAD9C648-1FDD-3A69-9E96-B3827A4DFB6D} = {AAD9C648-1FDD-3A69-9E96-B3827A4DFB6D}
		{A1AB47E7-ADF8-3F3D-A84A-E8BFC791FE6C} = {A1AB47E7-ADF8-3F3D-A84A-E8BFC791FE6C}
		{037E9CEA-AA3F-3173-9CCE-047F2B006191} = {037E9CEA-AA3F-3173-9CCE-047F2B006191}
		{1404E802-196E-3010-8CAB-36E3E705ED00} = {1404E802-196E-3010-8CAB-36E3E705ED00}
		{27F3C70F-CF0A-3930-A42F-2230C862B870} = {27F3C70F-CF0A-3930-A42F-2230C862B870}
		{F2B52B5E-100A-3A91-B88A-6C8D81E40B6E} = {F2B52B5E-100A-3A91-B88A-6C8D81E40B6E}
		{D8618EF1-9A7C-3F81-88A7-8952241E2410} = {D8618EF1-9A7C-3F81-88A7-8952241E2410}
		{5965FF8E-05C7-33A9-9E12-0B11612DF489} = {5965FF8E-05C7-33A9-9E12-0B11612DF489}
		{80CDF203-3531-38D7-A709-C072B6C787DB} = {80CDF203-3531-38D7-A709-C072B6C787DB}
	EndProjectSection
EndProject
Project("{8BC9CEB8-8B4A-11D0-8D11-00A0C91BC942}") = "opencv_perf_dnn", "modules\dnn\opencv_perf_dnn.vcxproj", "{B990BFBC-30AC-3D08-B1E5-2341BC410805}"
	ProjectSection(ProjectDependencies) = postProject
		{88AD6D21-1BE3-3361-AED9-F84450C1C9FA} = {88AD6D21-1BE3-3361-AED9-F84450C1C9FA}
		{F4B1E634-7D15-3F97-88F6-CAA7B7A64770} = {F4B1E634-7D15-3F97-88F6-CAA7B7A64770}
		{AAD9C648-1FDD-3A69-9E96-B3827A4DFB6D} = {AAD9C648-1FDD-3A69-9E96-B3827A4DFB6D}
		{A1AB47E7-ADF8-3F3D-A84A-E8BFC791FE6C} = {A1AB47E7-ADF8-3F3D-A84A-E8BFC791FE6C}
		{8F4937CA-884E-387F-98F2-61FA27BF8CF7} = {8F4937CA-884E-387F-98F2-61FA27BF8CF7}
		{037E9CEA-AA3F-3173-9CCE-047F2B006191} = {037E9CEA-AA3F-3173-9CCE-047F2B006191}
		{1404E802-196E-3010-8CAB-36E3E705ED00} = {1404E802-196E-3010-8CAB-36E3E705ED00}
		{27F3C70F-CF0A-3930-A42F-2230C862B870} = {27F3C70F-CF0A-3930-A42F-2230C862B870}
		{F2B52B5E-100A-3A91-B88A-6C8D81E40B6E} = {F2B52B5E-100A-3A91-B88A-6C8D81E40B6E}
		{D8618EF1-9A7C-3F81-88A7-8952241E2410} = {D8618EF1-9A7C-3F81-88A7-8952241E2410}
		{5965FF8E-05C7-33A9-9E12-0B11612DF489} = {5965FF8E-05C7-33A9-9E12-0B11612DF489}
		{80CDF203-3531-38D7-A709-C072B6C787DB} = {80CDF203-3531-38D7-A709-C072B6C787DB}
	EndProjectSection
EndProject
Project("{8BC9CEB8-8B4A-11D0-8D11-00A0C91BC942}") = "opencv_perf_features2d", "modules\features2d\opencv_perf_features2d.vcxproj", "{58238654-A4E5-33E2-B647-1065BD6B1767}"
	ProjectSection(ProjectDependencies) = postProject
		{88AD6D21-1BE3-3361-AED9-F84450C1C9FA} = {88AD6D21-1BE3-3361-AED9-F84450C1C9FA}
		{F4B1E634-7D15-3F97-88F6-CAA7B7A64770} = {F4B1E634-7D15-3F97-88F6-CAA7B7A64770}
		{AAD9C648-1FDD-3A69-9E96-B3827A4DFB6D} = {AAD9C648-1FDD-3A69-9E96-B3827A4DFB6D}
		{A1AB47E7-ADF8-3F3D-A84A-E8BFC791FE6C} = {A1AB47E7-ADF8-3F3D-A84A-E8BFC791FE6C}
		{EB7C9BCF-6E10-3A6E-B8BE-23CD022F7BE5} = {EB7C9BCF-6E10-3A6E-B8BE-23CD022F7BE5}
		{C095F40E-D66D-3683-A6FB-9F299DDC461C} = {C095F40E-D66D-3683-A6FB-9F299DDC461C}
		{037E9CEA-AA3F-3173-9CCE-047F2B006191} = {037E9CEA-AA3F-3173-9CCE-047F2B006191}
		{1404E802-196E-3010-8CAB-36E3E705ED00} = {1404E802-196E-3010-8CAB-36E3E705ED00}
		{27F3C70F-CF0A-3930-A42F-2230C862B870} = {27F3C70F-CF0A-3930-A42F-2230C862B870}
		{F2B52B5E-100A-3A91-B88A-6C8D81E40B6E} = {F2B52B5E-100A-3A91-B88A-6C8D81E40B6E}
		{D8618EF1-9A7C-3F81-88A7-8952241E2410} = {D8618EF1-9A7C-3F81-88A7-8952241E2410}
		{5965FF8E-05C7-33A9-9E12-0B11612DF489} = {5965FF8E-05C7-33A9-9E12-0B11612DF489}
		{80CDF203-3531-38D7-A709-C072B6C787DB} = {80CDF203-3531-38D7-A709-C072B6C787DB}
	EndProjectSection
EndProject
Project("{8BC9CEB8-8B4A-11D0-8D11-00A0C91BC942}") = "opencv_perf_gapi", "modules\gapi\opencv_perf_gapi.vcxproj", "{7775C00A-B6F3-346F-A8BE-51AC940DCEB0}"
	ProjectSection(ProjectDependencies) = postProject
		{88AD6D21-1BE3-3361-AED9-F84450C1C9FA} = {88AD6D21-1BE3-3361-AED9-F84450C1C9FA}
		{F4B1E634-7D15-3F97-88F6-CAA7B7A64770} = {F4B1E634-7D15-3F97-88F6-CAA7B7A64770}
		{AAD9C648-1FDD-3A69-9E96-B3827A4DFB6D} = {AAD9C648-1FDD-3A69-9E96-B3827A4DFB6D}
		{98E72595-0A06-3F7D-9F50-8C6E69AB854F} = {98E72595-0A06-3F7D-9F50-8C6E69AB854F}
		{A1AB47E7-ADF8-3F3D-A84A-E8BFC791FE6C} = {A1AB47E7-ADF8-3F3D-A84A-E8BFC791FE6C}
		{8F4937CA-884E-387F-98F2-61FA27BF8CF7} = {8F4937CA-884E-387F-98F2-61FA27BF8CF7}
		{EB7C9BCF-6E10-3A6E-B8BE-23CD022F7BE5} = {EB7C9BCF-6E10-3A6E-B8BE-23CD022F7BE5}
		{C095F40E-D66D-3683-A6FB-9F299DDC461C} = {C095F40E-D66D-3683-A6FB-9F299DDC461C}
		{7C6E4BFB-4F1D-3948-8E55-74F35B341B5F} = {7C6E4BFB-4F1D-3948-8E55-74F35B341B5F}
		{037E9CEA-AA3F-3173-9CCE-047F2B006191} = {037E9CEA-AA3F-3173-9CCE-047F2B006191}
		{1404E802-196E-3010-8CAB-36E3E705ED00} = {1404E802-196E-3010-8CAB-36E3E705ED00}
		{27F3C70F-CF0A-3930-A42F-2230C862B870} = {27F3C70F-CF0A-3930-A42F-2230C862B870}
		{F2B52B5E-100A-3A91-B88A-6C8D81E40B6E} = {F2B52B5E-100A-3A91-B88A-6C8D81E40B6E}
		{D8618EF1-9A7C-3F81-88A7-8952241E2410} = {D8618EF1-9A7C-3F81-88A7-8952241E2410}
		{A0D9FEC1-DFA4-3D06-8A13-B60992DFE07B} = {A0D9FEC1-DFA4-3D06-8A13-B60992DFE07B}
		{5965FF8E-05C7-33A9-9E12-0B11612DF489} = {5965FF8E-05C7-33A9-9E12-0B11612DF489}
		{80CDF203-3531-38D7-A709-C072B6C787DB} = {80CDF203-3531-38D7-A709-C072B6C787DB}
	EndProjectSection
EndProject
Project("{8BC9CEB8-8B4A-11D0-8D11-00A0C91BC942}") = "opencv_perf_imgcodecs", "modules\imgcodecs\opencv_perf_imgcodecs.vcxproj", "{A5FBA999-5C7D-3B70-808B-F237DC8D97D8}"
	ProjectSection(ProjectDependencies) = postProject
		{88AD6D21-1BE3-3361-AED9-F84450C1C9FA} = {88AD6D21-1BE3-3361-AED9-F84450C1C9FA}
		{F4B1E634-7D15-3F97-88F6-CAA7B7A64770} = {F4B1E634-7D15-3F97-88F6-CAA7B7A64770}
		{AAD9C648-1FDD-3A69-9E96-B3827A4DFB6D} = {AAD9C648-1FDD-3A69-9E96-B3827A4DFB6D}
		{A1AB47E7-ADF8-3F3D-A84A-E8BFC791FE6C} = {A1AB47E7-ADF8-3F3D-A84A-E8BFC791FE6C}
		{037E9CEA-AA3F-3173-9CCE-047F2B006191} = {037E9CEA-AA3F-3173-9CCE-047F2B006191}
		{1404E802-196E-3010-8CAB-36E3E705ED00} = {1404E802-196E-3010-8CAB-36E3E705ED00}
		{27F3C70F-CF0A-3930-A42F-2230C862B870} = {27F3C70F-CF0A-3930-A42F-2230C862B870}
		{F2B52B5E-100A-3A91-B88A-6C8D81E40B6E} = {F2B52B5E-100A-3A91-B88A-6C8D81E40B6E}
		{D8618EF1-9A7C-3F81-88A7-8952241E2410} = {D8618EF1-9A7C-3F81-88A7-8952241E2410}
		{5965FF8E-05C7-33A9-9E12-0B11612DF489} = {5965FF8E-05C7-33A9-9E12-0B11612DF489}
		{80CDF203-3531-38D7-A709-C072B6C787DB} = {80CDF203-3531-38D7-A709-C072B6C787DB}
	EndProjectSection
EndProject
Project("{8BC9CEB8-8B4A-11D0-8D11-00A0C91BC942}") = "opencv_perf_imgproc", "modules\imgproc\opencv_perf_imgproc.vcxproj", "{9704CE3F-5F39-34C8-B322-E1822E0320CD}"
	ProjectSection(ProjectDependencies) = postProject
		{88AD6D21-1BE3-3361-AED9-F84450C1C9FA} = {88AD6D21-1BE3-3361-AED9-F84450C1C9FA}
		{F4B1E634-7D15-3F97-88F6-CAA7B7A64770} = {F4B1E634-7D15-3F97-88F6-CAA7B7A64770}
		{AAD9C648-1FDD-3A69-9E96-B3827A4DFB6D} = {AAD9C648-1FDD-3A69-9E96-B3827A4DFB6D}
		{A1AB47E7-ADF8-3F3D-A84A-E8BFC791FE6C} = {A1AB47E7-ADF8-3F3D-A84A-E8BFC791FE6C}
		{037E9CEA-AA3F-3173-9CCE-047F2B006191} = {037E9CEA-AA3F-3173-9CCE-047F2B006191}
		{1404E802-196E-3010-8CAB-36E3E705ED00} = {1404E802-196E-3010-8CAB-36E3E705ED00}
		{27F3C70F-CF0A-3930-A42F-2230C862B870} = {27F3C70F-CF0A-3930-A42F-2230C862B870}
		{F2B52B5E-100A-3A91-B88A-6C8D81E40B6E} = {F2B52B5E-100A-3A91-B88A-6C8D81E40B6E}
		{D8618EF1-9A7C-3F81-88A7-8952241E2410} = {D8618EF1-9A7C-3F81-88A7-8952241E2410}
		{5965FF8E-05C7-33A9-9E12-0B11612DF489} = {5965FF8E-05C7-33A9-9E12-0B11612DF489}
		{80CDF203-3531-38D7-A709-C072B6C787DB} = {80CDF203-3531-38D7-A709-C072B6C787DB}
	EndProjectSection
EndProject
Project("{8BC9CEB8-8B4A-11D0-8D11-00A0C91BC942}") = "opencv_perf_objdetect", "modules\objdetect\opencv_perf_objdetect.vcxproj", "{A3802B35-AB93-3954-BE68-4BAD044F9F57}"
	ProjectSection(ProjectDependencies) = postProject
		{88AD6D21-1BE3-3361-AED9-F84450C1C9FA} = {88AD6D21-1BE3-3361-AED9-F84450C1C9FA}
		{F4B1E634-7D15-3F97-88F6-CAA7B7A64770} = {F4B1E634-7D15-3F97-88F6-CAA7B7A64770}
		{AAD9C648-1FDD-3A69-9E96-B3827A4DFB6D} = {AAD9C648-1FDD-3A69-9E96-B3827A4DFB6D}
		{98E72595-0A06-3F7D-9F50-8C6E69AB854F} = {98E72595-0A06-3F7D-9F50-8C6E69AB854F}
		{A1AB47E7-ADF8-3F3D-A84A-E8BFC791FE6C} = {A1AB47E7-ADF8-3F3D-A84A-E8BFC791FE6C}
		{8F4937CA-884E-387F-98F2-61FA27BF8CF7} = {8F4937CA-884E-387F-98F2-61FA27BF8CF7}
		{EB7C9BCF-6E10-3A6E-B8BE-23CD022F7BE5} = {EB7C9BCF-6E10-3A6E-B8BE-23CD022F7BE5}
		{C095F40E-D66D-3683-A6FB-9F299DDC461C} = {C095F40E-D66D-3683-A6FB-9F299DDC461C}
		{037E9CEA-AA3F-3173-9CCE-047F2B006191} = {037E9CEA-AA3F-3173-9CCE-047F2B006191}
		{1404E802-196E-3010-8CAB-36E3E705ED00} = {1404E802-196E-3010-8CAB-36E3E705ED00}
		{27F3C70F-CF0A-3930-A42F-2230C862B870} = {27F3C70F-CF0A-3930-A42F-2230C862B870}
		{F2B52B5E-100A-3A91-B88A-6C8D81E40B6E} = {F2B52B5E-100A-3A91-B88A-6C8D81E40B6E}
		{39835506-DAF6-3AA1-BFDD-6703237702DC} = {39835506-DAF6-3AA1-BFDD-6703237702DC}
		{D8618EF1-9A7C-3F81-88A7-8952241E2410} = {D8618EF1-9A7C-3F81-88A7-8952241E2410}
		{5965FF8E-05C7-33A9-9E12-0B11612DF489} = {5965FF8E-05C7-33A9-9E12-0B11612DF489}
		{80CDF203-3531-38D7-A709-C072B6C787DB} = {80CDF203-3531-38D7-A709-C072B6C787DB}
	EndProjectSection
EndProject
Project("{8BC9CEB8-8B4A-11D0-8D11-00A0C91BC942}") = "opencv_perf_photo", "modules\photo\opencv_perf_photo.vcxproj", "{F2FF436F-CBAB-3A75-BCF3-D71A7FBCB5D6}"
	ProjectSection(ProjectDependencies) = postProject
		{88AD6D21-1BE3-3361-AED9-F84450C1C9FA} = {88AD6D21-1BE3-3361-AED9-F84450C1C9FA}
		{F4B1E634-7D15-3F97-88F6-CAA7B7A64770} = {F4B1E634-7D15-3F97-88F6-CAA7B7A64770}
		{AAD9C648-1FDD-3A69-9E96-B3827A4DFB6D} = {AAD9C648-1FDD-3A69-9E96-B3827A4DFB6D}
		{A1AB47E7-ADF8-3F3D-A84A-E8BFC791FE6C} = {A1AB47E7-ADF8-3F3D-A84A-E8BFC791FE6C}
		{037E9CEA-AA3F-3173-9CCE-047F2B006191} = {037E9CEA-AA3F-3173-9CCE-047F2B006191}
		{1404E802-196E-3010-8CAB-36E3E705ED00} = {1404E802-196E-3010-8CAB-36E3E705ED00}
		{27F3C70F-CF0A-3930-A42F-2230C862B870} = {27F3C70F-CF0A-3930-A42F-2230C862B870}
		{F2B52B5E-100A-3A91-B88A-6C8D81E40B6E} = {F2B52B5E-100A-3A91-B88A-6C8D81E40B6E}
		{DF7778BD-4A02-3080-8402-762951E95D31} = {DF7778BD-4A02-3080-8402-762951E95D31}
		{D8618EF1-9A7C-3F81-88A7-8952241E2410} = {D8618EF1-9A7C-3F81-88A7-8952241E2410}
		{5965FF8E-05C7-33A9-9E12-0B11612DF489} = {5965FF8E-05C7-33A9-9E12-0B11612DF489}
		{80CDF203-3531-38D7-A709-C072B6C787DB} = {80CDF203-3531-38D7-A709-C072B6C787DB}
	EndProjectSection
EndProject
Project("{8BC9CEB8-8B4A-11D0-8D11-00A0C91BC942}") = "opencv_perf_stitching", "modules\stitching\opencv_perf_stitching.vcxproj", "{37078570-7347-32C2-9C03-BF040D66884E}"
	ProjectSection(ProjectDependencies) = postProject
		{88AD6D21-1BE3-3361-AED9-F84450C1C9FA} = {88AD6D21-1BE3-3361-AED9-F84450C1C9FA}
		{F4B1E634-7D15-3F97-88F6-CAA7B7A64770} = {F4B1E634-7D15-3F97-88F6-CAA7B7A64770}
		{AAD9C648-1FDD-3A69-9E96-B3827A4DFB6D} = {AAD9C648-1FDD-3A69-9E96-B3827A4DFB6D}
		{98E72595-0A06-3F7D-9F50-8C6E69AB854F} = {98E72595-0A06-3F7D-9F50-8C6E69AB854F}
		{A1AB47E7-ADF8-3F3D-A84A-E8BFC791FE6C} = {A1AB47E7-ADF8-3F3D-A84A-E8BFC791FE6C}
		{EB7C9BCF-6E10-3A6E-B8BE-23CD022F7BE5} = {EB7C9BCF-6E10-3A6E-B8BE-23CD022F7BE5}
		{C095F40E-D66D-3683-A6FB-9F299DDC461C} = {C095F40E-D66D-3683-A6FB-9F299DDC461C}
		{037E9CEA-AA3F-3173-9CCE-047F2B006191} = {037E9CEA-AA3F-3173-9CCE-047F2B006191}
		{1404E802-196E-3010-8CAB-36E3E705ED00} = {1404E802-196E-3010-8CAB-36E3E705ED00}
		{27F3C70F-CF0A-3930-A42F-2230C862B870} = {27F3C70F-CF0A-3930-A42F-2230C862B870}
		{F2B52B5E-100A-3A91-B88A-6C8D81E40B6E} = {F2B52B5E-100A-3A91-B88A-6C8D81E40B6E}
		{5D076B82-BE07-355C-AD8D-752AB786431D} = {5D076B82-BE07-355C-AD8D-752AB786431D}
		{D8618EF1-9A7C-3F81-88A7-8952241E2410} = {D8618EF1-9A7C-3F81-88A7-8952241E2410}
		{5965FF8E-05C7-33A9-9E12-0B11612DF489} = {5965FF8E-05C7-33A9-9E12-0B11612DF489}
		{80CDF203-3531-38D7-A709-C072B6C787DB} = {80CDF203-3531-38D7-A709-C072B6C787DB}
	EndProjectSection
EndProject
Project("{8BC9CEB8-8B4A-11D0-8D11-00A0C91BC942}") = "opencv_perf_tests", "opencv_perf_tests.vcxproj", "{90E9189E-69DC-38E3-B388-9806F5B3481B}"
	ProjectSection(ProjectDependencies) = postProject
		{88AD6D21-1BE3-3361-AED9-F84450C1C9FA} = {88AD6D21-1BE3-3361-AED9-F84450C1C9FA}
		{C12E855D-F9FC-3589-932E-389B0DC5A87C} = {C12E855D-F9FC-3589-932E-389B0DC5A87C}
		{BEDB93F8-3E56-37FA-A0BD-51B318453623} = {BEDB93F8-3E56-37FA-A0BD-51B318453623}
		{B990BFBC-30AC-3D08-B1E5-2341BC410805} = {B990BFBC-30AC-3D08-B1E5-2341BC410805}
		{58238654-A4E5-33E2-B647-1065BD6B1767} = {58238654-A4E5-33E2-B647-1065BD6B1767}
		{7775C00A-B6F3-346F-A8BE-51AC940DCEB0} = {7775C00A-B6F3-346F-A8BE-51AC940DCEB0}
		{A5FBA999-5C7D-3B70-808B-F237DC8D97D8} = {A5FBA999-5C7D-3B70-808B-F237DC8D97D8}
		{9704CE3F-5F39-34C8-B322-E1822E0320CD} = {9704CE3F-5F39-34C8-B322-E1822E0320CD}
		{A3802B35-AB93-3954-BE68-4BAD044F9F57} = {A3802B35-AB93-3954-BE68-4BAD044F9F57}
		{F2FF436F-CBAB-3A75-BCF3-D71A7FBCB5D6} = {F2FF436F-CBAB-3A75-BCF3-D71A7FBCB5D6}
		{37078570-7347-32C2-9C03-BF040D66884E} = {37078570-7347-32C2-9C03-BF040D66884E}
		{4FE66962-A927-3D58-BE8E-22918E05D133} = {4FE66962-A927-3D58-BE8E-22918E05D133}
		{11C2933D-5405-3AA1-8AB7-40B58CC1D9AE} = {11C2933D-5405-3AA1-8AB7-40B58CC1D9AE}
	EndProjectSection
EndProject
Project("{8BC9CEB8-8B4A-11D0-8D11-00A0C91BC942}") = "opencv_perf_video", "modules\video\opencv_perf_video.vcxproj", "{4FE66962-A927-3D58-BE8E-22918E05D133}"
	ProjectSection(ProjectDependencies) = postProject
		{88AD6D21-1BE3-3361-AED9-F84450C1C9FA} = {88AD6D21-1BE3-3361-AED9-F84450C1C9FA}
		{F4B1E634-7D15-3F97-88F6-CAA7B7A64770} = {F4B1E634-7D15-3F97-88F6-CAA7B7A64770}
		{AAD9C648-1FDD-3A69-9E96-B3827A4DFB6D} = {AAD9C648-1FDD-3A69-9E96-B3827A4DFB6D}
		{98E72595-0A06-3F7D-9F50-8C6E69AB854F} = {98E72595-0A06-3F7D-9F50-8C6E69AB854F}
		{A1AB47E7-ADF8-3F3D-A84A-E8BFC791FE6C} = {A1AB47E7-ADF8-3F3D-A84A-E8BFC791FE6C}
		{8F4937CA-884E-387F-98F2-61FA27BF8CF7} = {8F4937CA-884E-387F-98F2-61FA27BF8CF7}
		{EB7C9BCF-6E10-3A6E-B8BE-23CD022F7BE5} = {EB7C9BCF-6E10-3A6E-B8BE-23CD022F7BE5}
		{C095F40E-D66D-3683-A6FB-9F299DDC461C} = {C095F40E-D66D-3683-A6FB-9F299DDC461C}
		{037E9CEA-AA3F-3173-9CCE-047F2B006191} = {037E9CEA-AA3F-3173-9CCE-047F2B006191}
		{1404E802-196E-3010-8CAB-36E3E705ED00} = {1404E802-196E-3010-8CAB-36E3E705ED00}
		{27F3C70F-CF0A-3930-A42F-2230C862B870} = {27F3C70F-CF0A-3930-A42F-2230C862B870}
		{F2B52B5E-100A-3A91-B88A-6C8D81E40B6E} = {F2B52B5E-100A-3A91-B88A-6C8D81E40B6E}
		{D8618EF1-9A7C-3F81-88A7-8952241E2410} = {D8618EF1-9A7C-3F81-88A7-8952241E2410}
		{A0D9FEC1-DFA4-3D06-8A13-B60992DFE07B} = {A0D9FEC1-DFA4-3D06-8A13-B60992DFE07B}
		{5965FF8E-05C7-33A9-9E12-0B11612DF489} = {5965FF8E-05C7-33A9-9E12-0B11612DF489}
		{80CDF203-3531-38D7-A709-C072B6C787DB} = {80CDF203-3531-38D7-A709-C072B6C787DB}
	EndProjectSection
EndProject
Project("{8BC9CEB8-8B4A-11D0-8D11-00A0C91BC942}") = "opencv_perf_videoio", "modules\videoio\opencv_perf_videoio.vcxproj", "{11C2933D-5405-3AA1-8AB7-40B58CC1D9AE}"
	ProjectSection(ProjectDependencies) = postProject
		{88AD6D21-1BE3-3361-AED9-F84450C1C9FA} = {88AD6D21-1BE3-3361-AED9-F84450C1C9FA}
		{F4B1E634-7D15-3F97-88F6-CAA7B7A64770} = {F4B1E634-7D15-3F97-88F6-CAA7B7A64770}
		{AAD9C648-1FDD-3A69-9E96-B3827A4DFB6D} = {AAD9C648-1FDD-3A69-9E96-B3827A4DFB6D}
		{A1AB47E7-ADF8-3F3D-A84A-E8BFC791FE6C} = {A1AB47E7-ADF8-3F3D-A84A-E8BFC791FE6C}
		{037E9CEA-AA3F-3173-9CCE-047F2B006191} = {037E9CEA-AA3F-3173-9CCE-047F2B006191}
		{1404E802-196E-3010-8CAB-36E3E705ED00} = {1404E802-196E-3010-8CAB-36E3E705ED00}
		{27F3C70F-CF0A-3930-A42F-2230C862B870} = {27F3C70F-CF0A-3930-A42F-2230C862B870}
		{F2B52B5E-100A-3A91-B88A-6C8D81E40B6E} = {F2B52B5E-100A-3A91-B88A-6C8D81E40B6E}
		{D8618EF1-9A7C-3F81-88A7-8952241E2410} = {D8618EF1-9A7C-3F81-88A7-8952241E2410}
		{5965FF8E-05C7-33A9-9E12-0B11612DF489} = {5965FF8E-05C7-33A9-9E12-0B11612DF489}
		{80CDF203-3531-38D7-A709-C072B6C787DB} = {80CDF203-3531-38D7-A709-C072B6C787DB}
	EndProjectSection
EndProject
Project("{8BC9CEB8-8B4A-11D0-8D11-00A0C91BC942}") = "opencv_photo", "modules\photo\opencv_photo.vcxproj", "{DF7778BD-4A02-3080-8402-762951E95D31}"
	ProjectSection(ProjectDependencies) = postProject
		{88AD6D21-1BE3-3361-AED9-F84450C1C9FA} = {88AD6D21-1BE3-3361-AED9-F84450C1C9FA}
		{F4B1E634-7D15-3F97-88F6-CAA7B7A64770} = {F4B1E634-7D15-3F97-88F6-CAA7B7A64770}
		{AAD9C648-1FDD-3A69-9E96-B3827A4DFB6D} = {AAD9C648-1FDD-3A69-9E96-B3827A4DFB6D}
		{A1AB47E7-ADF8-3F3D-A84A-E8BFC791FE6C} = {A1AB47E7-ADF8-3F3D-A84A-E8BFC791FE6C}
		{F2B52B5E-100A-3A91-B88A-6C8D81E40B6E} = {F2B52B5E-100A-3A91-B88A-6C8D81E40B6E}
	EndProjectSection
EndProject
Project("{8BC9CEB8-8B4A-11D0-8D11-00A0C91BC942}") = "opencv_python3", "modules\python3\opencv_python3.vcxproj", "{E3C768DC-8AB1-38DB-B5AE-50FB57F48A68}"
	ProjectSection(ProjectDependencies) = postProject
		{88AD6D21-1BE3-3361-AED9-F84450C1C9FA} = {88AD6D21-1BE3-3361-AED9-F84450C1C9FA}
		{435DC0EF-C156-33E0-8C11-33DD04E2D992} = {435DC0EF-C156-33E0-8C11-33DD04E2D992}
		{98E72595-0A06-3F7D-9F50-8C6E69AB854F} = {98E72595-0A06-3F7D-9F50-8C6E69AB854F}
		{A1AB47E7-ADF8-3F3D-A84A-E8BFC791FE6C} = {A1AB47E7-ADF8-3F3D-A84A-E8BFC791FE6C}
		{8F4937CA-884E-387F-98F2-61FA27BF8CF7} = {8F4937CA-884E-387F-98F2-61FA27BF8CF7}
		{EB7C9BCF-6E10-3A6E-B8BE-23CD022F7BE5} = {EB7C9BCF-6E10-3A6E-B8BE-23CD022F7BE5}
		{C095F40E-D66D-3683-A6FB-9F299DDC461C} = {C095F40E-D66D-3683-A6FB-9F299DDC461C}
		{7C6E4BFB-4F1D-3948-8E55-74F35B341B5F} = {7C6E4BFB-4F1D-3948-8E55-74F35B341B5F}
		{037E9CEA-AA3F-3173-9CCE-047F2B006191} = {037E9CEA-AA3F-3173-9CCE-047F2B006191}
		{27F3C70F-CF0A-3930-A42F-2230C862B870} = {27F3C70F-CF0A-3930-A42F-2230C862B870}
		{F2B52B5E-100A-3A91-B88A-6C8D81E40B6E} = {F2B52B5E-100A-3A91-B88A-6C8D81E40B6E}
		{51D7DB20-1F55-358D-92F4-FECCA8044E6E} = {51D7DB20-1F55-358D-92F4-FECCA8044E6E}
		{39835506-DAF6-3AA1-BFDD-6703237702DC} = {39835506-DAF6-3AA1-BFDD-6703237702DC}
		{DF7778BD-4A02-3080-8402-762951E95D31} = {DF7778BD-4A02-3080-8402-762951E95D31}
		{5D076B82-BE07-355C-AD8D-752AB786431D} = {5D076B82-BE07-355C-AD8D-752AB786431D}
		{A0D9FEC1-DFA4-3D06-8A13-B60992DFE07B} = {A0D9FEC1-DFA4-3D06-8A13-B60992DFE07B}
		{5965FF8E-05C7-33A9-9E12-0B11612DF489} = {5965FF8E-05C7-33A9-9E12-0B11612DF489}
	EndProjectSection
EndProject
Project("{8BC9CEB8-8B4A-11D0-8D11-00A0C91BC942}") = "opencv_stitching", "modules\stitching\opencv_stitching.vcxproj", "{5D076B82-BE07-355C-AD8D-752AB786431D}"
	ProjectSection(ProjectDependencies) = postProject
		{88AD6D21-1BE3-3361-AED9-F84450C1C9FA} = {88AD6D21-1BE3-3361-AED9-F84450C1C9FA}
		{F4B1E634-7D15-3F97-88F6-CAA7B7A64770} = {F4B1E634-7D15-3F97-88F6-CAA7B7A64770}
		{AAD9C648-1FDD-3A69-9E96-B3827A4DFB6D} = {AAD9C648-1FDD-3A69-9E96-B3827A4DFB6D}
		{98E72595-0A06-3F7D-9F50-8C6E69AB854F} = {98E72595-0A06-3F7D-9F50-8C6E69AB854F}
		{A1AB47E7-ADF8-3F3D-A84A-E8BFC791FE6C} = {A1AB47E7-ADF8-3F3D-A84A-E8BFC791FE6C}
		{EB7C9BCF-6E10-3A6E-B8BE-23CD022F7BE5} = {EB7C9BCF-6E10-3A6E-B8BE-23CD022F7BE5}
		{C095F40E-D66D-3683-A6FB-9F299DDC461C} = {C095F40E-D66D-3683-A6FB-9F299DDC461C}
		{F2B52B5E-100A-3A91-B88A-6C8D81E40B6E} = {F2B52B5E-100A-3A91-B88A-6C8D81E40B6E}
	EndProjectSection
EndProject
Project("{8BC9CEB8-8B4A-11D0-8D11-00A0C91BC942}") = "opencv_test_calib3d", "modules\calib3d\opencv_test_calib3d.vcxproj", "{9FA09EB6-BB20-35C5-B678-2498886276EA}"
	ProjectSection(ProjectDependencies) = postProject
		{88AD6D21-1BE3-3361-AED9-F84450C1C9FA} = {88AD6D21-1BE3-3361-AED9-F84450C1C9FA}
		{F4B1E634-7D15-3F97-88F6-CAA7B7A64770} = {F4B1E634-7D15-3F97-88F6-CAA7B7A64770}
		{AAD9C648-1FDD-3A69-9E96-B3827A4DFB6D} = {AAD9C648-1FDD-3A69-9E96-B3827A4DFB6D}
		{98E72595-0A06-3F7D-9F50-8C6E69AB854F} = {98E72595-0A06-3F7D-9F50-8C6E69AB854F}
		{A1AB47E7-ADF8-3F3D-A84A-E8BFC791FE6C} = {A1AB47E7-ADF8-3F3D-A84A-E8BFC791FE6C}
		{EB7C9BCF-6E10-3A6E-B8BE-23CD022F7BE5} = {EB7C9BCF-6E10-3A6E-B8BE-23CD022F7BE5}
		{C095F40E-D66D-3683-A6FB-9F299DDC461C} = {C095F40E-D66D-3683-A6FB-9F299DDC461C}
		{037E9CEA-AA3F-3173-9CCE-047F2B006191} = {037E9CEA-AA3F-3173-9CCE-047F2B006191}
		{1404E802-196E-3010-8CAB-36E3E705ED00} = {1404E802-196E-3010-8CAB-36E3E705ED00}
		{27F3C70F-CF0A-3930-A42F-2230C862B870} = {27F3C70F-CF0A-3930-A42F-2230C862B870}
		{F2B52B5E-100A-3A91-B88A-6C8D81E40B6E} = {F2B52B5E-100A-3A91-B88A-6C8D81E40B6E}
		{D8618EF1-9A7C-3F81-88A7-8952241E2410} = {D8618EF1-9A7C-3F81-88A7-8952241E2410}
		{5965FF8E-05C7-33A9-9E12-0B11612DF489} = {5965FF8E-05C7-33A9-9E12-0B11612DF489}
		{80CDF203-3531-38D7-A709-C072B6C787DB} = {80CDF203-3531-38D7-A709-C072B6C787DB}
	EndProjectSection
EndProject
Project("{8BC9CEB8-8B4A-11D0-8D11-00A0C91BC942}") = "opencv_test_core", "modules\core\opencv_test_core.vcxproj", "{C24A41C0-98E5-35A5-92AD-FB32D4EECA21}"
	ProjectSection(ProjectDependencies) = postProject
		{88AD6D21-1BE3-3361-AED9-F84450C1C9FA} = {88AD6D21-1BE3-3361-AED9-F84450C1C9FA}
		{F4B1E634-7D15-3F97-88F6-CAA7B7A64770} = {F4B1E634-7D15-3F97-88F6-CAA7B7A64770}
		{AAD9C648-1FDD-3A69-9E96-B3827A4DFB6D} = {AAD9C648-1FDD-3A69-9E96-B3827A4DFB6D}
		{A1AB47E7-ADF8-3F3D-A84A-E8BFC791FE6C} = {A1AB47E7-ADF8-3F3D-A84A-E8BFC791FE6C}
		{037E9CEA-AA3F-3173-9CCE-047F2B006191} = {037E9CEA-AA3F-3173-9CCE-047F2B006191}
		{1404E802-196E-3010-8CAB-36E3E705ED00} = {1404E802-196E-3010-8CAB-36E3E705ED00}
		{27F3C70F-CF0A-3930-A42F-2230C862B870} = {27F3C70F-CF0A-3930-A42F-2230C862B870}
		{F2B52B5E-100A-3A91-B88A-6C8D81E40B6E} = {F2B52B5E-100A-3A91-B88A-6C8D81E40B6E}
		{6CA2AC56-2382-37AB-890B-75AF2B42CE8C} = {6CA2AC56-2382-37AB-890B-75AF2B42CE8C}
		{0925C22E-90C8-36B7-944D-1EEF6C199833} = {0925C22E-90C8-36B7-944D-1EEF6C199833}
		{91F88ECC-E710-3C65-A760-F79134CAEEEA} = {91F88ECC-E710-3C65-A760-F79134CAEEEA}
		{D90B3E95-9038-36D2-A80F-6647C54F148B} = {D90B3E95-9038-36D2-A80F-6647C54F148B}
		{52505952-6ECD-32B4-8F97-D527586F2C8A} = {52505952-6ECD-32B4-8F97-D527586F2C8A}
		{46409372-192B-3F93-9901-0EA58896946D} = {46409372-192B-3F93-9901-0EA58896946D}
		{B6156243-3D86-391E-892C-D99D921B0E6D} = {B6156243-3D86-391E-892C-D99D921B0E6D}
		{98DC467D-611C-3B4F-BCE9-C0DA9B869C16} = {98DC467D-611C-3B4F-BCE9-C0DA9B869C16}
		{D8618EF1-9A7C-3F81-88A7-8952241E2410} = {D8618EF1-9A7C-3F81-88A7-8952241E2410}
		{5965FF8E-05C7-33A9-9E12-0B11612DF489} = {5965FF8E-05C7-33A9-9E12-0B11612DF489}
		{80CDF203-3531-38D7-A709-C072B6C787DB} = {80CDF203-3531-38D7-A709-C072B6C787DB}
	EndProjectSection
EndProject
Project("{8BC9CEB8-8B4A-11D0-8D11-00A0C91BC942}") = "opencv_test_core_AVX", "modules\core\opencv_test_core_AVX.vcxproj", "{6CA2AC56-2382-37AB-890B-75AF2B42CE8C}"
	ProjectSection(ProjectDependencies) = postProject
		{88AD6D21-1BE3-3361-AED9-F84450C1C9FA} = {88AD6D21-1BE3-3361-AED9-F84450C1C9FA}
	EndProjectSection
EndProject
Project("{8BC9CEB8-8B4A-11D0-8D11-00A0C91BC942}") = "opencv_test_core_AVX2", "modules\core\opencv_test_core_AVX2.vcxproj", "{0925C22E-90C8-36B7-944D-1EEF6C199833}"
	ProjectSection(ProjectDependencies) = postProject
		{88AD6D21-1BE3-3361-AED9-F84450C1C9FA} = {88AD6D21-1BE3-3361-AED9-F84450C1C9FA}
	EndProjectSection
EndProject
Project("{8BC9CEB8-8B4A-11D0-8D11-00A0C91BC942}") = "opencv_test_core_AVX512_SKX", "modules\core\opencv_test_core_AVX512_SKX.vcxproj", "{91F88ECC-E710-3C65-A760-F79134CAEEEA}"
	ProjectSection(ProjectDependencies) = postProject
		{88AD6D21-1BE3-3361-AED9-F84450C1C9FA} = {88AD6D21-1BE3-3361-AED9-F84450C1C9FA}
	EndProjectSection
EndProject
Project("{8BC9CEB8-8B4A-11D0-8D11-00A0C91BC942}") = "opencv_test_core_FP16", "modules\core\opencv_test_core_FP16.vcxproj", "{D90B3E95-9038-36D2-A80F-6647C54F148B}"
	ProjectSection(ProjectDependencies) = postProject
		{88AD6D21-1BE3-3361-AED9-F84450C1C9FA} = {88AD6D21-1BE3-3361-AED9-F84450C1C9FA}
	EndProjectSection
EndProject
Project("{8BC9CEB8-8B4A-11D0-8D11-00A0C91BC942}") = "opencv_test_core_SSE2", "modules\core\opencv_test_core_SSE2.vcxproj", "{52505952-6ECD-32B4-8F97-D527586F2C8A}"
	ProjectSection(ProjectDependencies) = postProject
		{88AD6D21-1BE3-3361-AED9-F84450C1C9FA} = {88AD6D21-1BE3-3361-AED9-F84450C1C9FA}
	EndProjectSection
EndProject
Project("{8BC9CEB8-8B4A-11D0-8D11-00A0C91BC942}") = "opencv_test_core_SSE3", "modules\core\opencv_test_core_SSE3.vcxproj", "{46409372-192B-3F93-9901-0EA58896946D}"
	ProjectSection(ProjectDependencies) = postProject
		{88AD6D21-1BE3-3361-AED9-F84450C1C9FA} = {88AD6D21-1BE3-3361-AED9-F84450C1C9FA}
	EndProjectSection
EndProject
Project("{8BC9CEB8-8B4A-11D0-8D11-00A0C91BC942}") = "opencv_test_core_SSE4_1", "modules\core\opencv_test_core_SSE4_1.vcxproj", "{B6156243-3D86-391E-892C-D99D921B0E6D}"
	ProjectSection(ProjectDependencies) = postProject
		{88AD6D21-1BE3-3361-AED9-F84450C1C9FA} = {88AD6D21-1BE3-3361-AED9-F84450C1C9FA}
	EndProjectSection
EndProject
Project("{8BC9CEB8-8B4A-11D0-8D11-00A0C91BC942}") = "opencv_test_core_SSE4_2", "modules\core\opencv_test_core_SSE4_2.vcxproj", "{98DC467D-611C-3B4F-BCE9-C0DA9B869C16}"
	ProjectSection(ProjectDependencies) = postProject
		{88AD6D21-1BE3-3361-AED9-F84450C1C9FA} = {88AD6D21-1BE3-3361-AED9-F84450C1C9FA}
	EndProjectSection
EndProject
Project("{8BC9CEB8-8B4A-11D0-8D11-00A0C91BC942}") = "opencv_test_dnn", "modules\dnn\opencv_test_dnn.vcxproj", "{0AF41CC5-AC05-3052-90B8-092C3B4F1D06}"
	ProjectSection(ProjectDependencies) = postProject
		{88AD6D21-1BE3-3361-AED9-F84450C1C9FA} = {88AD6D21-1BE3-3361-AED9-F84450C1C9FA}
		{F4B1E634-7D15-3F97-88F6-CAA7B7A64770} = {F4B1E634-7D15-3F97-88F6-CAA7B7A64770}
		{AAD9C648-1FDD-3A69-9E96-B3827A4DFB6D} = {AAD9C648-1FDD-3A69-9E96-B3827A4DFB6D}
		{A1AB47E7-ADF8-3F3D-A84A-E8BFC791FE6C} = {A1AB47E7-ADF8-3F3D-A84A-E8BFC791FE6C}
		{8F4937CA-884E-387F-98F2-61FA27BF8CF7} = {8F4937CA-884E-387F-98F2-61FA27BF8CF7}
		{037E9CEA-AA3F-3173-9CCE-047F2B006191} = {037E9CEA-AA3F-3173-9CCE-047F2B006191}
		{1404E802-196E-3010-8CAB-36E3E705ED00} = {1404E802-196E-3010-8CAB-36E3E705ED00}
		{27F3C70F-CF0A-3930-A42F-2230C862B870} = {27F3C70F-CF0A-3930-A42F-2230C862B870}
		{F2B52B5E-100A-3A91-B88A-6C8D81E40B6E} = {F2B52B5E-100A-3A91-B88A-6C8D81E40B6E}
		{D8618EF1-9A7C-3F81-88A7-8952241E2410} = {D8618EF1-9A7C-3F81-88A7-8952241E2410}
		{5965FF8E-05C7-33A9-9E12-0B11612DF489} = {5965FF8E-05C7-33A9-9E12-0B11612DF489}
		{80CDF203-3531-38D7-A709-C072B6C787DB} = {80CDF203-3531-38D7-A709-C072B6C787DB}
	EndProjectSection
EndProject
Project("{8BC9CEB8-8B4A-11D0-8D11-00A0C91BC942}") = "opencv_test_features2d", "modules\features2d\opencv_test_features2d.vcxproj", "{B29356A8-0AE1-3032-AA12-FBB4B543D8EB}"
	ProjectSection(ProjectDependencies) = postProject
		{88AD6D21-1BE3-3361-AED9-F84450C1C9FA} = {88AD6D21-1BE3-3361-AED9-F84450C1C9FA}
		{F4B1E634-7D15-3F97-88F6-CAA7B7A64770} = {F4B1E634-7D15-3F97-88F6-CAA7B7A64770}
		{AAD9C648-1FDD-3A69-9E96-B3827A4DFB6D} = {AAD9C648-1FDD-3A69-9E96-B3827A4DFB6D}
		{A1AB47E7-ADF8-3F3D-A84A-E8BFC791FE6C} = {A1AB47E7-ADF8-3F3D-A84A-E8BFC791FE6C}
		{EB7C9BCF-6E10-3A6E-B8BE-23CD022F7BE5} = {EB7C9BCF-6E10-3A6E-B8BE-23CD022F7BE5}
		{C095F40E-D66D-3683-A6FB-9F299DDC461C} = {C095F40E-D66D-3683-A6FB-9F299DDC461C}
		{037E9CEA-AA3F-3173-9CCE-047F2B006191} = {037E9CEA-AA3F-3173-9CCE-047F2B006191}
		{1404E802-196E-3010-8CAB-36E3E705ED00} = {1404E802-196E-3010-8CAB-36E3E705ED00}
		{27F3C70F-CF0A-3930-A42F-2230C862B870} = {27F3C70F-CF0A-3930-A42F-2230C862B870}
		{F2B52B5E-100A-3A91-B88A-6C8D81E40B6E} = {F2B52B5E-100A-3A91-B88A-6C8D81E40B6E}
		{D8618EF1-9A7C-3F81-88A7-8952241E2410} = {D8618EF1-9A7C-3F81-88A7-8952241E2410}
		{5965FF8E-05C7-33A9-9E12-0B11612DF489} = {5965FF8E-05C7-33A9-9E12-0B11612DF489}
		{80CDF203-3531-38D7-A709-C072B6C787DB} = {80CDF203-3531-38D7-A709-C072B6C787DB}
	EndProjectSection
EndProject
Project("{8BC9CEB8-8B4A-11D0-8D11-00A0C91BC942}") = "opencv_test_flann", "modules\flann\opencv_test_flann.vcxproj", "{5938417C-1B62-3673-B01D-82385B941FBF}"
	ProjectSection(ProjectDependencies) = postProject
		{88AD6D21-1BE3-3361-AED9-F84450C1C9FA} = {88AD6D21-1BE3-3361-AED9-F84450C1C9FA}
		{F4B1E634-7D15-3F97-88F6-CAA7B7A64770} = {F4B1E634-7D15-3F97-88F6-CAA7B7A64770}
		{AAD9C648-1FDD-3A69-9E96-B3827A4DFB6D} = {AAD9C648-1FDD-3A69-9E96-B3827A4DFB6D}
		{A1AB47E7-ADF8-3F3D-A84A-E8BFC791FE6C} = {A1AB47E7-ADF8-3F3D-A84A-E8BFC791FE6C}
		{C095F40E-D66D-3683-A6FB-9F299DDC461C} = {C095F40E-D66D-3683-A6FB-9F299DDC461C}
		{037E9CEA-AA3F-3173-9CCE-047F2B006191} = {037E9CEA-AA3F-3173-9CCE-047F2B006191}
		{1404E802-196E-3010-8CAB-36E3E705ED00} = {1404E802-196E-3010-8CAB-36E3E705ED00}
		{27F3C70F-CF0A-3930-A42F-2230C862B870} = {27F3C70F-CF0A-3930-A42F-2230C862B870}
		{F2B52B5E-100A-3A91-B88A-6C8D81E40B6E} = {F2B52B5E-100A-3A91-B88A-6C8D81E40B6E}
		{D8618EF1-9A7C-3F81-88A7-8952241E2410} = {D8618EF1-9A7C-3F81-88A7-8952241E2410}
		{5965FF8E-05C7-33A9-9E12-0B11612DF489} = {5965FF8E-05C7-33A9-9E12-0B11612DF489}
		{80CDF203-3531-38D7-A709-C072B6C787DB} = {80CDF203-3531-38D7-A709-C072B6C787DB}
	EndProjectSection
EndProject
Project("{8BC9CEB8-8B4A-11D0-8D11-00A0C91BC942}") = "opencv_test_gapi", "modules\gapi\opencv_test_gapi.vcxproj", "{EAACDD93-8EBD-3813-A29F-B9F691FAF2B7}"
	ProjectSection(ProjectDependencies) = postProject
		{88AD6D21-1BE3-3361-AED9-F84450C1C9FA} = {88AD6D21-1BE3-3361-AED9-F84450C1C9FA}
		{06C2BC73-F9D6-3908-9671-4E050A538E28} = {06C2BC73-F9D6-3908-9671-4E050A538E28}
		{F4B1E634-7D15-3F97-88F6-CAA7B7A64770} = {F4B1E634-7D15-3F97-88F6-CAA7B7A64770}
		{AAD9C648-1FDD-3A69-9E96-B3827A4DFB6D} = {AAD9C648-1FDD-3A69-9E96-B3827A4DFB6D}
		{98E72595-0A06-3F7D-9F50-8C6E69AB854F} = {98E72595-0A06-3F7D-9F50-8C6E69AB854F}
		{A1AB47E7-ADF8-3F3D-A84A-E8BFC791FE6C} = {A1AB47E7-ADF8-3F3D-A84A-E8BFC791FE6C}
		{8F4937CA-884E-387F-98F2-61FA27BF8CF7} = {8F4937CA-884E-387F-98F2-61FA27BF8CF7}
		{EB7C9BCF-6E10-3A6E-B8BE-23CD022F7BE5} = {EB7C9BCF-6E10-3A6E-B8BE-23CD022F7BE5}
		{C095F40E-D66D-3683-A6FB-9F299DDC461C} = {C095F40E-D66D-3683-A6FB-9F299DDC461C}
		{7C6E4BFB-4F1D-3948-8E55-74F35B341B5F} = {7C6E4BFB-4F1D-3948-8E55-74F35B341B5F}
		{037E9CEA-AA3F-3173-9CCE-047F2B006191} = {037E9CEA-AA3F-3173-9CCE-047F2B006191}
		{1404E802-196E-3010-8CAB-36E3E705ED00} = {1404E802-196E-3010-8CAB-36E3E705ED00}
		{27F3C70F-CF0A-3930-A42F-2230C862B870} = {27F3C70F-CF0A-3930-A42F-2230C862B870}
		{F2B52B5E-100A-3A91-B88A-6C8D81E40B6E} = {F2B52B5E-100A-3A91-B88A-6C8D81E40B6E}
		{D8618EF1-9A7C-3F81-88A7-8952241E2410} = {D8618EF1-9A7C-3F81-88A7-8952241E2410}
		{A0D9FEC1-DFA4-3D06-8A13-B60992DFE07B} = {A0D9FEC1-DFA4-3D06-8A13-B60992DFE07B}
		{5965FF8E-05C7-33A9-9E12-0B11612DF489} = {5965FF8E-05C7-33A9-9E12-0B11612DF489}
		{80CDF203-3531-38D7-A709-C072B6C787DB} = {80CDF203-3531-38D7-A709-C072B6C787DB}
	EndProjectSection
EndProject
Project("{8BC9CEB8-8B4A-11D0-8D11-00A0C91BC942}") = "opencv_test_highgui", "modules\highgui\opencv_test_highgui.vcxproj", "{2EE2B042-78DE-3416-86C9-0B2ADC54A790}"
	ProjectSection(ProjectDependencies) = postProject
		{88AD6D21-1BE3-3361-AED9-F84450C1C9FA} = {88AD6D21-1BE3-3361-AED9-F84450C1C9FA}
		{F4B1E634-7D15-3F97-88F6-CAA7B7A64770} = {F4B1E634-7D15-3F97-88F6-CAA7B7A64770}
		{AAD9C648-1FDD-3A69-9E96-B3827A4DFB6D} = {AAD9C648-1FDD-3A69-9E96-B3827A4DFB6D}
		{A1AB47E7-ADF8-3F3D-A84A-E8BFC791FE6C} = {A1AB47E7-ADF8-3F3D-A84A-E8BFC791FE6C}
		{037E9CEA-AA3F-3173-9CCE-047F2B006191} = {037E9CEA-AA3F-3173-9CCE-047F2B006191}
		{1404E802-196E-3010-8CAB-36E3E705ED00} = {1404E802-196E-3010-8CAB-36E3E705ED00}
		{27F3C70F-CF0A-3930-A42F-2230C862B870} = {27F3C70F-CF0A-3930-A42F-2230C862B870}
		{F2B52B5E-100A-3A91-B88A-6C8D81E40B6E} = {F2B52B5E-100A-3A91-B88A-6C8D81E40B6E}
		{D8618EF1-9A7C-3F81-88A7-8952241E2410} = {D8618EF1-9A7C-3F81-88A7-8952241E2410}
		{5965FF8E-05C7-33A9-9E12-0B11612DF489} = {5965FF8E-05C7-33A9-9E12-0B11612DF489}
		{80CDF203-3531-38D7-A709-C072B6C787DB} = {80CDF203-3531-38D7-A709-C072B6C787DB}
	EndProjectSection
EndProject
Project("{8BC9CEB8-8B4A-11D0-8D11-00A0C91BC942}") = "opencv_test_imgcodecs", "modules\imgcodecs\opencv_test_imgcodecs.vcxproj", "{FEBD271F-7030-358C-A035-CEA9074E4340}"
	ProjectSection(ProjectDependencies) = postProject
		{88AD6D21-1BE3-3361-AED9-F84450C1C9FA} = {88AD6D21-1BE3-3361-AED9-F84450C1C9FA}
		{F4B1E634-7D15-3F97-88F6-CAA7B7A64770} = {F4B1E634-7D15-3F97-88F6-CAA7B7A64770}
		{AAD9C648-1FDD-3A69-9E96-B3827A4DFB6D} = {AAD9C648-1FDD-3A69-9E96-B3827A4DFB6D}
		{A1AB47E7-ADF8-3F3D-A84A-E8BFC791FE6C} = {A1AB47E7-ADF8-3F3D-A84A-E8BFC791FE6C}
		{037E9CEA-AA3F-3173-9CCE-047F2B006191} = {037E9CEA-AA3F-3173-9CCE-047F2B006191}
		{1404E802-196E-3010-8CAB-36E3E705ED00} = {1404E802-196E-3010-8CAB-36E3E705ED00}
		{27F3C70F-CF0A-3930-A42F-2230C862B870} = {27F3C70F-CF0A-3930-A42F-2230C862B870}
		{F2B52B5E-100A-3A91-B88A-6C8D81E40B6E} = {F2B52B5E-100A-3A91-B88A-6C8D81E40B6E}
		{D8618EF1-9A7C-3F81-88A7-8952241E2410} = {D8618EF1-9A7C-3F81-88A7-8952241E2410}
		{5965FF8E-05C7-33A9-9E12-0B11612DF489} = {5965FF8E-05C7-33A9-9E12-0B11612DF489}
		{80CDF203-3531-38D7-A709-C072B6C787DB} = {80CDF203-3531-38D7-A709-C072B6C787DB}
	EndProjectSection
EndProject
Project("{8BC9CEB8-8B4A-11D0-8D11-00A0C91BC942}") = "opencv_test_imgproc", "modules\imgproc\opencv_test_imgproc.vcxproj", "{381EB78C-E907-3C32-8F16-7FF1251D0111}"
	ProjectSection(ProjectDependencies) = postProject
		{88AD6D21-1BE3-3361-AED9-F84450C1C9FA} = {88AD6D21-1BE3-3361-AED9-F84450C1C9FA}
		{F4B1E634-7D15-3F97-88F6-CAA7B7A64770} = {F4B1E634-7D15-3F97-88F6-CAA7B7A64770}
		{AAD9C648-1FDD-3A69-9E96-B3827A4DFB6D} = {AAD9C648-1FDD-3A69-9E96-B3827A4DFB6D}
		{A1AB47E7-ADF8-3F3D-A84A-E8BFC791FE6C} = {A1AB47E7-ADF8-3F3D-A84A-E8BFC791FE6C}
		{037E9CEA-AA3F-3173-9CCE-047F2B006191} = {037E9CEA-AA3F-3173-9CCE-047F2B006191}
		{1404E802-196E-3010-8CAB-36E3E705ED00} = {1404E802-196E-3010-8CAB-36E3E705ED00}
		{27F3C70F-CF0A-3930-A42F-2230C862B870} = {27F3C70F-CF0A-3930-A42F-2230C862B870}
		{F2B52B5E-100A-3A91-B88A-6C8D81E40B6E} = {F2B52B5E-100A-3A91-B88A-6C8D81E40B6E}
		{D8618EF1-9A7C-3F81-88A7-8952241E2410} = {D8618EF1-9A7C-3F81-88A7-8952241E2410}
		{5965FF8E-05C7-33A9-9E12-0B11612DF489} = {5965FF8E-05C7-33A9-9E12-0B11612DF489}
		{80CDF203-3531-38D7-A709-C072B6C787DB} = {80CDF203-3531-38D7-A709-C072B6C787DB}
	EndProjectSection
EndProject
Project("{8BC9CEB8-8B4A-11D0-8D11-00A0C91BC942}") = "opencv_test_ml", "modules\ml\opencv_test_ml.vcxproj", "{7F02114D-8C9E-383C-B4DF-7EF0CA30954D}"
	ProjectSection(ProjectDependencies) = postProject
		{88AD6D21-1BE3-3361-AED9-F84450C1C9FA} = {88AD6D21-1BE3-3361-AED9-F84450C1C9FA}
		{F4B1E634-7D15-3F97-88F6-CAA7B7A64770} = {F4B1E634-7D15-3F97-88F6-CAA7B7A64770}
		{AAD9C648-1FDD-3A69-9E96-B3827A4DFB6D} = {AAD9C648-1FDD-3A69-9E96-B3827A4DFB6D}
		{A1AB47E7-ADF8-3F3D-A84A-E8BFC791FE6C} = {A1AB47E7-ADF8-3F3D-A84A-E8BFC791FE6C}
		{037E9CEA-AA3F-3173-9CCE-047F2B006191} = {037E9CEA-AA3F-3173-9CCE-047F2B006191}
		{1404E802-196E-3010-8CAB-36E3E705ED00} = {1404E802-196E-3010-8CAB-36E3E705ED00}
		{27F3C70F-CF0A-3930-A42F-2230C862B870} = {27F3C70F-CF0A-3930-A42F-2230C862B870}
		{F2B52B5E-100A-3A91-B88A-6C8D81E40B6E} = {F2B52B5E-100A-3A91-B88A-6C8D81E40B6E}
		{51D7DB20-1F55-358D-92F4-FECCA8044E6E} = {51D7DB20-1F55-358D-92F4-FECCA8044E6E}
		{D8618EF1-9A7C-3F81-88A7-8952241E2410} = {D8618EF1-9A7C-3F81-88A7-8952241E2410}
		{5965FF8E-05C7-33A9-9E12-0B11612DF489} = {5965FF8E-05C7-33A9-9E12-0B11612DF489}
		{80CDF203-3531-38D7-A709-C072B6C787DB} = {80CDF203-3531-38D7-A709-C072B6C787DB}
	EndProjectSection
EndProject
Project("{8BC9CEB8-8B4A-11D0-8D11-00A0C91BC942}") = "opencv_test_objdetect", "modules\objdetect\opencv_test_objdetect.vcxproj", "{479559C0-1192-3972-8853-3701133C8712}"
	ProjectSection(ProjectDependencies) = postProject
		{88AD6D21-1BE3-3361-AED9-F84450C1C9FA} = {88AD6D21-1BE3-3361-AED9-F84450C1C9FA}
		{F4B1E634-7D15-3F97-88F6-CAA7B7A64770} = {F4B1E634-7D15-3F97-88F6-CAA7B7A64770}
		{AAD9C648-1FDD-3A69-9E96-B3827A4DFB6D} = {AAD9C648-1FDD-3A69-9E96-B3827A4DFB6D}
		{98E72595-0A06-3F7D-9F50-8C6E69AB854F} = {98E72595-0A06-3F7D-9F50-8C6E69AB854F}
		{A1AB47E7-ADF8-3F3D-A84A-E8BFC791FE6C} = {A1AB47E7-ADF8-3F3D-A84A-E8BFC791FE6C}
		{8F4937CA-884E-387F-98F2-61FA27BF8CF7} = {8F4937CA-884E-387F-98F2-61FA27BF8CF7}
		{EB7C9BCF-6E10-3A6E-B8BE-23CD022F7BE5} = {EB7C9BCF-6E10-3A6E-B8BE-23CD022F7BE5}
		{C095F40E-D66D-3683-A6FB-9F299DDC461C} = {C095F40E-D66D-3683-A6FB-9F299DDC461C}
		{037E9CEA-AA3F-3173-9CCE-047F2B006191} = {037E9CEA-AA3F-3173-9CCE-047F2B006191}
		{1404E802-196E-3010-8CAB-36E3E705ED00} = {1404E802-196E-3010-8CAB-36E3E705ED00}
		{27F3C70F-CF0A-3930-A42F-2230C862B870} = {27F3C70F-CF0A-3930-A42F-2230C862B870}
		{F2B52B5E-100A-3A91-B88A-6C8D81E40B6E} = {F2B52B5E-100A-3A91-B88A-6C8D81E40B6E}
		{39835506-DAF6-3AA1-BFDD-6703237702DC} = {39835506-DAF6-3AA1-BFDD-6703237702DC}
		{D8618EF1-9A7C-3F81-88A7-8952241E2410} = {D8618EF1-9A7C-3F81-88A7-8952241E2410}
		{5965FF8E-05C7-33A9-9E12-0B11612DF489} = {5965FF8E-05C7-33A9-9E12-0B11612DF489}
		{80CDF203-3531-38D7-A709-C072B6C787DB} = {80CDF203-3531-38D7-A709-C072B6C787DB}
	EndProjectSection
EndProject
Project("{8BC9CEB8-8B4A-11D0-8D11-00A0C91BC942}") = "opencv_test_photo", "modules\photo\opencv_test_photo.vcxproj", "{D81FF70D-875A-3BE1-BDAA-D05077BDC972}"
	ProjectSection(ProjectDependencies) = postProject
		{88AD6D21-1BE3-3361-AED9-F84450C1C9FA} = {88AD6D21-1BE3-3361-AED9-F84450C1C9FA}
		{F4B1E634-7D15-3F97-88F6-CAA7B7A64770} = {F4B1E634-7D15-3F97-88F6-CAA7B7A64770}
		{AAD9C648-1FDD-3A69-9E96-B3827A4DFB6D} = {AAD9C648-1FDD-3A69-9E96-B3827A4DFB6D}
		{A1AB47E7-ADF8-3F3D-A84A-E8BFC791FE6C} = {A1AB47E7-ADF8-3F3D-A84A-E8BFC791FE6C}
		{037E9CEA-AA3F-3173-9CCE-047F2B006191} = {037E9CEA-AA3F-3173-9CCE-047F2B006191}
		{1404E802-196E-3010-8CAB-36E3E705ED00} = {1404E802-196E-3010-8CAB-36E3E705ED00}
		{27F3C70F-CF0A-3930-A42F-2230C862B870} = {27F3C70F-CF0A-3930-A42F-2230C862B870}
		{F2B52B5E-100A-3A91-B88A-6C8D81E40B6E} = {F2B52B5E-100A-3A91-B88A-6C8D81E40B6E}
		{DF7778BD-4A02-3080-8402-762951E95D31} = {DF7778BD-4A02-3080-8402-762951E95D31}
		{D8618EF1-9A7C-3F81-88A7-8952241E2410} = {D8618EF1-9A7C-3F81-88A7-8952241E2410}
		{5965FF8E-05C7-33A9-9E12-0B11612DF489} = {5965FF8E-05C7-33A9-9E12-0B11612DF489}
		{80CDF203-3531-38D7-A709-C072B6C787DB} = {80CDF203-3531-38D7-A709-C072B6C787DB}
	EndProjectSection
EndProject
Project("{8BC9CEB8-8B4A-11D0-8D11-00A0C91BC942}") = "opencv_test_stitching", "modules\stitching\opencv_test_stitching.vcxproj", "{0F4B57E3-97CC-3524-9363-DDF7CC4C2775}"
	ProjectSection(ProjectDependencies) = postProject
		{88AD6D21-1BE3-3361-AED9-F84450C1C9FA} = {88AD6D21-1BE3-3361-AED9-F84450C1C9FA}
		{F4B1E634-7D15-3F97-88F6-CAA7B7A64770} = {F4B1E634-7D15-3F97-88F6-CAA7B7A64770}
		{AAD9C648-1FDD-3A69-9E96-B3827A4DFB6D} = {AAD9C648-1FDD-3A69-9E96-B3827A4DFB6D}
		{98E72595-0A06-3F7D-9F50-8C6E69AB854F} = {98E72595-0A06-3F7D-9F50-8C6E69AB854F}
		{A1AB47E7-ADF8-3F3D-A84A-E8BFC791FE6C} = {A1AB47E7-ADF8-3F3D-A84A-E8BFC791FE6C}
		{EB7C9BCF-6E10-3A6E-B8BE-23CD022F7BE5} = {EB7C9BCF-6E10-3A6E-B8BE-23CD022F7BE5}
		{C095F40E-D66D-3683-A6FB-9F299DDC461C} = {C095F40E-D66D-3683-A6FB-9F299DDC461C}
		{037E9CEA-AA3F-3173-9CCE-047F2B006191} = {037E9CEA-AA3F-3173-9CCE-047F2B006191}
		{1404E802-196E-3010-8CAB-36E3E705ED00} = {1404E802-196E-3010-8CAB-36E3E705ED00}
		{27F3C70F-CF0A-3930-A42F-2230C862B870} = {27F3C70F-CF0A-3930-A42F-2230C862B870}
		{F2B52B5E-100A-3A91-B88A-6C8D81E40B6E} = {F2B52B5E-100A-3A91-B88A-6C8D81E40B6E}
		{5D076B82-BE07-355C-AD8D-752AB786431D} = {5D076B82-BE07-355C-AD8D-752AB786431D}
		{D8618EF1-9A7C-3F81-88A7-8952241E2410} = {D8618EF1-9A7C-3F81-88A7-8952241E2410}
		{5965FF8E-05C7-33A9-9E12-0B11612DF489} = {5965FF8E-05C7-33A9-9E12-0B11612DF489}
		{80CDF203-3531-38D7-A709-C072B6C787DB} = {80CDF203-3531-38D7-A709-C072B6C787DB}
	EndProjectSection
EndProject
Project("{8BC9CEB8-8B4A-11D0-8D11-00A0C91BC942}") = "opencv_test_video", "modules\video\opencv_test_video.vcxproj", "{3BA84929-3E5A-39CD-B3AA-65FBEB8E4C74}"
	ProjectSection(ProjectDependencies) = postProject
		{88AD6D21-1BE3-3361-AED9-F84450C1C9FA} = {88AD6D21-1BE3-3361-AED9-F84450C1C9FA}
		{F4B1E634-7D15-3F97-88F6-CAA7B7A64770} = {F4B1E634-7D15-3F97-88F6-CAA7B7A64770}
		{AAD9C648-1FDD-3A69-9E96-B3827A4DFB6D} = {AAD9C648-1FDD-3A69-9E96-B3827A4DFB6D}
		{98E72595-0A06-3F7D-9F50-8C6E69AB854F} = {98E72595-0A06-3F7D-9F50-8C6E69AB854F}
		{A1AB47E7-ADF8-3F3D-A84A-E8BFC791FE6C} = {A1AB47E7-ADF8-3F3D-A84A-E8BFC791FE6C}
		{8F4937CA-884E-387F-98F2-61FA27BF8CF7} = {8F4937CA-884E-387F-98F2-61FA27BF8CF7}
		{EB7C9BCF-6E10-3A6E-B8BE-23CD022F7BE5} = {EB7C9BCF-6E10-3A6E-B8BE-23CD022F7BE5}
		{C095F40E-D66D-3683-A6FB-9F299DDC461C} = {C095F40E-D66D-3683-A6FB-9F299DDC461C}
		{037E9CEA-AA3F-3173-9CCE-047F2B006191} = {037E9CEA-AA3F-3173-9CCE-047F2B006191}
		{1404E802-196E-3010-8CAB-36E3E705ED00} = {1404E802-196E-3010-8CAB-36E3E705ED00}
		{27F3C70F-CF0A-3930-A42F-2230C862B870} = {27F3C70F-CF0A-3930-A42F-2230C862B870}
		{F2B52B5E-100A-3A91-B88A-6C8D81E40B6E} = {F2B52B5E-100A-3A91-B88A-6C8D81E40B6E}
		{D8618EF1-9A7C-3F81-88A7-8952241E2410} = {D8618EF1-9A7C-3F81-88A7-8952241E2410}
		{A0D9FEC1-DFA4-3D06-8A13-B60992DFE07B} = {A0D9FEC1-DFA4-3D06-8A13-B60992DFE07B}
		{5965FF8E-05C7-33A9-9E12-0B11612DF489} = {5965FF8E-05C7-33A9-9E12-0B11612DF489}
		{80CDF203-3531-38D7-A709-C072B6C787DB} = {80CDF203-3531-38D7-A709-C072B6C787DB}
	EndProjectSection
EndProject
Project("{8BC9CEB8-8B4A-11D0-8D11-00A0C91BC942}") = "opencv_test_videoio", "modules\videoio\opencv_test_videoio.vcxproj", "{A7CAB709-4E2A-3A07-A855-8B8A2B445D27}"
	ProjectSection(ProjectDependencies) = postProject
		{88AD6D21-1BE3-3361-AED9-F84450C1C9FA} = {88AD6D21-1BE3-3361-AED9-F84450C1C9FA}
		{F4B1E634-7D15-3F97-88F6-CAA7B7A64770} = {F4B1E634-7D15-3F97-88F6-CAA7B7A64770}
		{AAD9C648-1FDD-3A69-9E96-B3827A4DFB6D} = {AAD9C648-1FDD-3A69-9E96-B3827A4DFB6D}
		{A1AB47E7-ADF8-3F3D-A84A-E8BFC791FE6C} = {A1AB47E7-ADF8-3F3D-A84A-E8BFC791FE6C}
		{037E9CEA-AA3F-3173-9CCE-047F2B006191} = {037E9CEA-AA3F-3173-9CCE-047F2B006191}
		{1404E802-196E-3010-8CAB-36E3E705ED00} = {1404E802-196E-3010-8CAB-36E3E705ED00}
		{27F3C70F-CF0A-3930-A42F-2230C862B870} = {27F3C70F-CF0A-3930-A42F-2230C862B870}
		{F2B52B5E-100A-3A91-B88A-6C8D81E40B6E} = {F2B52B5E-100A-3A91-B88A-6C8D81E40B6E}
		{D8618EF1-9A7C-3F81-88A7-8952241E2410} = {D8618EF1-9A7C-3F81-88A7-8952241E2410}
		{5965FF8E-05C7-33A9-9E12-0B11612DF489} = {5965FF8E-05C7-33A9-9E12-0B11612DF489}
		{80CDF203-3531-38D7-A709-C072B6C787DB} = {80CDF203-3531-38D7-A709-C072B6C787DB}
	EndProjectSection
EndProject
Project("{8BC9CEB8-8B4A-11D0-8D11-00A0C91BC942}") = "opencv_tests", "opencv_tests.vcxproj", "{F099D3C0-DED3-39BF-9CE6-A5E1D354323A}"
	ProjectSection(ProjectDependencies) = postProject
		{88AD6D21-1BE3-3361-AED9-F84450C1C9FA} = {88AD6D21-1BE3-3361-AED9-F84450C1C9FA}
		{9FA09EB6-BB20-35C5-B678-2498886276EA} = {9FA09EB6-BB20-35C5-B678-2498886276EA}
		{C24A41C0-98E5-35A5-92AD-FB32D4EECA21} = {C24A41C0-98E5-35A5-92AD-FB32D4EECA21}
		{0AF41CC5-AC05-3052-90B8-092C3B4F1D06} = {0AF41CC5-AC05-3052-90B8-092C3B4F1D06}
		{B29356A8-0AE1-3032-AA12-FBB4B543D8EB} = {B29356A8-0AE1-3032-AA12-FBB4B543D8EB}
		{5938417C-1B62-3673-B01D-82385B941FBF} = {5938417C-1B62-3673-B01D-82385B941FBF}
		{EAACDD93-8EBD-3813-A29F-B9F691FAF2B7} = {EAACDD93-8EBD-3813-A29F-B9F691FAF2B7}
		{2EE2B042-78DE-3416-86C9-0B2ADC54A790} = {2EE2B042-78DE-3416-86C9-0B2ADC54A790}
		{FEBD271F-7030-358C-A035-CEA9074E4340} = {FEBD271F-7030-358C-A035-CEA9074E4340}
		{381EB78C-E907-3C32-8F16-7FF1251D0111} = {381EB78C-E907-3C32-8F16-7FF1251D0111}
		{7F02114D-8C9E-383C-B4DF-7EF0CA30954D} = {7F02114D-8C9E-383C-B4DF-7EF0CA30954D}
		{479559C0-1192-3972-8853-3701133C8712} = {479559C0-1192-3972-8853-3701133C8712}
		{D81FF70D-875A-3BE1-BDAA-D05077BDC972} = {D81FF70D-875A-3BE1-BDAA-D05077BDC972}
		{0F4B57E3-97CC-3524-9363-DDF7CC4C2775} = {0F4B57E3-97CC-3524-9363-DDF7CC4C2775}
		{3BA84929-3E5A-39CD-B3AA-65FBEB8E4C74} = {3BA84929-3E5A-39CD-B3AA-65FBEB8E4C74}
		{A7CAB709-4E2A-3A07-A855-8B8A2B445D27} = {A7CAB709-4E2A-3A07-A855-8B8A2B445D27}
	EndProjectSection
EndProject
Project("{8BC9CEB8-8B4A-11D0-8D11-00A0C91BC942}") = "opencv_ts", "modules\ts\opencv_ts.vcxproj", "{D8618EF1-9A7C-3F81-88A7-8952241E2410}"
	ProjectSection(ProjectDependencies) = postProject
		{88AD6D21-1BE3-3361-AED9-F84450C1C9FA} = {88AD6D21-1BE3-3361-AED9-F84450C1C9FA}
		{F4B1E634-7D15-3F97-88F6-CAA7B7A64770} = {F4B1E634-7D15-3F97-88F6-CAA7B7A64770}
		{AAD9C648-1FDD-3A69-9E96-B3827A4DFB6D} = {AAD9C648-1FDD-3A69-9E96-B3827A4DFB6D}
		{A1AB47E7-ADF8-3F3D-A84A-E8BFC791FE6C} = {A1AB47E7-ADF8-3F3D-A84A-E8BFC791FE6C}
		{037E9CEA-AA3F-3173-9CCE-047F2B006191} = {037E9CEA-AA3F-3173-9CCE-047F2B006191}
		{27F3C70F-CF0A-3930-A42F-2230C862B870} = {27F3C70F-CF0A-3930-A42F-2230C862B870}
		{F2B52B5E-100A-3A91-B88A-6C8D81E40B6E} = {F2B52B5E-100A-3A91-B88A-6C8D81E40B6E}
		{5965FF8E-05C7-33A9-9E12-0B11612DF489} = {5965FF8E-05C7-33A9-9E12-0B11612DF489}
	EndProjectSection
EndProject
Project("{8BC9CEB8-8B4A-11D0-8D11-00A0C91BC942}") = "opencv_version", "apps\version\opencv_version.vcxproj", "{CBE96847-67C3-38A0-AB8B-BF8624367332}"
	ProjectSection(ProjectDependencies) = postProject
		{88AD6D21-1BE3-3361-AED9-F84450C1C9FA} = {88AD6D21-1BE3-3361-AED9-F84450C1C9FA}
		{AAD9C648-1FDD-3A69-9E96-B3827A4DFB6D} = {AAD9C648-1FDD-3A69-9E96-B3827A4DFB6D}
		{A1AB47E7-ADF8-3F3D-A84A-E8BFC791FE6C} = {A1AB47E7-ADF8-3F3D-A84A-E8BFC791FE6C}
	EndProjectSection
EndProject
Project("{8BC9CEB8-8B4A-11D0-8D11-00A0C91BC942}") = "opencv_version_win32", "apps\version\opencv_version_win32.vcxproj", "{D79213C7-B677-320A-B207-2385FFE6238C}"
	ProjectSection(ProjectDependencies) = postProject
		{88AD6D21-1BE3-3361-AED9-F84450C1C9FA} = {88AD6D21-1BE3-3361-AED9-F84450C1C9FA}
		{AAD9C648-1FDD-3A69-9E96-B3827A4DFB6D} = {AAD9C648-1FDD-3A69-9E96-B3827A4DFB6D}
		{A1AB47E7-ADF8-3F3D-A84A-E8BFC791FE6C} = {A1AB47E7-ADF8-3F3D-A84A-E8BFC791FE6C}
	EndProjectSection
EndProject
Project("{8BC9CEB8-8B4A-11D0-8D11-00A0C91BC942}") = "opencv_video", "modules\video\opencv_video.vcxproj", "{A0D9FEC1-DFA4-3D06-8A13-B60992DFE07B}"
	ProjectSection(ProjectDependencies) = postProject
		{88AD6D21-1BE3-3361-AED9-F84450C1C9FA} = {88AD6D21-1BE3-3361-AED9-F84450C1C9FA}
		{F4B1E634-7D15-3F97-88F6-CAA7B7A64770} = {F4B1E634-7D15-3F97-88F6-CAA7B7A64770}
		{AAD9C648-1FDD-3A69-9E96-B3827A4DFB6D} = {AAD9C648-1FDD-3A69-9E96-B3827A4DFB6D}
		{98E72595-0A06-3F7D-9F50-8C6E69AB854F} = {98E72595-0A06-3F7D-9F50-8C6E69AB854F}
		{A1AB47E7-ADF8-3F3D-A84A-E8BFC791FE6C} = {A1AB47E7-ADF8-3F3D-A84A-E8BFC791FE6C}
		{8F4937CA-884E-387F-98F2-61FA27BF8CF7} = {8F4937CA-884E-387F-98F2-61FA27BF8CF7}
		{EB7C9BCF-6E10-3A6E-B8BE-23CD022F7BE5} = {EB7C9BCF-6E10-3A6E-B8BE-23CD022F7BE5}
		{C095F40E-D66D-3683-A6FB-9F299DDC461C} = {C095F40E-D66D-3683-A6FB-9F299DDC461C}
		{F2B52B5E-100A-3A91-B88A-6C8D81E40B6E} = {F2B52B5E-100A-3A91-B88A-6C8D81E40B6E}
	EndProjectSection
EndProject
Project("{8BC9CEB8-8B4A-11D0-8D11-00A0C91BC942}") = "opencv_videoio", "modules\videoio\opencv_videoio.vcxproj", "{5965FF8E-05C7-33A9-9E12-0B11612DF489}"
	ProjectSection(ProjectDependencies) = postProject
		{88AD6D21-1BE3-3361-AED9-F84450C1C9FA} = {88AD6D21-1BE3-3361-AED9-F84450C1C9FA}
		{F4B1E634-7D15-3F97-88F6-CAA7B7A64770} = {F4B1E634-7D15-3F97-88F6-CAA7B7A64770}
		{AAD9C648-1FDD-3A69-9E96-B3827A4DFB6D} = {AAD9C648-1FDD-3A69-9E96-B3827A4DFB6D}
		{A1AB47E7-ADF8-3F3D-A84A-E8BFC791FE6C} = {A1AB47E7-ADF8-3F3D-A84A-E8BFC791FE6C}
		{27F3C70F-CF0A-3930-A42F-2230C862B870} = {27F3C70F-CF0A-3930-A42F-2230C862B870}
		{F2B52B5E-100A-3A91-B88A-6C8D81E40B6E} = {F2B52B5E-100A-3A91-B88A-6C8D81E40B6E}
	EndProjectSection
EndProject
Project("{8BC9CEB8-8B4A-11D0-8D11-00A0C91BC942}") = "opencv_videoio_plugins", "modules\.firstpass\videoio\opencv_videoio_plugins.vcxproj", "{80CDF203-3531-38D7-A709-C072B6C787DB}"
	ProjectSection(ProjectDependencies) = postProject
		{88AD6D21-1BE3-3361-AED9-F84450C1C9FA} = {88AD6D21-1BE3-3361-AED9-F84450C1C9FA}
	EndProjectSection
EndProject
Project("{8BC9CEB8-8B4A-11D0-8D11-00A0C91BC942}") = "opencv_visualisation", "apps\visualisation\opencv_visualisation.vcxproj", "{132A9730-8E86-3667-8B05-1EFA562585A1}"
	ProjectSection(ProjectDependencies) = postProject
		{88AD6D21-1BE3-3361-AED9-F84450C1C9FA} = {88AD6D21-1BE3-3361-AED9-F84450C1C9FA}
		{AAD9C648-1FDD-3A69-9E96-B3827A4DFB6D} = {AAD9C648-1FDD-3A69-9E96-B3827A4DFB6D}
		{A1AB47E7-ADF8-3F3D-A84A-E8BFC791FE6C} = {A1AB47E7-ADF8-3F3D-A84A-E8BFC791FE6C}
		{037E9CEA-AA3F-3173-9CCE-047F2B006191} = {037E9CEA-AA3F-3173-9CCE-047F2B006191}
		{27F3C70F-CF0A-3930-A42F-2230C862B870} = {27F3C70F-CF0A-3930-A42F-2230C862B870}
		{F2B52B5E-100A-3A91-B88A-6C8D81E40B6E} = {F2B52B5E-100A-3A91-B88A-6C8D81E40B6E}
		{5965FF8E-05C7-33A9-9E12-0B11612DF489} = {5965FF8E-05C7-33A9-9E12-0B11612DF489}
	EndProjectSection
EndProject
Project("{8BC9CEB8-8B4A-11D0-8D11-00A0C91BC942}") = "uninstall", "uninstall.vcxproj", "{8AD4B3F3-59FB-39E8-94B2-88F75D9549E0}"
	ProjectSection(ProjectDependencies) = postProject
		{88AD6D21-1BE3-3361-AED9-F84450C1C9FA} = {88AD6D21-1BE3-3361-AED9-F84450C1C9FA}
	EndProjectSection
EndProject
Project("{8BC9CEB8-8B4A-11D0-8D11-00A0C91BC942}") = "zlib", "3rdparty\zlib\zlib.vcxproj", "{9FB8B74A-97F6-3457-8A96-B510D9CF941F}"
	ProjectSection(ProjectDependencies) = postProject
		{88AD6D21-1BE3-3361-AED9-F84450C1C9FA} = {88AD6D21-1BE3-3361-AED9-F84450C1C9FA}
	EndProjectSection
EndProject
Global
	GlobalSection(SolutionConfigurationPlatforms) = preSolution
	EndGlobalSection
	GlobalSection(ProjectConfigurationPlatforms) = postSolution
	EndGlobalSection
	GlobalSection(NestedProjects) = preSolution
		{7601FDD5-714E-3D4D-A7F4-84CCFCF46F1D} = {8CB749A1-492E-3220-8C24-5239C2EB5120}
		{28E2D7A4-30BC-398A-8B0E-18BC36559660} = {8CB749A1-492E-3220-8C24-5239C2EB5120}
		{06C2BC73-F9D6-3908-9671-4E050A538E28} = {8CB749A1-492E-3220-8C24-5239C2EB5120}
		{F4B1E634-7D15-3F97-88F6-CAA7B7A64770} = {8CB749A1-492E-3220-8C24-5239C2EB5120}
		{AAD9C648-1FDD-3A69-9E96-B3827A4DFB6D} = {8CB749A1-492E-3220-8C24-5239C2EB5120}
		{897D44F8-E69D-3AF2-B13E-945A6048914E} = {8CB749A1-492E-3220-8C24-5239C2EB5120}
		{29FF3B32-C2FE-34DB-907C-6440FD730247} = {8CB749A1-492E-3220-8C24-5239C2EB5120}
		{38B61AD7-F3C4-3572-A5D4-814324593257} = {8CB749A1-492E-3220-8C24-5239C2EB5120}
		{95729199-06CF-3769-A6BA-971F771B4DCA} = {8CB749A1-492E-3220-8C24-5239C2EB5120}
		{9BA4B7A2-07F2-3787-B9D6-2BB29B1D240E} = {8CB749A1-492E-3220-8C24-5239C2EB5120}
		{5BA06A4B-758E-3B77-BFD5-D5A4719DD4B0} = {8CB749A1-492E-3220-8C24-5239C2EB5120}
		{9FB8B74A-97F6-3457-8A96-B510D9CF941F} = {8CB749A1-492E-3220-8C24-5239C2EB5120}
		{6AF7F82E-A2D3-355F-8E06-205C3F4BCBB1} = {7601FDD5-714E-3D4D-A7F4-84CCFCF46F1D}
		{017F001E-6416-301B-BEAF-3B9A0E1E814C} = {7601FDD5-714E-3D4D-A7F4-84CCFCF46F1D}
		{0E2C1A07-B2AB-39D4-AB66-7F95CAF1E132} = {7601FDD5-714E-3D4D-A7F4-84CCFCF46F1D}
		{1B16B173-FAF8-31CC-9172-B8AAFD91B110} = {62F5E687-C192-37FD-A7D2-C10E31E00C92}
		{A4E78EA1-EC27-3367-932A-1F6AC316FF83} = {62F5E687-C192-37FD-A7D2-C10E31E00C92}
		{C0C39EE2-353C-328C-8A4C-A8893E702B43} = {62F5E687-C192-37FD-A7D2-C10E31E00C92}
		{B0DFDB30-C5C4-372A-A51F-871DEC07730D} = {62F5E687-C192-37FD-A7D2-C10E31E00C92}
		{88AD6D21-1BE3-3361-AED9-F84450C1C9FA} = {62F5E687-C192-37FD-A7D2-C10E31E00C92}
		{8AD4B3F3-59FB-39E8-94B2-88F75D9549E0} = {62F5E687-C192-37FD-A7D2-C10E31E00C92}
		{99031B53-4B4A-3896-822B-A81BD849A666} = {6045F48F-15E6-38D7-B2FC-44C327B36843}
		{8526AE40-A23E-32DF-B850-2BFA76008CAB} = {6045F48F-15E6-38D7-B2FC-44C327B36843}
		{D94FAAAD-EC82-3BDC-9EFE-442110085184} = {6045F48F-15E6-38D7-B2FC-44C327B36843}
		{CBE96847-67C3-38A0-AB8B-BF8624367332} = {6045F48F-15E6-38D7-B2FC-44C327B36843}
		{D79213C7-B677-320A-B207-2385FFE6238C} = {6045F48F-15E6-38D7-B2FC-44C327B36843}
		{132A9730-8E86-3667-8B05-1EFA562585A1} = {6045F48F-15E6-38D7-B2FC-44C327B36843}
		{E3C768DC-8AB1-38DB-B5AE-50FB57F48A68} = {3A4FBEEC-7121-3F9F-89C3-A4D107D82543}
		{413CB0B5-D08F-348D-9E18-F3A391F80818} = {CE47DE38-6B78-314C-9779-ECD877D27D55}
		{8BAE72A0-9A33-3619-9B55-EF4F27A64BD4} = {CE47DE38-6B78-314C-9779-ECD877D27D55}
		{B1F011B9-CF1B-3D09-895F-E663AF1514D6} = {CE47DE38-6B78-314C-9779-ECD877D27D55}
		{821D1326-6A53-3D9C-B682-D087DFA14B9A} = {CE47DE38-6B78-314C-9779-ECD877D27D55}
		{05D9C24D-DE35-3C7E-A544-7EA7F5125D65} = {CE47DE38-6B78-314C-9779-ECD877D27D55}
		{16014F85-727B-3BD0-9170-31DF4017FBA3} = {CE47DE38-6B78-314C-9779-ECD877D27D55}
		{33B4900D-B4CA-32EB-B4E1-5297434D7004} = {CE47DE38-6B78-314C-9779-ECD877D27D55}
		{9F12A185-D4F6-361E-9ADC-209C1877109F} = {CE47DE38-6B78-314C-9779-ECD877D27D55}
		{1A32646B-9B11-34C6-BC4A-EBDF6141EBF5} = {CE47DE38-6B78-314C-9779-ECD877D27D55}
		{285A3B6F-9ABE-321D-9151-CA04AEF95796} = {CE47DE38-6B78-314C-9779-ECD877D27D55}
		{2FBD7496-42C4-30E5-BE70-3E49E18DBB7B} = {CE47DE38-6B78-314C-9779-ECD877D27D55}
		{9CADF2E7-4E48-3A29-829A-39718815A877} = {CE47DE38-6B78-314C-9779-ECD877D27D55}
		{06E9D5FF-2452-3DAC-A572-6A2AA03BCA5E} = {CE47DE38-6B78-314C-9779-ECD877D27D55}
		{81E54D33-49EA-3A07-B767-2E8C52BB612C} = {CE47DE38-6B78-314C-9779-ECD877D27D55}
		{E944AD0F-CE41-3EB9-9C97-5CF43BDC371D} = {CE47DE38-6B78-314C-9779-ECD877D27D55}
		{A3F3DDA0-25C4-321F-9443-D4EE30D89FA5} = {CE47DE38-6B78-314C-9779-ECD877D27D55}
		{B22EBA24-D9DE-38AA-A450-DC2A154B1A92} = {CE47DE38-6B78-314C-9779-ECD877D27D55}
		{34AB5338-7E48-362E-9942-4135A36CF6BB} = {CE47DE38-6B78-314C-9779-ECD877D27D55}
		{6CA2AC56-2382-37AB-890B-75AF2B42CE8C} = {CE47DE38-6B78-314C-9779-ECD877D27D55}
		{0925C22E-90C8-36B7-944D-1EEF6C199833} = {CE47DE38-6B78-314C-9779-ECD877D27D55}
		{91F88ECC-E710-3C65-A760-F79134CAEEEA} = {CE47DE38-6B78-314C-9779-ECD877D27D55}
		{D90B3E95-9038-36D2-A80F-6647C54F148B} = {CE47DE38-6B78-314C-9779-ECD877D27D55}
		{52505952-6ECD-32B4-8F97-D527586F2C8A} = {CE47DE38-6B78-314C-9779-ECD877D27D55}
		{46409372-192B-3F93-9901-0EA58896946D} = {CE47DE38-6B78-314C-9779-ECD877D27D55}
		{B6156243-3D86-391E-892C-D99D921B0E6D} = {CE47DE38-6B78-314C-9779-ECD877D27D55}
		{98DC467D-611C-3B4F-BCE9-C0DA9B869C16} = {CE47DE38-6B78-314C-9779-ECD877D27D55}
		{57162712-90A5-397D-92FE-8DB06BFC10C9} = {82D6293F-5421-34E2-B05E-F869EE993DAC}
		{90E9189E-69DC-38E3-B388-9806F5B3481B} = {82D6293F-5421-34E2-B05E-F869EE993DAC}
		{F099D3C0-DED3-39BF-9CE6-A5E1D354323A} = {82D6293F-5421-34E2-B05E-F869EE993DAC}
		{98E72595-0A06-3F7D-9F50-8C6E69AB854F} = {48F920F5-2634-3701-A3EB-EAB330ABBEE8}
		{A1AB47E7-ADF8-3F3D-A84A-E8BFC791FE6C} = {48F920F5-2634-3701-A3EB-EAB330ABBEE8}
		{8F4937CA-884E-387F-98F2-61FA27BF8CF7} = {48F920F5-2634-3701-A3EB-EAB330ABBEE8}
		{EB7C9BCF-6E10-3A6E-B8BE-23CD022F7BE5} = {48F920F5-2634-3701-A3EB-EAB330ABBEE8}
		{C095F40E-D66D-3683-A6FB-9F299DDC461C} = {48F920F5-2634-3701-A3EB-EAB330ABBEE8}
		{7C6E4BFB-4F1D-3948-8E55-74F35B341B5F} = {48F920F5-2634-3701-A3EB-EAB330ABBEE8}
		{037E9CEA-AA3F-3173-9CCE-047F2B006191} = {48F920F5-2634-3701-A3EB-EAB330ABBEE8}
		{27F3C70F-CF0A-3930-A42F-2230C862B870} = {48F920F5-2634-3701-A3EB-EAB330ABBEE8}
		{F2B52B5E-100A-3A91-B88A-6C8D81E40B6E} = {48F920F5-2634-3701-A3EB-EAB330ABBEE8}
		{51D7DB20-1F55-358D-92F4-FECCA8044E6E} = {48F920F5-2634-3701-A3EB-EAB330ABBEE8}
		{39835506-DAF6-3AA1-BFDD-6703237702DC} = {48F920F5-2634-3701-A3EB-EAB330ABBEE8}
		{DF7778BD-4A02-3080-8402-762951E95D31} = {48F920F5-2634-3701-A3EB-EAB330ABBEE8}
		{5D076B82-BE07-355C-AD8D-752AB786431D} = {48F920F5-2634-3701-A3EB-EAB330ABBEE8}
		{D8618EF1-9A7C-3F81-88A7-8952241E2410} = {48F920F5-2634-3701-A3EB-EAB330ABBEE8}
		{A0D9FEC1-DFA4-3D06-8A13-B60992DFE07B} = {48F920F5-2634-3701-A3EB-EAB330ABBEE8}
		{5965FF8E-05C7-33A9-9E12-0B11612DF489} = {48F920F5-2634-3701-A3EB-EAB330ABBEE8}
		{9FA09EB6-BB20-35C5-B678-2498886276EA} = {D304267E-FDBD-35EE-882C-12256A377433}
		{C24A41C0-98E5-35A5-92AD-FB32D4EECA21} = {D304267E-FDBD-35EE-882C-12256A377433}
		{0AF41CC5-AC05-3052-90B8-092C3B4F1D06} = {D304267E-FDBD-35EE-882C-12256A377433}
		{B29356A8-0AE1-3032-AA12-FBB4B543D8EB} = {D304267E-FDBD-35EE-882C-12256A377433}
		{5938417C-1B62-3673-B01D-82385B941FBF} = {D304267E-FDBD-35EE-882C-12256A377433}
		{EAACDD93-8EBD-3813-A29F-B9F691FAF2B7} = {D304267E-FDBD-35EE-882C-12256A377433}
		{2EE2B042-78DE-3416-86C9-0B2ADC54A790} = {D304267E-FDBD-35EE-882C-12256A377433}
		{FEBD271F-7030-358C-A035-CEA9074E4340} = {D304267E-FDBD-35EE-882C-12256A377433}
		{381EB78C-E907-3C32-8F16-7FF1251D0111} = {D304267E-FDBD-35EE-882C-12256A377433}
		{7F02114D-8C9E-383C-B4DF-7EF0CA30954D} = {D304267E-FDBD-35EE-882C-12256A377433}
		{479559C0-1192-3972-8853-3701133C8712} = {D304267E-FDBD-35EE-882C-12256A377433}
		{D81FF70D-875A-3BE1-BDAA-D05077BDC972} = {D304267E-FDBD-35EE-882C-12256A377433}
		{0F4B57E3-97CC-3524-9363-DDF7CC4C2775} = {D304267E-FDBD-35EE-882C-12256A377433}
		{3BA84929-3E5A-39CD-B3AA-65FBEB8E4C74} = {D304267E-FDBD-35EE-882C-12256A377433}
		{A7CAB709-4E2A-3A07-A855-8B8A2B445D27} = {D304267E-FDBD-35EE-882C-12256A377433}
		{C12E855D-F9FC-3589-932E-389B0DC5A87C} = {D6E960C6-C0E6-3BA6-B03B-B041FDAC8425}
		{BEDB93F8-3E56-37FA-A0BD-51B318453623} = {D6E960C6-C0E6-3BA6-B03B-B041FDAC8425}
		{B990BFBC-30AC-3D08-B1E5-2341BC410805} = {D6E960C6-C0E6-3BA6-B03B-B041FDAC8425}
		{58238654-A4E5-33E2-B647-1065BD6B1767} = {D6E960C6-C0E6-3BA6-B03B-B041FDAC8425}
		{7775C00A-B6F3-346F-A8BE-51AC940DCEB0} = {D6E960C6-C0E6-3BA6-B03B-B041FDAC8425}
		{A5FBA999-5C7D-3B70-808B-F237DC8D97D8} = {D6E960C6-C0E6-3BA6-B03B-B041FDAC8425}
		{9704CE3F-5F39-34C8-B322-E1822E0320CD} = {D6E960C6-C0E6-3BA6-B03B-B041FDAC8425}
		{A3802B35-AB93-3954-BE68-4BAD044F9F57} = {D6E960C6-C0E6-3BA6-B03B-B041FDAC8425}
		{F2FF436F-CBAB-3A75-BCF3-D71A7FBCB5D6} = {D6E960C6-C0E6-3BA6-B03B-B041FDAC8425}
		{37078570-7347-32C2-9C03-BF040D66884E} = {D6E960C6-C0E6-3BA6-B03B-B041FDAC8425}
		{4FE66962-A927-3D58-BE8E-22918E05D133} = {D6E960C6-C0E6-3BA6-B03B-B041FDAC8425}
		{11C2933D-5405-3AA1-8AB7-40B58CC1D9AE} = {D6E960C6-C0E6-3BA6-B03B-B041FDAC8425}
	EndGlobalSection
	GlobalSection(ExtensibilityGlobals) = postSolution
		SolutionGuid = {132D18F9-D8DB-34D7-8C7A-A5F0E9FA0C2C}
	EndGlobalSection
	GlobalSection(ExtensibilityAddIns) = postSolution
	EndGlobalSection
EndGlobal
