<?xml version="1.0" encoding="utf-8"?>
<Project ToolsVersion="17.0" xmlns="http://schemas.microsoft.com/developer/msbuild/2003">
  <ItemGroup>
    <ClCompile Include="C:\Users\rkiss\OneDrive\Documents\GitHub\autononymous.github.io\source\opencv2\modules\gapi\CMakeFiles\opencv_perf_gapi.dir\cmake_pch.cxx">
      <Filter>Source Files</Filter>
    </ClCompile>
    <ClCompile Include="C:\OpenCV\modules\gapi\perf\common\gapi_core_perf_tests.cpp">
      <Filter>Src\common</Filter>
    </ClCompile>
    <ClCompile Include="C:\OpenCV\modules\gapi\perf\common\gapi_imgproc_perf_tests.cpp">
      <Filter>Src\common</Filter>
    </ClCompile>
    <ClCompile Include="C:\OpenCV\modules\gapi\perf\common\gapi_render_perf_tests.cpp">
      <Filter>Src\common</Filter>
    </ClCompile>
    <ClCompile Include="C:\OpenCV\modules\gapi\perf\common\gapi_video_perf_tests.cpp">
      <Filter>Src\common</Filter>
    </ClCompile>
    <ClCompile Include="C:\OpenCV\modules\gapi\perf\cpu\gapi_core_perf_tests_cpu.cpp">
      <Filter>Src\cpu</Filter>
    </ClCompile>
    <ClCompile Include="C:\OpenCV\modules\gapi\perf\cpu\gapi_core_perf_tests_fluid.cpp">
      <Filter>Src\cpu</Filter>
    </ClCompile>
    <ClCompile Include="C:\OpenCV\modules\gapi\perf\cpu\gapi_imgproc_perf_tests_cpu.cpp">
      <Filter>Src\cpu</Filter>
    </ClCompile>
    <ClCompile Include="C:\OpenCV\modules\gapi\perf\cpu\gapi_imgproc_perf_tests_fluid.cpp">
      <Filter>Src\cpu</Filter>
    </ClCompile>
    <ClCompile Include="C:\OpenCV\modules\gapi\perf\cpu\gapi_video_perf_tests_cpu.cpp">
      <Filter>Src\cpu</Filter>
    </ClCompile>
    <ClCompile Include="C:\OpenCV\modules\gapi\perf\gpu\gapi_core_perf_tests_gpu.cpp">
      <Filter>Src\gpu</Filter>
    </ClCompile>
    <ClCompile Include="C:\OpenCV\modules\gapi\perf\gpu\gapi_imgproc_perf_tests_gpu.cpp">
      <Filter>Src\gpu</Filter>
    </ClCompile>
    <ClCompile Include="C:\OpenCV\modules\gapi\perf\internal\gapi_compiler_perf_tests.cpp">
      <Filter>Src\internal</Filter>
    </ClCompile>
    <ClCompile Include="C:\OpenCV\modules\gapi\perf\perf_bench.cpp">
      <Filter>Src</Filter>
    </ClCompile>
    <ClCompile Include="C:\OpenCV\modules\gapi\perf\perf_main.cpp">
      <Filter>Src</Filter>
    </ClCompile>
    <ClCompile Include="C:\OpenCV\modules\gapi\perf\render\gapi_render_perf_tests_ocv.cpp">
      <Filter>Src\render</Filter>
    </ClCompile>
    <ClCompile Include="C:\OpenCV\modules\gapi\perf\streaming\gapi_streaming_source_perf_tests.cpp">
      <Filter>Src\streaming</Filter>
    </ClCompile>
  </ItemGroup>
  <ItemGroup>
    <ClInclude Include="C:\OpenCV\modules\gapi\perf\common\gapi_core_perf_tests.hpp">
      <Filter>Include\common</Filter>
    </ClInclude>
    <ClInclude Include="C:\OpenCV\modules\gapi\perf\common\gapi_core_perf_tests_inl.hpp">
      <Filter>Include\common</Filter>
    </ClInclude>
    <ClInclude Include="C:\OpenCV\modules\gapi\perf\common\gapi_imgproc_perf_tests.hpp">
      <Filter>Include\common</Filter>
    </ClInclude>
    <ClInclude Include="C:\OpenCV\modules\gapi\perf\common\gapi_imgproc_perf_tests_inl.hpp">
      <Filter>Include\common</Filter>
    </ClInclude>
    <ClInclude Include="C:\OpenCV\modules\gapi\perf\common\gapi_render_perf_tests.hpp">
      <Filter>Include\common</Filter>
    </ClInclude>
    <ClInclude Include="C:\OpenCV\modules\gapi\perf\common\gapi_render_perf_tests_inl.hpp">
      <Filter>Include\common</Filter>
    </ClInclude>
    <ClInclude Include="C:\OpenCV\modules\gapi\perf\common\gapi_video_perf_tests.hpp">
      <Filter>Include\common</Filter>
    </ClInclude>
    <ClInclude Include="C:\OpenCV\modules\gapi\perf\common\gapi_video_perf_tests_inl.hpp">
      <Filter>Include\common</Filter>
    </ClInclude>
    <ClInclude Include="C:\OpenCV\modules\gapi\perf\perf_precomp.hpp">
      <Filter>Include</Filter>
    </ClInclude>
    <ClInclude Include="C:\Users\rkiss\OneDrive\Documents\GitHub\autononymous.github.io\source\opencv2\modules\gapi\CMakeFiles\opencv_perf_gapi.dir\cmake_pch.hxx">
      <Filter>Precompile Header File</Filter>
    </ClInclude>
  </ItemGroup>
  <ItemGroup>
    <CustomBuild Include="C:\OpenCV\modules\gapi\CMakeLists.txt" />
  </ItemGroup>
  <ItemGroup>
    <Filter Include="Include">
      <UniqueIdentifier>{CE634D1E-17E5-3BEA-8F25-F6C362340C23}</UniqueIdentifier>
    </Filter>
    <Filter Include="Include\common">
      <UniqueIdentifier>{C9F60533-B645-3A63-8811-8388ED24092A}</UniqueIdentifier>
    </Filter>
    <Filter Include="Precompile Header File">
      <UniqueIdentifier>{92949A78-92D9-3E8F-A811-4E53A2BCB93F}</UniqueIdentifier>
    </Filter>
    <Filter Include="Source Files">
      <UniqueIdentifier>{43979194-D4C6-36BB-B025-E3CABE3021B9}</UniqueIdentifier>
    </Filter>
    <Filter Include="Src">
      <UniqueIdentifier>{B71CFAC7-FFAF-371A-8AF0-DACB2F0B34F2}</UniqueIdentifier>
    </Filter>
    <Filter Include="Src\common">
      <UniqueIdentifier>{55CCB21A-CFA9-38C7-8088-79F8F3DD6133}</UniqueIdentifier>
    </Filter>
    <Filter Include="Src\cpu">
      <UniqueIdentifier>{AB0B0BC6-EA70-3EE9-9130-ACCD4D409547}</UniqueIdentifier>
    </Filter>
    <Filter Include="Src\gpu">
      <UniqueIdentifier>{F725B602-2FD1-378A-947B-4A6F82B2352F}</UniqueIdentifier>
    </Filter>
    <Filter Include="Src\internal">
      <UniqueIdentifier>{15E11AEE-A2A7-3291-BF6C-3CB5186B8A71}</UniqueIdentifier>
    </Filter>
    <Filter Include="Src\render">
      <UniqueIdentifier>{5A6CBFB7-CD13-3D06-A45F-E52288AC8807}</UniqueIdentifier>
    </Filter>
    <Filter Include="Src\streaming">
      <UniqueIdentifier>{CDC57E2E-A493-3889-9E00-3E0805DAA28F}</UniqueIdentifier>
    </Filter>
  </ItemGroup>
</Project>
