<?xml version="1.0" encoding="utf-8"?>
<Project ToolsVersion="17.0" xmlns="http://schemas.microsoft.com/developer/msbuild/2003">
  <ItemGroup>
    <ClCompile Include="C:\Users\rkiss\OneDrive\Documents\GitHub\autononymous.github.io\source\opencv2\modules\objdetect\CMakeFiles\opencv_objdetect.dir\cmake_pch.cxx">
      <Filter>Source Files</Filter>
    </ClCompile>
    <ClCompile Include="C:\OpenCV\modules\objdetect\src\aruco\apriltag\apriltag_quad_thresh.cpp">
      <Filter>Src\aruco\apriltag</Filter>
    </ClCompile>
    <ClCompile Include="C:\OpenCV\modules\objdetect\src\aruco\apriltag\zmaxheap.cpp">
      <Filter>Src\aruco\apriltag</Filter>
    </ClCompile>
    <ClCompile Include="C:\OpenCV\modules\objdetect\src\aruco\aruco_board.cpp">
      <Filter>Src\aruco</Filter>
    </ClCompile>
    <ClCompile Include="C:\OpenCV\modules\objdetect\src\aruco\aruco_detector.cpp">
      <Filter>Src\aruco</Filter>
    </ClCompile>
    <ClCompile Include="C:\OpenCV\modules\objdetect\src\aruco\aruco_dictionary.cpp">
      <Filter>Src\aruco</Filter>
    </ClCompile>
    <ClCompile Include="C:\OpenCV\modules\objdetect\src\aruco\aruco_utils.cpp">
      <Filter>Src\aruco</Filter>
    </ClCompile>
    <ClCompile Include="C:\OpenCV\modules\objdetect\src\aruco\charuco_detector.cpp">
      <Filter>Src\aruco</Filter>
    </ClCompile>
    <ClCompile Include="C:\OpenCV\modules\objdetect\src\barcode.cpp">
      <Filter>Src</Filter>
    </ClCompile>
    <ClCompile Include="C:\OpenCV\modules\objdetect\src\barcode_decoder\abs_decoder.cpp">
      <Filter>Src\barcode_decoder</Filter>
    </ClCompile>
    <ClCompile Include="C:\OpenCV\modules\objdetect\src\barcode_decoder\common\hybrid_binarizer.cpp">
      <Filter>Src\barcode_decoder\common</Filter>
    </ClCompile>
    <ClCompile Include="C:\OpenCV\modules\objdetect\src\barcode_decoder\common\super_scale.cpp">
      <Filter>Src\barcode_decoder\common</Filter>
    </ClCompile>
    <ClCompile Include="C:\OpenCV\modules\objdetect\src\barcode_decoder\common\utils.cpp">
      <Filter>Src\barcode_decoder\common</Filter>
    </ClCompile>
    <ClCompile Include="C:\OpenCV\modules\objdetect\src\barcode_decoder\ean13_decoder.cpp">
      <Filter>Src\barcode_decoder</Filter>
    </ClCompile>
    <ClCompile Include="C:\OpenCV\modules\objdetect\src\barcode_decoder\ean8_decoder.cpp">
      <Filter>Src\barcode_decoder</Filter>
    </ClCompile>
    <ClCompile Include="C:\OpenCV\modules\objdetect\src\barcode_decoder\upcean_decoder.cpp">
      <Filter>Src\barcode_decoder</Filter>
    </ClCompile>
    <ClCompile Include="C:\OpenCV\modules\objdetect\src\barcode_detector\bardetect.cpp">
      <Filter>Src\barcode_detector</Filter>
    </ClCompile>
    <ClCompile Include="C:\OpenCV\modules\objdetect\src\cascadedetect.cpp">
      <Filter>Src</Filter>
    </ClCompile>
    <ClCompile Include="C:\OpenCV\modules\objdetect\src\cascadedetect_convert.cpp">
      <Filter>Src</Filter>
    </ClCompile>
    <ClCompile Include="C:\OpenCV\modules\objdetect\src\detection_based_tracker.cpp">
      <Filter>Src</Filter>
    </ClCompile>
    <ClCompile Include="C:\OpenCV\modules\objdetect\src\face_detect.cpp">
      <Filter>Src</Filter>
    </ClCompile>
    <ClCompile Include="C:\OpenCV\modules\objdetect\src\face_recognize.cpp">
      <Filter>Src</Filter>
    </ClCompile>
    <ClCompile Include="C:\OpenCV\modules\objdetect\src\graphical_code_detector.cpp">
      <Filter>Src</Filter>
    </ClCompile>
    <ClCompile Include="C:\OpenCV\modules\objdetect\src\hog.cpp">
      <Filter>Src</Filter>
    </ClCompile>
    <ClCompile Include="C:\OpenCV\modules\objdetect\src\main.cpp">
      <Filter>Src</Filter>
    </ClCompile>
    <ClCompile Include="C:\OpenCV\modules\objdetect\src\qrcode.cpp">
      <Filter>Src</Filter>
    </ClCompile>
    <ClCompile Include="C:\OpenCV\modules\objdetect\src\qrcode_encoder.cpp">
      <Filter>Src</Filter>
    </ClCompile>
    <ClCompile Include="C:\Users\rkiss\OneDrive\Documents\GitHub\autononymous.github.io\source\opencv2\modules\objdetect\opencl_kernels_objdetect.cpp">
      <Filter>Src\opencl\kernels\autogenerated</Filter>
    </ClCompile>
    <ClCompile Include="C:\Users\rkiss\OneDrive\Documents\GitHub\autononymous.github.io\source\opencv2\modules\objdetect\opencv_objdetect_main.cpp">
      <Filter>Source Files</Filter>
    </ClCompile>
  </ItemGroup>
  <ItemGroup>
    <ClInclude Include="C:\OpenCV\modules\objdetect\include\opencv2\objdetect.hpp">
      <Filter>Include\opencv2</Filter>
    </ClInclude>
    <ClInclude Include="C:\OpenCV\modules\objdetect\include\opencv2\objdetect\aruco_board.hpp">
      <Filter>Include\opencv2\objdetect</Filter>
    </ClInclude>
    <ClInclude Include="C:\OpenCV\modules\objdetect\include\opencv2\objdetect\aruco_detector.hpp">
      <Filter>Include\opencv2\objdetect</Filter>
    </ClInclude>
    <ClInclude Include="C:\OpenCV\modules\objdetect\include\opencv2\objdetect\aruco_dictionary.hpp">
      <Filter>Include\opencv2\objdetect</Filter>
    </ClInclude>
    <ClInclude Include="C:\OpenCV\modules\objdetect\include\opencv2\objdetect\barcode.hpp">
      <Filter>Include\opencv2\objdetect</Filter>
    </ClInclude>
    <ClInclude Include="C:\OpenCV\modules\objdetect\include\opencv2\objdetect\charuco_detector.hpp">
      <Filter>Include\opencv2\objdetect</Filter>
    </ClInclude>
    <ClInclude Include="C:\OpenCV\modules\objdetect\include\opencv2\objdetect\detection_based_tracker.hpp">
      <Filter>Include\opencv2\objdetect</Filter>
    </ClInclude>
    <ClInclude Include="C:\OpenCV\modules\objdetect\include\opencv2\objdetect\face.hpp">
      <Filter>Include\opencv2\objdetect</Filter>
    </ClInclude>
    <ClInclude Include="C:\OpenCV\modules\objdetect\include\opencv2\objdetect\graphical_code_detector.hpp">
      <Filter>Include\opencv2\objdetect</Filter>
    </ClInclude>
    <ClInclude Include="C:\OpenCV\modules\objdetect\include\opencv2\objdetect\objdetect.hpp">
      <Filter>Include\opencv2\objdetect</Filter>
    </ClInclude>
    <ClInclude Include="C:\Users\rkiss\OneDrive\Documents\GitHub\autononymous.github.io\source\opencv2\modules\objdetect\opencl_kernels_objdetect.hpp">
      <Filter>Src\opencl\kernels\autogenerated</Filter>
    </ClInclude>
    <ClInclude Include="C:\OpenCV\modules\objdetect\src\aruco\apriltag\apriltag_quad_thresh.hpp">
      <Filter>Src\aruco\apriltag</Filter>
    </ClInclude>
    <ClInclude Include="C:\OpenCV\modules\objdetect\src\aruco\apriltag\predefined_dictionaries_apriltag.hpp">
      <Filter>Src\aruco\apriltag</Filter>
    </ClInclude>
    <ClInclude Include="C:\OpenCV\modules\objdetect\src\aruco\apriltag\unionfind.hpp">
      <Filter>Src\aruco\apriltag</Filter>
    </ClInclude>
    <ClInclude Include="C:\OpenCV\modules\objdetect\src\aruco\apriltag\zarray.hpp">
      <Filter>Src\aruco\apriltag</Filter>
    </ClInclude>
    <ClInclude Include="C:\OpenCV\modules\objdetect\src\aruco\apriltag\zmaxheap.hpp">
      <Filter>Src\aruco\apriltag</Filter>
    </ClInclude>
    <ClInclude Include="C:\OpenCV\modules\objdetect\src\aruco\aruco_utils.hpp">
      <Filter>Src\aruco</Filter>
    </ClInclude>
    <ClInclude Include="C:\OpenCV\modules\objdetect\src\aruco\predefined_dictionaries.hpp">
      <Filter>Src\aruco</Filter>
    </ClInclude>
    <ClInclude Include="C:\OpenCV\modules\objdetect\src\barcode_decoder\abs_decoder.hpp">
      <Filter>Src\barcode_decoder</Filter>
    </ClInclude>
    <ClInclude Include="C:\OpenCV\modules\objdetect\src\barcode_decoder\common\hybrid_binarizer.hpp">
      <Filter>Src\barcode_decoder\common</Filter>
    </ClInclude>
    <ClInclude Include="C:\OpenCV\modules\objdetect\src\barcode_decoder\common\super_scale.hpp">
      <Filter>Src\barcode_decoder\common</Filter>
    </ClInclude>
    <ClInclude Include="C:\OpenCV\modules\objdetect\src\barcode_decoder\common\utils.hpp">
      <Filter>Src\barcode_decoder\common</Filter>
    </ClInclude>
    <ClInclude Include="C:\OpenCV\modules\objdetect\src\barcode_decoder\ean13_decoder.hpp">
      <Filter>Src\barcode_decoder</Filter>
    </ClInclude>
    <ClInclude Include="C:\OpenCV\modules\objdetect\src\barcode_decoder\ean8_decoder.hpp">
      <Filter>Src\barcode_decoder</Filter>
    </ClInclude>
    <ClInclude Include="C:\OpenCV\modules\objdetect\src\barcode_decoder\upcean_decoder.hpp">
      <Filter>Src\barcode_decoder</Filter>
    </ClInclude>
    <ClInclude Include="C:\OpenCV\modules\objdetect\src\barcode_detector\bardetect.hpp">
      <Filter>Src\barcode_detector</Filter>
    </ClInclude>
    <ClInclude Include="C:\OpenCV\modules\objdetect\src\cascadedetect.hpp">
      <Filter>Src</Filter>
    </ClInclude>
    <ClInclude Include="C:\OpenCV\modules\objdetect\src\graphical_code_detector_impl.hpp">
      <Filter>Src</Filter>
    </ClInclude>
    <ClInclude Include="C:\OpenCV\modules\objdetect\src\precomp.hpp">
      <Filter>Src</Filter>
    </ClInclude>
    <ClInclude Include="C:\OpenCV\modules\objdetect\src\qrcode_encoder_table.inl.hpp">
      <Filter>Src</Filter>
    </ClInclude>
    <ClInclude Include="C:\Users\rkiss\OneDrive\Documents\GitHub\autononymous.github.io\source\opencv2\cvconfig.h">
      <Filter>Include</Filter>
    </ClInclude>
    <ClInclude Include="C:\Users\rkiss\OneDrive\Documents\GitHub\autononymous.github.io\source\opencv2\opencv2\opencv_modules.hpp">
      <Filter>Include</Filter>
    </ClInclude>
    <ClInclude Include="C:\Users\rkiss\OneDrive\Documents\GitHub\autononymous.github.io\source\opencv2\modules\objdetect\CMakeFiles\opencv_objdetect.dir\cmake_pch.hxx">
      <Filter>Precompile Header File</Filter>
    </ClInclude>
  </ItemGroup>
  <ItemGroup>
    <CustomBuild Include="\CMakeFiles\759466f6ad16fd8d8d9d32dae31fd456\opencl_kernels_objdetect.cpp.rule">
      <Filter>CMake Rules</Filter>
    </CustomBuild>
    <CustomBuild Include="C:\OpenCV\modules\objdetect\CMakeLists.txt" />
  </ItemGroup>
  <ItemGroup>
    <None Include="C:\OpenCV\modules\objdetect\src\opencl\cascadedetect.cl">
      <Filter>Src\opencl\kernels</Filter>
    </None>
    <None Include="C:\OpenCV\modules\objdetect\src\opencl\objdetect_hog.cl">
      <Filter>Src\opencl\kernels</Filter>
    </None>
  </ItemGroup>
  <ItemGroup>
    <ResourceCompile Include="C:\Users\rkiss\OneDrive\Documents\GitHub\autononymous.github.io\source\opencv2\modules\objdetect\vs_version.rc">
      <Filter>Src</Filter>
    </ResourceCompile>
  </ItemGroup>
  <ItemGroup>
    <Filter Include="CMake Rules">
      <UniqueIdentifier>{10D4A8B5-0E1B-3F7B-9CD7-F2AD99490CB9}</UniqueIdentifier>
    </Filter>
    <Filter Include="Include">
      <UniqueIdentifier>{CE634D1E-17E5-3BEA-8F25-F6C362340C23}</UniqueIdentifier>
    </Filter>
    <Filter Include="Include\opencv2">
      <UniqueIdentifier>{C1832CC3-8EB8-3969-BD2B-169A1D8E49FE}</UniqueIdentifier>
    </Filter>
    <Filter Include="Include\opencv2\objdetect">
      <UniqueIdentifier>{5D215C3A-846D-3FF8-ADD6-35C7F0C062E3}</UniqueIdentifier>
    </Filter>
    <Filter Include="Precompile Header File">
      <UniqueIdentifier>{92949A78-92D9-3E8F-A811-4E53A2BCB93F}</UniqueIdentifier>
    </Filter>
    <Filter Include="Source Files">
      <UniqueIdentifier>{43979194-D4C6-36BB-B025-E3CABE3021B9}</UniqueIdentifier>
    </Filter>
    <Filter Include="Src">
      <UniqueIdentifier>{B71CFAC7-FFAF-371A-8AF0-DACB2F0B34F2}</UniqueIdentifier>
    </Filter>
    <Filter Include="Src\aruco">
      <UniqueIdentifier>{3FF7CCFF-6240-316C-B2AA-2FAAE2B2AF3F}</UniqueIdentifier>
    </Filter>
    <Filter Include="Src\aruco\apriltag">
      <UniqueIdentifier>{4C23E06A-8A46-3EF8-9AE0-ABCEABAE0644}</UniqueIdentifier>
    </Filter>
    <Filter Include="Src\barcode_decoder">
      <UniqueIdentifier>{A619AD80-3F2E-3D49-A963-8FC353472086}</UniqueIdentifier>
    </Filter>
    <Filter Include="Src\barcode_decoder\common">
      <UniqueIdentifier>{71AD5CA7-F644-3136-A5DA-08AC953C4BC7}</UniqueIdentifier>
    </Filter>
    <Filter Include="Src\barcode_detector">
      <UniqueIdentifier>{F3EFA9A1-8E37-3E76-B4BF-A46D0CDC1280}</UniqueIdentifier>
    </Filter>
    <Filter Include="Src\opencl">
      <UniqueIdentifier>{18257696-3FF5-3B1A-B917-D7D8584BEEF4}</UniqueIdentifier>
    </Filter>
    <Filter Include="Src\opencl\kernels">
      <UniqueIdentifier>{AF5FC3E5-EF1C-3A22-BD31-B9F66CF5F8EE}</UniqueIdentifier>
    </Filter>
    <Filter Include="Src\opencl\kernels\autogenerated">
      <UniqueIdentifier>{167CE7A5-44AE-3A8A-B528-8FAA68EF97F9}</UniqueIdentifier>
    </Filter>
  </ItemGroup>
</Project>
